// !$*UTF8*$!
{
	archiveVersion = 1;
	classes = {
	};
	objectVersion = 46;
	objects = {

/* Begin PBXBuildFile section */
		040F8E481DA5755000B6C99D /* JWTBase64Coder.m in Sources */ = {isa = PBXBuildFile; fileRef = 040F8E471DA5755000B6C99D /* JWTBase64Coder.m */; };
		040F8E491DA5761B00B6C99D /* JWTBase64Coder.m in Sources */ = {isa = PBXBuildFile; fileRef = 040F8E471DA5755000B6C99D /* JWTBase64Coder.m */; };
		040F8E4A1DA5761C00B6C99D /* JWTBase64Coder.m in Sources */ = {isa = PBXBuildFile; fileRef = 040F8E471DA5755000B6C99D /* JWTBase64Coder.m */; };
		040F8E4B1DA576D800B6C99D /* JWTBase64Coder.h in Headers */ = {isa = PBXBuildFile; fileRef = 040F8E461DA5755000B6C99D /* JWTBase64Coder.h */; settings = {ATTRIBUTES = (Public, ); }; };
		040F8E4C1DA576D900B6C99D /* JWTBase64Coder.h in Headers */ = {isa = PBXBuildFile; fileRef = 040F8E461DA5755000B6C99D /* JWTBase64Coder.h */; settings = {ATTRIBUTES = (Public, ); }; };
		040F8E4D1DA576F900B6C99D /* JWTBase64Coder.h in CopyFiles */ = {isa = PBXBuildFile; fileRef = 040F8E461DA5755000B6C99D /* JWTBase64Coder.h */; };
		040F8E4E1DA576F900B6C99D /* JWTDeprecations.h in CopyFiles */ = {isa = PBXBuildFile; fileRef = 04AE0E7D1D76E3CD001AE8F2 /* JWTDeprecations.h */; };
		043F62F51DA1877E00ADDF97 /* JWTAlgorithmDataHolderChain.m in Sources */ = {isa = PBXBuildFile; fileRef = 043F62F41DA1877E00ADDF97 /* JWTAlgorithmDataHolderChain.m */; };
		045146A71D5E2B1B007B1D7A /* JWTAlgorithmFactory.m in Sources */ = {isa = PBXBuildFile; fileRef = 045145E61D5E243D007B1D7A /* JWTAlgorithmFactory.m */; };
		045146A91D5E2B1B007B1D7A /* JWTAlgorithmNone.m in Sources */ = {isa = PBXBuildFile; fileRef = 045145E81D5E243D007B1D7A /* JWTAlgorithmNone.m */; };
		045146AB1D5E2B1B007B1D7A /* JWTAlgorithmHS256.m in Sources */ = {isa = PBXBuildFile; fileRef = 045145EB1D5E243D007B1D7A /* JWTAlgorithmHS256.m */; };
		045146AD1D5E2B1B007B1D7A /* JWTAlgorithmHS384.m in Sources */ = {isa = PBXBuildFile; fileRef = 045145ED1D5E243D007B1D7A /* JWTAlgorithmHS384.m */; };
		045146AF1D5E2B1B007B1D7A /* JWTAlgorithmHS512.m in Sources */ = {isa = PBXBuildFile; fileRef = 045145EF1D5E243D007B1D7A /* JWTAlgorithmHS512.m */; };
		045146B11D5E2B1B007B1D7A /* JWTAlgorithmHSBase.m in Sources */ = {isa = PBXBuildFile; fileRef = 045145F11D5E243D007B1D7A /* JWTAlgorithmHSBase.m */; };
		045146B71D5E2B1B007B1D7A /* JWTAlgorithmRSBase.m in Sources */ = {isa = PBXBuildFile; fileRef = 045145F81D5E243D007B1D7A /* JWTAlgorithmRSBase.m */; };
		045146BA1D5E2B1B007B1D7A /* JWTClaim.m in Sources */ = {isa = PBXBuildFile; fileRef = 045145FC1D5E243D007B1D7A /* JWTClaim.m */; };
		045146BC1D5E2B1B007B1D7A /* JWTClaimsSet.m in Sources */ = {isa = PBXBuildFile; fileRef = 045145FE1D5E243D007B1D7A /* JWTClaimsSet.m */; };
		045146BE1D5E2B1B007B1D7A /* JWTClaimsSetSerializer.m in Sources */ = {isa = PBXBuildFile; fileRef = 045146001D5E243D007B1D7A /* JWTClaimsSetSerializer.m */; };
		045146C01D5E2B1B007B1D7A /* JWTClaimsSetVerifier.m in Sources */ = {isa = PBXBuildFile; fileRef = 045146021D5E243D007B1D7A /* JWTClaimsSetVerifier.m */; };
		045146C41D5E2B7A007B1D7A /* JWTAlgorithm.h in CopyFiles */ = {isa = PBXBuildFile; fileRef = 045145E41D5E243D007B1D7A /* JWTAlgorithm.h */; };
		045146C51D5E2B7A007B1D7A /* JWTAlgorithmFactory.h in CopyFiles */ = {isa = PBXBuildFile; fileRef = 045145E51D5E243D007B1D7A /* JWTAlgorithmFactory.h */; };
		045146C71D5E2B7A007B1D7A /* JWTAlgorithmNone.h in CopyFiles */ = {isa = PBXBuildFile; fileRef = 045145E71D5E243D007B1D7A /* JWTAlgorithmNone.h */; };
		045146C91D5E2B7A007B1D7A /* JWTAlgorithmHS256.h in CopyFiles */ = {isa = PBXBuildFile; fileRef = 045145EA1D5E243D007B1D7A /* JWTAlgorithmHS256.h */; };
		045146CB1D5E2B7A007B1D7A /* JWTAlgorithmHS384.h in CopyFiles */ = {isa = PBXBuildFile; fileRef = 045145EC1D5E243D007B1D7A /* JWTAlgorithmHS384.h */; };
		045146CD1D5E2B7A007B1D7A /* JWTAlgorithmHS512.h in CopyFiles */ = {isa = PBXBuildFile; fileRef = 045145EE1D5E243D007B1D7A /* JWTAlgorithmHS512.h */; };
		045146CF1D5E2B7A007B1D7A /* JWTAlgorithmHSBase.h in CopyFiles */ = {isa = PBXBuildFile; fileRef = 045145F01D5E243D007B1D7A /* JWTAlgorithmHSBase.h */; };
		045146D51D5E2B7A007B1D7A /* JWTAlgorithmRSBase.h in CopyFiles */ = {isa = PBXBuildFile; fileRef = 045145F71D5E243D007B1D7A /* JWTAlgorithmRSBase.h */; };
		045146D71D5E2B7A007B1D7A /* JWTRSAlgorithm.h in CopyFiles */ = {isa = PBXBuildFile; fileRef = 045145F91D5E243D007B1D7A /* JWTRSAlgorithm.h */; };
		045146D81D5E2B7A007B1D7A /* JWTClaim.h in CopyFiles */ = {isa = PBXBuildFile; fileRef = 045145FB1D5E243D007B1D7A /* JWTClaim.h */; };
		045146DA1D5E2B7A007B1D7A /* JWTClaimsSet.h in CopyFiles */ = {isa = PBXBuildFile; fileRef = 045145FD1D5E243D007B1D7A /* JWTClaimsSet.h */; };
		045146DC1D5E2B7A007B1D7A /* JWTClaimsSetSerializer.h in CopyFiles */ = {isa = PBXBuildFile; fileRef = 045145FF1D5E243D007B1D7A /* JWTClaimsSetSerializer.h */; };
		045146DE1D5E2B7A007B1D7A /* JWTClaimsSetVerifier.h in CopyFiles */ = {isa = PBXBuildFile; fileRef = 045146011D5E243D007B1D7A /* JWTClaimsSetVerifier.h */; };
		045146E61D5E2C1B007B1D7A /* JWTAlgorithmFactory.m in Sources */ = {isa = PBXBuildFile; fileRef = 045145E61D5E243D007B1D7A /* JWTAlgorithmFactory.m */; };
		045146E81D5E2C1B007B1D7A /* JWTAlgorithmNone.m in Sources */ = {isa = PBXBuildFile; fileRef = 045145E81D5E243D007B1D7A /* JWTAlgorithmNone.m */; };
		045146EA1D5E2C1B007B1D7A /* JWTAlgorithmHS256.m in Sources */ = {isa = PBXBuildFile; fileRef = 045145EB1D5E243D007B1D7A /* JWTAlgorithmHS256.m */; };
		045146EC1D5E2C1B007B1D7A /* JWTAlgorithmHS384.m in Sources */ = {isa = PBXBuildFile; fileRef = 045145ED1D5E243D007B1D7A /* JWTAlgorithmHS384.m */; };
		045146EE1D5E2C1B007B1D7A /* JWTAlgorithmHS512.m in Sources */ = {isa = PBXBuildFile; fileRef = 045145EF1D5E243D007B1D7A /* JWTAlgorithmHS512.m */; };
		045146F01D5E2C1B007B1D7A /* JWTAlgorithmHSBase.m in Sources */ = {isa = PBXBuildFile; fileRef = 045145F11D5E243D007B1D7A /* JWTAlgorithmHSBase.m */; };
		045146F61D5E2C1B007B1D7A /* JWTAlgorithmRSBase.m in Sources */ = {isa = PBXBuildFile; fileRef = 045145F81D5E243D007B1D7A /* JWTAlgorithmRSBase.m */; };
		045146F91D5E2C1B007B1D7A /* JWTClaim.m in Sources */ = {isa = PBXBuildFile; fileRef = 045145FC1D5E243D007B1D7A /* JWTClaim.m */; };
		045146FB1D5E2C1B007B1D7A /* JWTClaimsSet.m in Sources */ = {isa = PBXBuildFile; fileRef = 045145FE1D5E243D007B1D7A /* JWTClaimsSet.m */; };
		045146FD1D5E2C1B007B1D7A /* JWTClaimsSetSerializer.m in Sources */ = {isa = PBXBuildFile; fileRef = 045146001D5E243D007B1D7A /* JWTClaimsSetSerializer.m */; };
		045146FF1D5E2C1B007B1D7A /* JWTClaimsSetVerifier.m in Sources */ = {isa = PBXBuildFile; fileRef = 045146021D5E243D007B1D7A /* JWTClaimsSetVerifier.m */; };
		045147041D5E2C2B007B1D7A /* JWTAlgorithm.h in Headers */ = {isa = PBXBuildFile; fileRef = 045145E41D5E243D007B1D7A /* JWTAlgorithm.h */; settings = {ATTRIBUTES = (Public, ); }; };
		045147051D5E2C2B007B1D7A /* JWTAlgorithmFactory.h in Headers */ = {isa = PBXBuildFile; fileRef = 045145E51D5E243D007B1D7A /* JWTAlgorithmFactory.h */; settings = {ATTRIBUTES = (Public, ); }; };
		045147071D5E2C2B007B1D7A /* JWTAlgorithmNone.h in Headers */ = {isa = PBXBuildFile; fileRef = 045145E71D5E243D007B1D7A /* JWTAlgorithmNone.h */; settings = {ATTRIBUTES = (Public, ); }; };
		045147091D5E2C2B007B1D7A /* JWTAlgorithmHS256.h in Headers */ = {isa = PBXBuildFile; fileRef = 045145EA1D5E243D007B1D7A /* JWTAlgorithmHS256.h */; settings = {ATTRIBUTES = (Public, ); }; };
		0451470B1D5E2C2B007B1D7A /* JWTAlgorithmHS384.h in Headers */ = {isa = PBXBuildFile; fileRef = 045145EC1D5E243D007B1D7A /* JWTAlgorithmHS384.h */; settings = {ATTRIBUTES = (Public, ); }; };
		0451470D1D5E2C2B007B1D7A /* JWTAlgorithmHS512.h in Headers */ = {isa = PBXBuildFile; fileRef = 045145EE1D5E243D007B1D7A /* JWTAlgorithmHS512.h */; settings = {ATTRIBUTES = (Public, ); }; };
		0451470F1D5E2C2B007B1D7A /* JWTAlgorithmHSBase.h in Headers */ = {isa = PBXBuildFile; fileRef = 045145F01D5E243D007B1D7A /* JWTAlgorithmHSBase.h */; settings = {ATTRIBUTES = (Public, ); }; };
		045147151D5E2C2B007B1D7A /* JWTAlgorithmRSBase.h in Headers */ = {isa = PBXBuildFile; fileRef = 045145F71D5E243D007B1D7A /* JWTAlgorithmRSBase.h */; settings = {ATTRIBUTES = (Public, ); }; };
		045147171D5E2C2B007B1D7A /* JWTRSAlgorithm.h in Headers */ = {isa = PBXBuildFile; fileRef = 045145F91D5E243D007B1D7A /* JWTRSAlgorithm.h */; settings = {ATTRIBUTES = (Public, ); }; };
		045147181D5E2C2B007B1D7A /* JWTClaim.h in Headers */ = {isa = PBXBuildFile; fileRef = 045145FB1D5E243D007B1D7A /* JWTClaim.h */; settings = {ATTRIBUTES = (Public, ); }; };
		0451471A1D5E2C2B007B1D7A /* JWTClaimsSet.h in Headers */ = {isa = PBXBuildFile; fileRef = 045145FD1D5E243D007B1D7A /* JWTClaimsSet.h */; settings = {ATTRIBUTES = (Public, ); }; };
		0451471C1D5E2C2B007B1D7A /* JWTClaimsSetSerializer.h in Headers */ = {isa = PBXBuildFile; fileRef = 045145FF1D5E243D007B1D7A /* JWTClaimsSetSerializer.h */; settings = {ATTRIBUTES = (Public, ); }; };
		0451471E1D5E2C2B007B1D7A /* JWTClaimsSetVerifier.h in Headers */ = {isa = PBXBuildFile; fileRef = 045146011D5E243D007B1D7A /* JWTClaimsSetVerifier.h */; settings = {ATTRIBUTES = (Public, ); }; };
		049C95731DEAFB3B008839C8 /* JWTCoding+VersionOne.h in Headers */ = {isa = PBXBuildFile; fileRef = 049C95711DEAFB3B008839C8 /* JWTCoding+VersionOne.h */; settings = {ATTRIBUTES = (Public, ); }; };
		049C95741DEAFB3B008839C8 /* JWTCoding+VersionOne.m in Sources */ = {isa = PBXBuildFile; fileRef = 049C95721DEAFB3B008839C8 /* JWTCoding+VersionOne.m */; };
		049C95771DEAFB72008839C8 /* JWTErrorDescription.h in Headers */ = {isa = PBXBuildFile; fileRef = 049C95751DEAFB72008839C8 /* JWTErrorDescription.h */; settings = {ATTRIBUTES = (Public, ); }; };
		049C95781DEAFB72008839C8 /* JWTErrorDescription.m in Sources */ = {isa = PBXBuildFile; fileRef = 049C95761DEAFB72008839C8 /* JWTErrorDescription.m */; };
		049C957B1DEAFD22008839C8 /* JWTCoding+VersionTwo.h in Headers */ = {isa = PBXBuildFile; fileRef = 049C95791DEAFD22008839C8 /* JWTCoding+VersionTwo.h */; settings = {ATTRIBUTES = (Public, ); }; };
		049C957C1DEAFD22008839C8 /* JWTCoding+VersionTwo.m in Sources */ = {isa = PBXBuildFile; fileRef = 049C957A1DEAFD22008839C8 /* JWTCoding+VersionTwo.m */; };
		049C957D1DEAFE6C008839C8 /* JWTErrorDescription.h in Headers */ = {isa = PBXBuildFile; fileRef = 049C95751DEAFB72008839C8 /* JWTErrorDescription.h */; settings = {ATTRIBUTES = (Public, ); }; };
		049C957E1DEAFE6D008839C8 /* JWTErrorDescription.h in Headers */ = {isa = PBXBuildFile; fileRef = 049C95751DEAFB72008839C8 /* JWTErrorDescription.h */; settings = {ATTRIBUTES = (Public, ); }; };
		049C957F1DEAFE83008839C8 /* JWTCoding+VersionOne.h in Headers */ = {isa = PBXBuildFile; fileRef = 049C95711DEAFB3B008839C8 /* JWTCoding+VersionOne.h */; settings = {ATTRIBUTES = (Public, ); }; };
		049C95801DEAFE84008839C8 /* JWTCoding+VersionOne.h in Headers */ = {isa = PBXBuildFile; fileRef = 049C95711DEAFB3B008839C8 /* JWTCoding+VersionOne.h */; settings = {ATTRIBUTES = (Public, ); }; };
		049C95811DEAFE8E008839C8 /* JWTCoding+VersionTwo.h in Headers */ = {isa = PBXBuildFile; fileRef = 049C95791DEAFD22008839C8 /* JWTCoding+VersionTwo.h */; settings = {ATTRIBUTES = (Public, ); }; };
		049C95821DEAFE8F008839C8 /* JWTCoding+VersionTwo.h in Headers */ = {isa = PBXBuildFile; fileRef = 049C95791DEAFD22008839C8 /* JWTCoding+VersionTwo.h */; settings = {ATTRIBUTES = (Public, ); }; };
		049C95831DEB0003008839C8 /* JWTErrorDescription.m in Sources */ = {isa = PBXBuildFile; fileRef = 049C95761DEAFB72008839C8 /* JWTErrorDescription.m */; };
		049C95841DEB0012008839C8 /* JWTCoding+VersionOne.m in Sources */ = {isa = PBXBuildFile; fileRef = 049C95721DEAFB3B008839C8 /* JWTCoding+VersionOne.m */; };
		049C95851DEB0012008839C8 /* JWTCoding+VersionTwo.m in Sources */ = {isa = PBXBuildFile; fileRef = 049C957A1DEAFD22008839C8 /* JWTCoding+VersionTwo.m */; };
		049C95861DEB0020008839C8 /* JWTCoding+VersionOne.h in CopyFiles */ = {isa = PBXBuildFile; fileRef = 049C95711DEAFB3B008839C8 /* JWTCoding+VersionOne.h */; };
		049C95871DEB0020008839C8 /* JWTCoding+VersionTwo.h in CopyFiles */ = {isa = PBXBuildFile; fileRef = 049C95791DEAFD22008839C8 /* JWTCoding+VersionTwo.h */; };
		049C95881DEB0027008839C8 /* JWTErrorDescription.h in CopyFiles */ = {isa = PBXBuildFile; fileRef = 049C95751DEAFB72008839C8 /* JWTErrorDescription.h */; };
		049C958C1DEB10C2008839C8 /* JWTCoding+VersionThree.h in Headers */ = {isa = PBXBuildFile; fileRef = 049C958A1DEB10C2008839C8 /* JWTCoding+VersionThree.h */; settings = {ATTRIBUTES = (Public, ); }; };
		049C958D1DEB10C2008839C8 /* JWTCoding+VersionThree.m in Sources */ = {isa = PBXBuildFile; fileRef = 049C958B1DEB10C2008839C8 /* JWTCoding+VersionThree.m */; };
		049C958E1DEB157F008839C8 /* JWTCoding+VersionThree.h in Headers */ = {isa = PBXBuildFile; fileRef = 049C958A1DEB10C2008839C8 /* JWTCoding+VersionThree.h */; settings = {ATTRIBUTES = (Public, ); }; };
		049C958F1DEB1580008839C8 /* JWTCoding+VersionThree.h in Headers */ = {isa = PBXBuildFile; fileRef = 049C958A1DEB10C2008839C8 /* JWTCoding+VersionThree.h */; settings = {ATTRIBUTES = (Public, ); }; };
		049C95901DEB1594008839C8 /* JWTCoding+VersionThree.h in CopyFiles */ = {isa = PBXBuildFile; fileRef = 049C958A1DEB10C2008839C8 /* JWTCoding+VersionThree.h */; };
		049C95911DEB159D008839C8 /* JWTCoding+VersionThree.m in Sources */ = {isa = PBXBuildFile; fileRef = 049C958B1DEB10C2008839C8 /* JWTCoding+VersionThree.m */; };
		049C95921DEB15F7008839C8 /* JWTCoding+VersionOne.m in Sources */ = {isa = PBXBuildFile; fileRef = 049C95721DEAFB3B008839C8 /* JWTCoding+VersionOne.m */; };
		049C95931DEB15F7008839C8 /* JWTCoding+VersionOne.m in Sources */ = {isa = PBXBuildFile; fileRef = 049C95721DEAFB3B008839C8 /* JWTCoding+VersionOne.m */; };
		049C95951DEB15FF008839C8 /* JWTCoding+VersionThree.m in Sources */ = {isa = PBXBuildFile; fileRef = 049C958B1DEB10C2008839C8 /* JWTCoding+VersionThree.m */; };
		049C95961DEB1600008839C8 /* JWTCoding+VersionThree.m in Sources */ = {isa = PBXBuildFile; fileRef = 049C958B1DEB10C2008839C8 /* JWTCoding+VersionThree.m */; };
		049C95971DEB1604008839C8 /* JWTCoding+VersionTwo.m in Sources */ = {isa = PBXBuildFile; fileRef = 049C957A1DEAFD22008839C8 /* JWTCoding+VersionTwo.m */; };
		049C95981DEB1605008839C8 /* JWTCoding+VersionTwo.m in Sources */ = {isa = PBXBuildFile; fileRef = 049C957A1DEAFD22008839C8 /* JWTCoding+VersionTwo.m */; };
		049C95991DEB1616008839C8 /* JWTErrorDescription.m in Sources */ = {isa = PBXBuildFile; fileRef = 049C95761DEAFB72008839C8 /* JWTErrorDescription.m */; };
		049C959A1DEB1617008839C8 /* JWTErrorDescription.m in Sources */ = {isa = PBXBuildFile; fileRef = 049C95761DEAFB72008839C8 /* JWTErrorDescription.m */; };
		04AE0E7B1D76DA6E001AE8F2 /* JWTAlgorithmDataHolder.m in Sources */ = {isa = PBXBuildFile; fileRef = 04AE0E7A1D76DA6E001AE8F2 /* JWTAlgorithmDataHolder.m */; };
		04AE0E7E1D76E487001AE8F2 /* JWTDeprecations.h in Headers */ = {isa = PBXBuildFile; fileRef = 04AE0E7D1D76E3CD001AE8F2 /* JWTDeprecations.h */; settings = {ATTRIBUTES = (Public, ); }; };
		04AE0E7F1D76E488001AE8F2 /* JWTDeprecations.h in Headers */ = {isa = PBXBuildFile; fileRef = 04AE0E7D1D76E3CD001AE8F2 /* JWTDeprecations.h */; settings = {ATTRIBUTES = (Public, ); }; };
		04C005221D70639E001CBDE7 /* JWTAlgorithm.h in Headers */ = {isa = PBXBuildFile; fileRef = 045145E41D5E243D007B1D7A /* JWTAlgorithm.h */; settings = {ATTRIBUTES = (Public, ); }; };
		04C005231D70639E001CBDE7 /* JWTAlgorithmFactory.h in Headers */ = {isa = PBXBuildFile; fileRef = 045145E51D5E243D007B1D7A /* JWTAlgorithmFactory.h */; settings = {ATTRIBUTES = (Public, ); }; };
		04C005241D70639E001CBDE7 /* JWTAlgorithmNone.h in Headers */ = {isa = PBXBuildFile; fileRef = 045145E71D5E243D007B1D7A /* JWTAlgorithmNone.h */; settings = {ATTRIBUTES = (Public, ); }; };
		04C005251D70639E001CBDE7 /* JWTAlgorithmHS256.h in Headers */ = {isa = PBXBuildFile; fileRef = 045145EA1D5E243D007B1D7A /* JWTAlgorithmHS256.h */; settings = {ATTRIBUTES = (Public, ); }; };
		04C005261D70639E001CBDE7 /* JWTAlgorithmHS384.h in Headers */ = {isa = PBXBuildFile; fileRef = 045145EC1D5E243D007B1D7A /* JWTAlgorithmHS384.h */; settings = {ATTRIBUTES = (Public, ); }; };
		04C005271D70639E001CBDE7 /* JWTAlgorithmHS512.h in Headers */ = {isa = PBXBuildFile; fileRef = 045145EE1D5E243D007B1D7A /* JWTAlgorithmHS512.h */; settings = {ATTRIBUTES = (Public, ); }; };
		04C005281D70639E001CBDE7 /* JWTAlgorithmHSBase.h in Headers */ = {isa = PBXBuildFile; fileRef = 045145F01D5E243D007B1D7A /* JWTAlgorithmHSBase.h */; settings = {ATTRIBUTES = (Public, ); }; };
		04C0052B1D70639E001CBDE7 /* JWTAlgorithmRSBase.h in Headers */ = {isa = PBXBuildFile; fileRef = 045145F71D5E243D007B1D7A /* JWTAlgorithmRSBase.h */; settings = {ATTRIBUTES = (Public, ); }; };
		04C0052C1D70639E001CBDE7 /* JWTRSAlgorithm.h in Headers */ = {isa = PBXBuildFile; fileRef = 045145F91D5E243D007B1D7A /* JWTRSAlgorithm.h */; settings = {ATTRIBUTES = (Public, ); }; };
		04C0052D1D70639E001CBDE7 /* JWTClaim.h in Headers */ = {isa = PBXBuildFile; fileRef = 045145FB1D5E243D007B1D7A /* JWTClaim.h */; settings = {ATTRIBUTES = (Public, ); }; };
		04C0052E1D70639E001CBDE7 /* JWTClaimsSet.h in Headers */ = {isa = PBXBuildFile; fileRef = 045145FD1D5E243D007B1D7A /* JWTClaimsSet.h */; settings = {ATTRIBUTES = (Public, ); }; };
		04C0052F1D70639E001CBDE7 /* JWTClaimsSetSerializer.h in Headers */ = {isa = PBXBuildFile; fileRef = 045145FF1D5E243D007B1D7A /* JWTClaimsSetSerializer.h */; settings = {ATTRIBUTES = (Public, ); }; };
		04C005301D70639E001CBDE7 /* JWTClaimsSetVerifier.h in Headers */ = {isa = PBXBuildFile; fileRef = 045146011D5E243D007B1D7A /* JWTClaimsSetVerifier.h */; settings = {ATTRIBUTES = (Public, ); }; };
		04C005331D7063C8001CBDE7 /* JWTAlgorithmFactory.m in Sources */ = {isa = PBXBuildFile; fileRef = 045145E61D5E243D007B1D7A /* JWTAlgorithmFactory.m */; };
		04C005341D7063C8001CBDE7 /* JWTAlgorithmNone.m in Sources */ = {isa = PBXBuildFile; fileRef = 045145E81D5E243D007B1D7A /* JWTAlgorithmNone.m */; };
		04C005351D7063C8001CBDE7 /* JWTAlgorithmHS256.m in Sources */ = {isa = PBXBuildFile; fileRef = 045145EB1D5E243D007B1D7A /* JWTAlgorithmHS256.m */; };
		04C005361D7063C8001CBDE7 /* JWTAlgorithmHS384.m in Sources */ = {isa = PBXBuildFile; fileRef = 045145ED1D5E243D007B1D7A /* JWTAlgorithmHS384.m */; };
		04C005371D7063C8001CBDE7 /* JWTAlgorithmHS512.m in Sources */ = {isa = PBXBuildFile; fileRef = 045145EF1D5E243D007B1D7A /* JWTAlgorithmHS512.m */; };
		04C005381D7063C8001CBDE7 /* JWTAlgorithmHSBase.m in Sources */ = {isa = PBXBuildFile; fileRef = 045145F11D5E243D007B1D7A /* JWTAlgorithmHSBase.m */; };
		04C0053B1D7063C8001CBDE7 /* JWTAlgorithmRSBase.m in Sources */ = {isa = PBXBuildFile; fileRef = 045145F81D5E243D007B1D7A /* JWTAlgorithmRSBase.m */; };
		04C0053C1D7063C8001CBDE7 /* JWTClaim.m in Sources */ = {isa = PBXBuildFile; fileRef = 045145FC1D5E243D007B1D7A /* JWTClaim.m */; };
		04C0053D1D7063C8001CBDE7 /* JWTClaimsSet.m in Sources */ = {isa = PBXBuildFile; fileRef = 045145FE1D5E243D007B1D7A /* JWTClaimsSet.m */; };
		04C0053E1D7063C8001CBDE7 /* JWTClaimsSetSerializer.m in Sources */ = {isa = PBXBuildFile; fileRef = 045146001D5E243D007B1D7A /* JWTClaimsSetSerializer.m */; };
		04C0053F1D7063C8001CBDE7 /* JWTClaimsSetVerifier.m in Sources */ = {isa = PBXBuildFile; fileRef = 045146021D5E243D007B1D7A /* JWTClaimsSetVerifier.m */; };
		04DEBCAB1DBCDBB600C1DF52 /* JWTBase64Coder.m in Sources */ = {isa = PBXBuildFile; fileRef = 040F8E471DA5755000B6C99D /* JWTBase64Coder.m */; };
		04DEBCAC1DBCDBB600C1DF52 /* JWTAlgorithmDataHolder.m in Sources */ = {isa = PBXBuildFile; fileRef = 04AE0E7A1D76DA6E001AE8F2 /* JWTAlgorithmDataHolder.m */; };
		04DEBCAD1DBCDBB600C1DF52 /* JWTAlgorithmDataHolderChain.m in Sources */ = {isa = PBXBuildFile; fileRef = 043F62F41DA1877E00ADDF97 /* JWTAlgorithmDataHolderChain.m */; };
		04DEBCAE1DBCDBB600C1DF52 /* JWTAlgorithmFactory.m in Sources */ = {isa = PBXBuildFile; fileRef = 045145E61D5E243D007B1D7A /* JWTAlgorithmFactory.m */; };
		04DEBCAF1DBCDBB600C1DF52 /* JWTAlgorithmNone.m in Sources */ = {isa = PBXBuildFile; fileRef = 045145E81D5E243D007B1D7A /* JWTAlgorithmNone.m */; };
		04DEBCB01DBCDBB600C1DF52 /* JWTAlgorithmHS256.m in Sources */ = {isa = PBXBuildFile; fileRef = 045145EB1D5E243D007B1D7A /* JWTAlgorithmHS256.m */; };
		04DEBCB11DBCDBB600C1DF52 /* JWTAlgorithmHS384.m in Sources */ = {isa = PBXBuildFile; fileRef = 045145ED1D5E243D007B1D7A /* JWTAlgorithmHS384.m */; };
		04DEBCB21DBCDBB600C1DF52 /* JWTAlgorithmHS512.m in Sources */ = {isa = PBXBuildFile; fileRef = 045145EF1D5E243D007B1D7A /* JWTAlgorithmHS512.m */; };
		04DEBCB31DBCDBB600C1DF52 /* JWTAlgorithmHSBase.m in Sources */ = {isa = PBXBuildFile; fileRef = 045145F11D5E243D007B1D7A /* JWTAlgorithmHSBase.m */; };
		04DEBCB41DBCDBB600C1DF52 /* JWTAlgorithmRSBase.m in Sources */ = {isa = PBXBuildFile; fileRef = 045145F81D5E243D007B1D7A /* JWTAlgorithmRSBase.m */; };
		04DEBCB51DBCDBB600C1DF52 /* JWTClaim.m in Sources */ = {isa = PBXBuildFile; fileRef = 045145FC1D5E243D007B1D7A /* JWTClaim.m */; };
		04DEBCB61DBCDBB600C1DF52 /* JWTClaimsSet.m in Sources */ = {isa = PBXBuildFile; fileRef = 045145FE1D5E243D007B1D7A /* JWTClaimsSet.m */; };
		04DEBCB71DBCDBB600C1DF52 /* JWTClaimsSetSerializer.m in Sources */ = {isa = PBXBuildFile; fileRef = 045146001D5E243D007B1D7A /* JWTClaimsSetSerializer.m */; };
		04DEBCB81DBCDBB600C1DF52 /* JWTClaimsSetVerifier.m in Sources */ = {isa = PBXBuildFile; fileRef = 045146021D5E243D007B1D7A /* JWTClaimsSetVerifier.m */; };
		04DEBCBA1DBCDBCE00C1DF52 /* JWTBase64Coder.h in Headers */ = {isa = PBXBuildFile; fileRef = 040F8E461DA5755000B6C99D /* JWTBase64Coder.h */; settings = {ATTRIBUTES = (Public, ); }; };
		04DEBCBB1DBCDBCE00C1DF52 /* JWTDeprecations.h in Headers */ = {isa = PBXBuildFile; fileRef = 04AE0E7D1D76E3CD001AE8F2 /* JWTDeprecations.h */; settings = {ATTRIBUTES = (Public, ); }; };
		04DEBCBC1DBCDBCE00C1DF52 /* JWTAlgorithmDataHolder.h in Headers */ = {isa = PBXBuildFile; fileRef = 04AE0E791D76DA6E001AE8F2 /* JWTAlgorithmDataHolder.h */; settings = {ATTRIBUTES = (Public, ); }; };
		04DEBCBD1DBCDBCE00C1DF52 /* JWTAlgorithmDataHolderChain.h in Headers */ = {isa = PBXBuildFile; fileRef = 043F62F31DA1877E00ADDF97 /* JWTAlgorithmDataHolderChain.h */; settings = {ATTRIBUTES = (Public, ); }; };
		04DEBCBE1DBCDBCE00C1DF52 /* JWTAlgorithm.h in Headers */ = {isa = PBXBuildFile; fileRef = 045145E41D5E243D007B1D7A /* JWTAlgorithm.h */; settings = {ATTRIBUTES = (Public, ); }; };
		04DEBCBF1DBCDBCE00C1DF52 /* JWTAlgorithmFactory.h in Headers */ = {isa = PBXBuildFile; fileRef = 045145E51D5E243D007B1D7A /* JWTAlgorithmFactory.h */; settings = {ATTRIBUTES = (Public, ); }; };
		04DEBCC01DBCDBCE00C1DF52 /* JWTAlgorithmNone.h in Headers */ = {isa = PBXBuildFile; fileRef = 045145E71D5E243D007B1D7A /* JWTAlgorithmNone.h */; settings = {ATTRIBUTES = (Public, ); }; };
		04DEBCC11DBCDBCE00C1DF52 /* JWTAlgorithmHS256.h in Headers */ = {isa = PBXBuildFile; fileRef = 045145EA1D5E243D007B1D7A /* JWTAlgorithmHS256.h */; settings = {ATTRIBUTES = (Public, ); }; };
		04DEBCC21DBCDBCE00C1DF52 /* JWTAlgorithmHS384.h in Headers */ = {isa = PBXBuildFile; fileRef = 045145EC1D5E243D007B1D7A /* JWTAlgorithmHS384.h */; settings = {ATTRIBUTES = (Public, ); }; };
		04DEBCC31DBCDBCE00C1DF52 /* JWTAlgorithmHS512.h in Headers */ = {isa = PBXBuildFile; fileRef = 045145EE1D5E243D007B1D7A /* JWTAlgorithmHS512.h */; settings = {ATTRIBUTES = (Public, ); }; };
		04DEBCC41DBCDBCE00C1DF52 /* JWTAlgorithmHSBase.h in Headers */ = {isa = PBXBuildFile; fileRef = 045145F01D5E243D007B1D7A /* JWTAlgorithmHSBase.h */; settings = {ATTRIBUTES = (Public, ); }; };
		04DEBCC51DBCDBCE00C1DF52 /* JWTAlgorithmRSBase.h in Headers */ = {isa = PBXBuildFile; fileRef = 045145F71D5E243D007B1D7A /* JWTAlgorithmRSBase.h */; settings = {ATTRIBUTES = (Public, ); }; };
		04DEBCC61DBCDBCE00C1DF52 /* JWTRSAlgorithm.h in Headers */ = {isa = PBXBuildFile; fileRef = 045145F91D5E243D007B1D7A /* JWTRSAlgorithm.h */; settings = {ATTRIBUTES = (Public, ); }; };
		04DEBCC71DBCDBCE00C1DF52 /* JWTClaim.h in Headers */ = {isa = PBXBuildFile; fileRef = 045145FB1D5E243D007B1D7A /* JWTClaim.h */; settings = {ATTRIBUTES = (Public, ); }; };
		04DEBCC81DBCDBCE00C1DF52 /* JWTClaimsSet.h in Headers */ = {isa = PBXBuildFile; fileRef = 045145FD1D5E243D007B1D7A /* JWTClaimsSet.h */; settings = {ATTRIBUTES = (Public, ); }; };
		04DEBCC91DBCDBCE00C1DF52 /* JWTClaimsSetSerializer.h in Headers */ = {isa = PBXBuildFile; fileRef = 045145FF1D5E243D007B1D7A /* JWTClaimsSetSerializer.h */; settings = {ATTRIBUTES = (Public, ); }; };
		04DEBCCA1DBCDBCE00C1DF52 /* JWTClaimsSetVerifier.h in Headers */ = {isa = PBXBuildFile; fileRef = 045146011D5E243D007B1D7A /* JWTClaimsSetVerifier.h */; settings = {ATTRIBUTES = (Public, ); }; };
		04DEBCCF1DBCE3E100C1DF52 /* JWTCoding.h in Headers */ = {isa = PBXBuildFile; fileRef = 04DEBCCD1DBCE3E100C1DF52 /* JWTCoding.h */; settings = {ATTRIBUTES = (Public, ); }; };
		04DEBCD01DBCE3E100C1DF52 /* JWTCoding.m in Sources */ = {isa = PBXBuildFile; fileRef = 04DEBCCE1DBCE3E100C1DF52 /* JWTCoding.m */; };
		04DEBCD41DBCE63200C1DF52 /* JWTCoding.h in CopyFiles */ = {isa = PBXBuildFile; fileRef = 04DEBCCD1DBCE3E100C1DF52 /* JWTCoding.h */; };
		04DEBCDA1DBCE64100C1DF52 /* JWT.h in Headers */ = {isa = PBXBuildFile; fileRef = 04DEBCD71DBCE64100C1DF52 /* JWT.h */; settings = {ATTRIBUTES = (Public, ); }; };
		04DEBCDB1DBCE6CD00C1DF52 /* JWT.h in Headers */ = {isa = PBXBuildFile; fileRef = 04DEBCD71DBCE64100C1DF52 /* JWT.h */; settings = {ATTRIBUTES = (Public, ); }; };
		04DEBCDC1DBCE6D700C1DF52 /* JWTCoding.m in Sources */ = {isa = PBXBuildFile; fileRef = 04DEBCCE1DBCE3E100C1DF52 /* JWTCoding.m */; };
		04DEBCDD1DBCE6DD00C1DF52 /* JWTCoding.m in Sources */ = {isa = PBXBuildFile; fileRef = 04DEBCCE1DBCE3E100C1DF52 /* JWTCoding.m */; };
		04DEBCDE1DBCE6E700C1DF52 /* JWTCoding.m in Sources */ = {isa = PBXBuildFile; fileRef = 04DEBCCE1DBCE3E100C1DF52 /* JWTCoding.m */; };
		04DEBCDF1DBCE6EB00C1DF52 /* JWT.h in Headers */ = {isa = PBXBuildFile; fileRef = 04DEBCD71DBCE64100C1DF52 /* JWT.h */; settings = {ATTRIBUTES = (Public, ); }; };
		04DEBCE11DBCE75800C1DF52 /* JWTAlgorithmDataHolder.m in Sources */ = {isa = PBXBuildFile; fileRef = 04AE0E7A1D76DA6E001AE8F2 /* JWTAlgorithmDataHolder.m */; };
		04DEBCE21DBCE75800C1DF52 /* JWTAlgorithmDataHolderChain.m in Sources */ = {isa = PBXBuildFile; fileRef = 043F62F41DA1877E00ADDF97 /* JWTAlgorithmDataHolderChain.m */; };
		04DEBCE31DBCE76200C1DF52 /* JWTCoding.h in Headers */ = {isa = PBXBuildFile; fileRef = 04DEBCCD1DBCE3E100C1DF52 /* JWTCoding.h */; settings = {ATTRIBUTES = (Public, ); }; };
		04DEBCE41DBCE76200C1DF52 /* JWTAlgorithmDataHolder.h in Headers */ = {isa = PBXBuildFile; fileRef = 04AE0E791D76DA6E001AE8F2 /* JWTAlgorithmDataHolder.h */; settings = {ATTRIBUTES = (Public, ); }; };
		04DEBCE51DBCE76200C1DF52 /* JWTAlgorithmDataHolderChain.h in Headers */ = {isa = PBXBuildFile; fileRef = 043F62F31DA1877E00ADDF97 /* JWTAlgorithmDataHolderChain.h */; settings = {ATTRIBUTES = (Public, ); }; };
		04DEBCE61DBCE77E00C1DF52 /* JWTCoding.h in Headers */ = {isa = PBXBuildFile; fileRef = 04DEBCCD1DBCE3E100C1DF52 /* JWTCoding.h */; settings = {ATTRIBUTES = (Public, ); }; };
		04DEBCE71DBCE77E00C1DF52 /* JWTAlgorithmDataHolder.h in Headers */ = {isa = PBXBuildFile; fileRef = 04AE0E791D76DA6E001AE8F2 /* JWTAlgorithmDataHolder.h */; settings = {ATTRIBUTES = (Public, ); }; };
		04DEBCE81DBCE77E00C1DF52 /* JWTAlgorithmDataHolderChain.h in Headers */ = {isa = PBXBuildFile; fileRef = 043F62F31DA1877E00ADDF97 /* JWTAlgorithmDataHolderChain.h */; settings = {ATTRIBUTES = (Public, ); }; };
		04DEBCE91DBCE78E00C1DF52 /* JWTAlgorithmDataHolder.m in Sources */ = {isa = PBXBuildFile; fileRef = 04AE0E7A1D76DA6E001AE8F2 /* JWTAlgorithmDataHolder.m */; };
		04DEBCEA1DBCE78E00C1DF52 /* JWTAlgorithmDataHolderChain.m in Sources */ = {isa = PBXBuildFile; fileRef = 043F62F41DA1877E00ADDF97 /* JWTAlgorithmDataHolderChain.m */; };
		04DEBCEB1DBCE79D00C1DF52 /* JWTAlgorithmDataHolder.h in CopyFiles */ = {isa = PBXBuildFile; fileRef = 04AE0E791D76DA6E001AE8F2 /* JWTAlgorithmDataHolder.h */; };
		04DEBCEC1DBCE79D00C1DF52 /* JWTAlgorithmDataHolderChain.h in CopyFiles */ = {isa = PBXBuildFile; fileRef = 043F62F31DA1877E00ADDF97 /* JWTAlgorithmDataHolderChain.h */; };
/* End PBXBuildFile section */

/* Begin PBXContainerItemProxy section */
		045147241D5E2CD2007B1D7A /* PBXContainerItemProxy */ = {
			isa = PBXContainerItemProxy;
			containerPortal = A1951DAE1758990700AF73D9 /* Project object */;
			proxyType = 1;
			remoteGlobalIDString = 045146751D5E2AA1007B1D7A;
			remoteInfo = JWT_iOS_Framework;
		};
		045147261D5E2CDE007B1D7A /* PBXContainerItemProxy */ = {
			isa = PBXContainerItemProxy;
			containerPortal = A1951DAE1758990700AF73D9 /* Project object */;
			proxyType = 1;
			remoteGlobalIDString = 0451468F1D5E2AC3007B1D7A;
			remoteInfo = JWT_macOS_Framework;
		};
/* End PBXContainerItemProxy section */

/* Begin PBXCopyFilesBuildPhase section */
		045146661D5E2A78007B1D7A /* CopyFiles */ = {
			isa = PBXCopyFilesBuildPhase;
			buildActionMask = 2147483647;
			dstPath = "include/$(PRODUCT_NAME)";
			dstSubfolderSpec = 16;
			files = (
				049C95901DEB1594008839C8 /* JWTCoding+VersionThree.h in CopyFiles */,
				049C95881DEB0027008839C8 /* JWTErrorDescription.h in CopyFiles */,
				049C95861DEB0020008839C8 /* JWTCoding+VersionOne.h in CopyFiles */,
				049C95871DEB0020008839C8 /* JWTCoding+VersionTwo.h in CopyFiles */,
				04DEBCEB1DBCE79D00C1DF52 /* JWTAlgorithmDataHolder.h in CopyFiles */,
				04DEBCEC1DBCE79D00C1DF52 /* JWTAlgorithmDataHolderChain.h in CopyFiles */,
				04DEBCD41DBCE63200C1DF52 /* JWTCoding.h in CopyFiles */,
				040F8E4D1DA576F900B6C99D /* JWTBase64Coder.h in CopyFiles */,
				040F8E4E1DA576F900B6C99D /* JWTDeprecations.h in CopyFiles */,
				045146C41D5E2B7A007B1D7A /* JWTAlgorithm.h in CopyFiles */,
				045146C51D5E2B7A007B1D7A /* JWTAlgorithmFactory.h in CopyFiles */,
				045146C71D5E2B7A007B1D7A /* JWTAlgorithmNone.h in CopyFiles */,
				045146C91D5E2B7A007B1D7A /* JWTAlgorithmHS256.h in CopyFiles */,
				045146CB1D5E2B7A007B1D7A /* JWTAlgorithmHS384.h in CopyFiles */,
				045146CD1D5E2B7A007B1D7A /* JWTAlgorithmHS512.h in CopyFiles */,
				045146CF1D5E2B7A007B1D7A /* JWTAlgorithmHSBase.h in CopyFiles */,
				045146D51D5E2B7A007B1D7A /* JWTAlgorithmRSBase.h in CopyFiles */,
				045146D71D5E2B7A007B1D7A /* JWTRSAlgorithm.h in CopyFiles */,
				045146D81D5E2B7A007B1D7A /* JWTClaim.h in CopyFiles */,
				045146DA1D5E2B7A007B1D7A /* JWTClaimsSet.h in CopyFiles */,
				045146DC1D5E2B7A007B1D7A /* JWTClaimsSetSerializer.h in CopyFiles */,
				045146DE1D5E2B7A007B1D7A /* JWTClaimsSetVerifier.h in CopyFiles */,
			);
			runOnlyForDeploymentPostprocessing = 0;
		};
/* End PBXCopyFilesBuildPhase section */

/* Begin PBXFileReference section */
		040F8E461DA5755000B6C99D /* JWTBase64Coder.h */ = {isa = PBXFileReference; fileEncoding = 4; lastKnownFileType = sourcecode.c.h; path = JWTBase64Coder.h; sourceTree = "<group>"; };
		040F8E471DA5755000B6C99D /* JWTBase64Coder.m */ = {isa = PBXFileReference; fileEncoding = 4; lastKnownFileType = sourcecode.c.objc; path = JWTBase64Coder.m; sourceTree = "<group>"; };
		043F62F31DA1877E00ADDF97 /* JWTAlgorithmDataHolderChain.h */ = {isa = PBXFileReference; fileEncoding = 4; lastKnownFileType = sourcecode.c.h; path = JWTAlgorithmDataHolderChain.h; sourceTree = "<group>"; };
		043F62F41DA1877E00ADDF97 /* JWTAlgorithmDataHolderChain.m */ = {isa = PBXFileReference; fileEncoding = 4; lastKnownFileType = sourcecode.c.objc; path = JWTAlgorithmDataHolderChain.m; sourceTree = "<group>"; };
		045145E41D5E243D007B1D7A /* JWTAlgorithm.h */ = {isa = PBXFileReference; fileEncoding = 4; lastKnownFileType = sourcecode.c.h; path = JWTAlgorithm.h; sourceTree = "<group>"; };
		045145E51D5E243D007B1D7A /* JWTAlgorithmFactory.h */ = {isa = PBXFileReference; fileEncoding = 4; lastKnownFileType = sourcecode.c.h; path = JWTAlgorithmFactory.h; sourceTree = "<group>"; };
		045145E61D5E243D007B1D7A /* JWTAlgorithmFactory.m */ = {isa = PBXFileReference; fileEncoding = 4; lastKnownFileType = sourcecode.c.objc; path = JWTAlgorithmFactory.m; sourceTree = "<group>"; };
		045145E71D5E243D007B1D7A /* JWTAlgorithmNone.h */ = {isa = PBXFileReference; fileEncoding = 4; lastKnownFileType = sourcecode.c.h; path = JWTAlgorithmNone.h; sourceTree = "<group>"; };
		045145E81D5E243D007B1D7A /* JWTAlgorithmNone.m */ = {isa = PBXFileReference; fileEncoding = 4; lastKnownFileType = sourcecode.c.objc; path = JWTAlgorithmNone.m; sourceTree = "<group>"; };
		045145EA1D5E243D007B1D7A /* JWTAlgorithmHS256.h */ = {isa = PBXFileReference; fileEncoding = 4; lastKnownFileType = sourcecode.c.h; path = JWTAlgorithmHS256.h; sourceTree = "<group>"; };
		045145EB1D5E243D007B1D7A /* JWTAlgorithmHS256.m */ = {isa = PBXFileReference; fileEncoding = 4; lastKnownFileType = sourcecode.c.objc; path = JWTAlgorithmHS256.m; sourceTree = "<group>"; };
		045145EC1D5E243D007B1D7A /* JWTAlgorithmHS384.h */ = {isa = PBXFileReference; fileEncoding = 4; lastKnownFileType = sourcecode.c.h; path = JWTAlgorithmHS384.h; sourceTree = "<group>"; };
		045145ED1D5E243D007B1D7A /* JWTAlgorithmHS384.m */ = {isa = PBXFileReference; fileEncoding = 4; lastKnownFileType = sourcecode.c.objc; path = JWTAlgorithmHS384.m; sourceTree = "<group>"; };
		045145EE1D5E243D007B1D7A /* JWTAlgorithmHS512.h */ = {isa = PBXFileReference; fileEncoding = 4; lastKnownFileType = sourcecode.c.h; path = JWTAlgorithmHS512.h; sourceTree = "<group>"; };
		045145EF1D5E243D007B1D7A /* JWTAlgorithmHS512.m */ = {isa = PBXFileReference; fileEncoding = 4; lastKnownFileType = sourcecode.c.objc; path = JWTAlgorithmHS512.m; sourceTree = "<group>"; };
		045145F01D5E243D007B1D7A /* JWTAlgorithmHSBase.h */ = {isa = PBXFileReference; fileEncoding = 4; lastKnownFileType = sourcecode.c.h; path = JWTAlgorithmHSBase.h; sourceTree = "<group>"; };
		045145F11D5E243D007B1D7A /* JWTAlgorithmHSBase.m */ = {isa = PBXFileReference; fileEncoding = 4; lastKnownFileType = sourcecode.c.objc; path = JWTAlgorithmHSBase.m; sourceTree = "<group>"; };
		045145F71D5E243D007B1D7A /* JWTAlgorithmRSBase.h */ = {isa = PBXFileReference; fileEncoding = 4; lastKnownFileType = sourcecode.c.h; path = JWTAlgorithmRSBase.h; sourceTree = "<group>"; };
		045145F81D5E243D007B1D7A /* JWTAlgorithmRSBase.m */ = {isa = PBXFileReference; fileEncoding = 4; lastKnownFileType = sourcecode.c.objc; path = JWTAlgorithmRSBase.m; sourceTree = "<group>"; };
		045145F91D5E243D007B1D7A /* JWTRSAlgorithm.h */ = {isa = PBXFileReference; fileEncoding = 4; lastKnownFileType = sourcecode.c.h; path = JWTRSAlgorithm.h; sourceTree = "<group>"; };
		045145FB1D5E243D007B1D7A /* JWTClaim.h */ = {isa = PBXFileReference; fileEncoding = 4; lastKnownFileType = sourcecode.c.h; path = JWTClaim.h; sourceTree = "<group>"; };
		045145FC1D5E243D007B1D7A /* JWTClaim.m */ = {isa = PBXFileReference; fileEncoding = 4; lastKnownFileType = sourcecode.c.objc; path = JWTClaim.m; sourceTree = "<group>"; };
		045145FD1D5E243D007B1D7A /* JWTClaimsSet.h */ = {isa = PBXFileReference; fileEncoding = 4; lastKnownFileType = sourcecode.c.h; path = JWTClaimsSet.h; sourceTree = "<group>"; };
		045145FE1D5E243D007B1D7A /* JWTClaimsSet.m */ = {isa = PBXFileReference; fileEncoding = 4; lastKnownFileType = sourcecode.c.objc; path = JWTClaimsSet.m; sourceTree = "<group>"; };
		045145FF1D5E243D007B1D7A /* JWTClaimsSetSerializer.h */ = {isa = PBXFileReference; fileEncoding = 4; lastKnownFileType = sourcecode.c.h; path = JWTClaimsSetSerializer.h; sourceTree = "<group>"; };
		045146001D5E243D007B1D7A /* JWTClaimsSetSerializer.m */ = {isa = PBXFileReference; fileEncoding = 4; lastKnownFileType = sourcecode.c.objc; path = JWTClaimsSetSerializer.m; sourceTree = "<group>"; };
		045146011D5E243D007B1D7A /* JWTClaimsSetVerifier.h */ = {isa = PBXFileReference; fileEncoding = 4; lastKnownFileType = sourcecode.c.h; path = JWTClaimsSetVerifier.h; sourceTree = "<group>"; };
		045146021D5E243D007B1D7A /* JWTClaimsSetVerifier.m */ = {isa = PBXFileReference; fileEncoding = 4; lastKnownFileType = sourcecode.c.objc; path = JWTClaimsSetVerifier.m; sourceTree = "<group>"; };
		045146681D5E2A78007B1D7A /* libJWT_iOS_Static.a */ = {isa = PBXFileReference; explicitFileType = archive.ar; includeInIndex = 0; path = libJWT_iOS_Static.a; sourceTree = BUILT_PRODUCTS_DIR; };
		045146761D5E2AA1007B1D7A /* JWT_iOS_Framework.framework */ = {isa = PBXFileReference; explicitFileType = wrapper.framework; includeInIndex = 0; path = JWT_iOS_Framework.framework; sourceTree = BUILT_PRODUCTS_DIR; };
		045146831D5E2AAF007B1D7A /* JWT_iOS_Swift.framework */ = {isa = PBXFileReference; explicitFileType = wrapper.framework; includeInIndex = 0; path = JWT_iOS_Swift.framework; sourceTree = BUILT_PRODUCTS_DIR; };
		045146901D5E2AC3007B1D7A /* JWT_macOS_Framework.framework */ = {isa = PBXFileReference; explicitFileType = wrapper.framework; includeInIndex = 0; path = JWT_macOS_Framework.framework; sourceTree = BUILT_PRODUCTS_DIR; };
		0451469D1D5E2AD2007B1D7A /* JWT_macOS_Swift.framework */ = {isa = PBXFileReference; explicitFileType = wrapper.framework; includeInIndex = 0; path = JWT_macOS_Swift.framework; sourceTree = BUILT_PRODUCTS_DIR; };
		049C95711DEAFB3B008839C8 /* JWTCoding+VersionOne.h */ = {isa = PBXFileReference; fileEncoding = 4; lastKnownFileType = sourcecode.c.h; path = "JWTCoding+VersionOne.h"; sourceTree = "<group>"; };
		049C95721DEAFB3B008839C8 /* JWTCoding+VersionOne.m */ = {isa = PBXFileReference; fileEncoding = 4; lastKnownFileType = sourcecode.c.objc; path = "JWTCoding+VersionOne.m"; sourceTree = "<group>"; };
		049C95751DEAFB72008839C8 /* JWTErrorDescription.h */ = {isa = PBXFileReference; fileEncoding = 4; lastKnownFileType = sourcecode.c.h; path = JWTErrorDescription.h; sourceTree = "<group>"; };
		049C95761DEAFB72008839C8 /* JWTErrorDescription.m */ = {isa = PBXFileReference; fileEncoding = 4; lastKnownFileType = sourcecode.c.objc; path = JWTErrorDescription.m; sourceTree = "<group>"; };
		049C95791DEAFD22008839C8 /* JWTCoding+VersionTwo.h */ = {isa = PBXFileReference; fileEncoding = 4; lastKnownFileType = sourcecode.c.h; path = "JWTCoding+VersionTwo.h"; sourceTree = "<group>"; };
		049C957A1DEAFD22008839C8 /* JWTCoding+VersionTwo.m */ = {isa = PBXFileReference; fileEncoding = 4; lastKnownFileType = sourcecode.c.objc; path = "JWTCoding+VersionTwo.m"; sourceTree = "<group>"; };
		049C958A1DEB10C2008839C8 /* JWTCoding+VersionThree.h */ = {isa = PBXFileReference; fileEncoding = 4; lastKnownFileType = sourcecode.c.h; path = "JWTCoding+VersionThree.h"; sourceTree = "<group>"; };
		049C958B1DEB10C2008839C8 /* JWTCoding+VersionThree.m */ = {isa = PBXFileReference; fileEncoding = 4; lastKnownFileType = sourcecode.c.objc; path = "JWTCoding+VersionThree.m"; sourceTree = "<group>"; };
		04AE0E791D76DA6E001AE8F2 /* JWTAlgorithmDataHolder.h */ = {isa = PBXFileReference; fileEncoding = 4; lastKnownFileType = sourcecode.c.h; path = JWTAlgorithmDataHolder.h; sourceTree = "<group>"; };
		04AE0E7A1D76DA6E001AE8F2 /* JWTAlgorithmDataHolder.m */ = {isa = PBXFileReference; fileEncoding = 4; lastKnownFileType = sourcecode.c.objc; path = JWTAlgorithmDataHolder.m; sourceTree = "<group>"; };
		04AE0E7D1D76E3CD001AE8F2 /* JWTDeprecations.h */ = {isa = PBXFileReference; lastKnownFileType = sourcecode.c.h; path = JWTDeprecations.h; sourceTree = "<group>"; };
		04DEBCA31DBCDB8600C1DF52 /* JWT.framework */ = {isa = PBXFileReference; explicitFileType = wrapper.framework; includeInIndex = 0; path = JWT.framework; sourceTree = BUILT_PRODUCTS_DIR; };
		04DEBCCD1DBCE3E100C1DF52 /* JWTCoding.h */ = {isa = PBXFileReference; fileEncoding = 4; lastKnownFileType = sourcecode.c.h; path = JWTCoding.h; sourceTree = "<group>"; };
		04DEBCCE1DBCE3E100C1DF52 /* JWTCoding.m */ = {isa = PBXFileReference; fileEncoding = 4; lastKnownFileType = sourcecode.c.objc; path = JWTCoding.m; sourceTree = "<group>"; };
		04DEBCD61DBCE64100C1DF52 /* JWT-Info.plist */ = {isa = PBXFileReference; fileEncoding = 4; lastKnownFileType = text.plist.xml; path = "JWT-Info.plist"; sourceTree = "<group>"; };
		04DEBCD71DBCE64100C1DF52 /* JWT.h */ = {isa = PBXFileReference; fileEncoding = 4; lastKnownFileType = sourcecode.c.h; path = JWT.h; sourceTree = "<group>"; };
		04DEBCD81DBCE64100C1DF52 /* JWT.modulemap */ = {isa = PBXFileReference; fileEncoding = 4; lastKnownFileType = "sourcecode.module-map"; path = JWT.modulemap; sourceTree = "<group>"; };
		A1951DB91758990700AF73D9 /* Foundation.framework */ = {isa = PBXFileReference; lastKnownFileType = wrapper.framework; name = Foundation.framework; path = System/Library/Frameworks/Foundation.framework; sourceTree = SDKROOT; };
		A1951DCA1758990700AF73D9 /* UIKit.framework */ = {isa = PBXFileReference; lastKnownFileType = wrapper.framework; name = UIKit.framework; path = Library/Frameworks/UIKit.framework; sourceTree = DEVELOPER_DIR; };
/* End PBXFileReference section */

/* Begin PBXFrameworksBuildPhase section */
		045146651D5E2A78007B1D7A /* Frameworks */ = {
			isa = PBXFrameworksBuildPhase;
			buildActionMask = 2147483647;
			files = (
			);
			runOnlyForDeploymentPostprocessing = 0;
		};
		045146721D5E2AA1007B1D7A /* Frameworks */ = {
			isa = PBXFrameworksBuildPhase;
			buildActionMask = 2147483647;
			files = (
			);
			runOnlyForDeploymentPostprocessing = 0;
		};
		0451467F1D5E2AAF007B1D7A /* Frameworks */ = {
			isa = PBXFrameworksBuildPhase;
			buildActionMask = 2147483647;
			files = (
			);
			runOnlyForDeploymentPostprocessing = 0;
		};
		0451468C1D5E2AC3007B1D7A /* Frameworks */ = {
			isa = PBXFrameworksBuildPhase;
			buildActionMask = 2147483647;
			files = (
			);
			runOnlyForDeploymentPostprocessing = 0;
		};
		045146991D5E2AD2007B1D7A /* Frameworks */ = {
			isa = PBXFrameworksBuildPhase;
			buildActionMask = 2147483647;
			files = (
			);
			runOnlyForDeploymentPostprocessing = 0;
		};
		04DEBC9F1DBCDB8600C1DF52 /* Frameworks */ = {
			isa = PBXFrameworksBuildPhase;
			buildActionMask = 2147483647;
			files = (
			);
			runOnlyForDeploymentPostprocessing = 0;
		};
/* End PBXFrameworksBuildPhase section */

/* Begin PBXGroup section */
		045145E11D5E243D007B1D7A /* Classes */ = {
			isa = PBXGroup;
			children = (
				04DEBCCC1DBCE3E100C1DF52 /* Coding */,
				04AE0E7C1D76E3BC001AE8F2 /* Supplement */,
				045145E21D5E243D007B1D7A /* Algorithms */,
				045145FA1D5E243D007B1D7A /* ClaimSet */,
			);
			name = Classes;
			path = ../Classes;
			sourceTree = "<group>";
		};
		045145E21D5E243D007B1D7A /* Algorithms */ = {
			isa = PBXGroup;
			children = (
				04AE0E781D76DA4D001AE8F2 /* Holders */,
				045145E31D5E243D007B1D7A /* Base */,
				045145E91D5E243D007B1D7A /* HSFamily */,
				045145F41D5E243D007B1D7A /* RSFamily */,
			);
			path = Algorithms;
			sourceTree = "<group>";
		};
		045145E31D5E243D007B1D7A /* Base */ = {
			isa = PBXGroup;
			children = (
				045145E41D5E243D007B1D7A /* JWTAlgorithm.h */,
				045145E51D5E243D007B1D7A /* JWTAlgorithmFactory.h */,
				045145E61D5E243D007B1D7A /* JWTAlgorithmFactory.m */,
				045145E71D5E243D007B1D7A /* JWTAlgorithmNone.h */,
				045145E81D5E243D007B1D7A /* JWTAlgorithmNone.m */,
			);
			path = Base;
			sourceTree = "<group>";
		};
		045145E91D5E243D007B1D7A /* HSFamily */ = {
			isa = PBXGroup;
			children = (
				045145EA1D5E243D007B1D7A /* JWTAlgorithmHS256.h */,
				045145EB1D5E243D007B1D7A /* JWTAlgorithmHS256.m */,
				045145EC1D5E243D007B1D7A /* JWTAlgorithmHS384.h */,
				045145ED1D5E243D007B1D7A /* JWTAlgorithmHS384.m */,
				045145EE1D5E243D007B1D7A /* JWTAlgorithmHS512.h */,
				045145EF1D5E243D007B1D7A /* JWTAlgorithmHS512.m */,
				045145F01D5E243D007B1D7A /* JWTAlgorithmHSBase.h */,
				045145F11D5E243D007B1D7A /* JWTAlgorithmHSBase.m */,
			);
			path = HSFamily;
			sourceTree = "<group>";
		};
		045145F41D5E243D007B1D7A /* RSFamily */ = {
			isa = PBXGroup;
			children = (
				045145F71D5E243D007B1D7A /* JWTAlgorithmRSBase.h */,
				045145F81D5E243D007B1D7A /* JWTAlgorithmRSBase.m */,
				045145F91D5E243D007B1D7A /* JWTRSAlgorithm.h */,
			);
			path = RSFamily;
			sourceTree = "<group>";
		};
		045145FA1D5E243D007B1D7A /* ClaimSet */ = {
			isa = PBXGroup;
			children = (
				045145FB1D5E243D007B1D7A /* JWTClaim.h */,
				045145FC1D5E243D007B1D7A /* JWTClaim.m */,
				045145FD1D5E243D007B1D7A /* JWTClaimsSet.h */,
				045145FE1D5E243D007B1D7A /* JWTClaimsSet.m */,
				045145FF1D5E243D007B1D7A /* JWTClaimsSetSerializer.h */,
				045146001D5E243D007B1D7A /* JWTClaimsSetSerializer.m */,
				045146011D5E243D007B1D7A /* JWTClaimsSetVerifier.h */,
				045146021D5E243D007B1D7A /* JWTClaimsSetVerifier.m */,
			);
			path = ClaimSet;
			sourceTree = "<group>";
		};
		04AE0E781D76DA4D001AE8F2 /* Holders */ = {
			isa = PBXGroup;
			children = (
				04AE0E791D76DA6E001AE8F2 /* JWTAlgorithmDataHolder.h */,
				04AE0E7A1D76DA6E001AE8F2 /* JWTAlgorithmDataHolder.m */,
				043F62F31DA1877E00ADDF97 /* JWTAlgorithmDataHolderChain.h */,
				043F62F41DA1877E00ADDF97 /* JWTAlgorithmDataHolderChain.m */,
			);
			path = Holders;
			sourceTree = "<group>";
		};
		04AE0E7C1D76E3BC001AE8F2 /* Supplement */ = {
			isa = PBXGroup;
			children = (
				040F8E461DA5755000B6C99D /* JWTBase64Coder.h */,
				040F8E471DA5755000B6C99D /* JWTBase64Coder.m */,
				04AE0E7D1D76E3CD001AE8F2 /* JWTDeprecations.h */,
				049C95751DEAFB72008839C8 /* JWTErrorDescription.h */,
				049C95761DEAFB72008839C8 /* JWTErrorDescription.m */,
			);
			path = Supplement;
			sourceTree = "<group>";
		};
		04DEBCCC1DBCE3E100C1DF52 /* Coding */ = {
			isa = PBXGroup;
			children = (
				04DEBCCD1DBCE3E100C1DF52 /* JWTCoding.h */,
				04DEBCCE1DBCE3E100C1DF52 /* JWTCoding.m */,
				049C95711DEAFB3B008839C8 /* JWTCoding+VersionOne.h */,
				049C95721DEAFB3B008839C8 /* JWTCoding+VersionOne.m */,
				049C95791DEAFD22008839C8 /* JWTCoding+VersionTwo.h */,
				049C957A1DEAFD22008839C8 /* JWTCoding+VersionTwo.m */,
				049C958A1DEB10C2008839C8 /* JWTCoding+VersionThree.h */,
				049C958B1DEB10C2008839C8 /* JWTCoding+VersionThree.m */,
			);
			path = Coding;
			sourceTree = "<group>";
		};
		04DEBCD51DBCE64100C1DF52 /* Supplement */ = {
			isa = PBXGroup;
			children = (
				04DEBCD61DBCE64100C1DF52 /* JWT-Info.plist */,
				04DEBCD71DBCE64100C1DF52 /* JWT.h */,
				04DEBCD81DBCE64100C1DF52 /* JWT.modulemap */,
			);
			path = Supplement;
			sourceTree = "<group>";
		};
		A1951DAD1758990700AF73D9 = {
			isa = PBXGroup;
			children = (
				04DEBCD51DBCE64100C1DF52 /* Supplement */,
				045145E11D5E243D007B1D7A /* Classes */,
				A1951DB81758990700AF73D9 /* Frameworks */,
				A1951DB71758990700AF73D9 /* Products */,
			);
			sourceTree = "<group>";
		};
		A1951DB71758990700AF73D9 /* Products */ = {
			isa = PBXGroup;
			children = (
				045146681D5E2A78007B1D7A /* libJWT_iOS_Static.a */,
				045146761D5E2AA1007B1D7A /* JWT_iOS_Framework.framework */,
				045146831D5E2AAF007B1D7A /* JWT_iOS_Swift.framework */,
				045146901D5E2AC3007B1D7A /* JWT_macOS_Framework.framework */,
				0451469D1D5E2AD2007B1D7A /* JWT_macOS_Swift.framework */,
				04DEBCA31DBCDB8600C1DF52 /* JWT.framework */,
			);
			name = Products;
			sourceTree = "<group>";
		};
		A1951DB81758990700AF73D9 /* Frameworks */ = {
			isa = PBXGroup;
			children = (
				A1951DB91758990700AF73D9 /* Foundation.framework */,
				A1951DCA1758990700AF73D9 /* UIKit.framework */,
			);
			name = Frameworks;
			sourceTree = "<group>";
		};
/* End PBXGroup section */

/* Begin PBXHeadersBuildPhase section */
		045146731D5E2AA1007B1D7A /* Headers */ = {
			isa = PBXHeadersBuildPhase;
			buildActionMask = 2147483647;
			files = (
				049C95811DEAFE8E008839C8 /* JWTCoding+VersionTwo.h in Headers */,
				04DEBCE61DBCE77E00C1DF52 /* JWTCoding.h in Headers */,
				049C957F1DEAFE83008839C8 /* JWTCoding+VersionOne.h in Headers */,
				04DEBCE71DBCE77E00C1DF52 /* JWTAlgorithmDataHolder.h in Headers */,
				04DEBCE81DBCE77E00C1DF52 /* JWTAlgorithmDataHolderChain.h in Headers */,
				04DEBCDB1DBCE6CD00C1DF52 /* JWT.h in Headers */,
				045147041D5E2C2B007B1D7A /* JWTAlgorithm.h in Headers */,
				045147051D5E2C2B007B1D7A /* JWTAlgorithmFactory.h in Headers */,
				049C957D1DEAFE6C008839C8 /* JWTErrorDescription.h in Headers */,
				045147071D5E2C2B007B1D7A /* JWTAlgorithmNone.h in Headers */,
				045147091D5E2C2B007B1D7A /* JWTAlgorithmHS256.h in Headers */,
				0451470B1D5E2C2B007B1D7A /* JWTAlgorithmHS384.h in Headers */,
				0451470D1D5E2C2B007B1D7A /* JWTAlgorithmHS512.h in Headers */,
				0451470F1D5E2C2B007B1D7A /* JWTAlgorithmHSBase.h in Headers */,
				045147151D5E2C2B007B1D7A /* JWTAlgorithmRSBase.h in Headers */,
				045147171D5E2C2B007B1D7A /* JWTRSAlgorithm.h in Headers */,
				04AE0E7E1D76E487001AE8F2 /* JWTDeprecations.h in Headers */,
				045147181D5E2C2B007B1D7A /* JWTClaim.h in Headers */,
				0451471A1D5E2C2B007B1D7A /* JWTClaimsSet.h in Headers */,
				0451471C1D5E2C2B007B1D7A /* JWTClaimsSetSerializer.h in Headers */,
				040F8E4B1DA576D800B6C99D /* JWTBase64Coder.h in Headers */,
				0451471E1D5E2C2B007B1D7A /* JWTClaimsSetVerifier.h in Headers */,
				049C958E1DEB157F008839C8 /* JWTCoding+VersionThree.h in Headers */,
			);
			runOnlyForDeploymentPostprocessing = 0;
		};
		045146801D5E2AAF007B1D7A /* Headers */ = {
			isa = PBXHeadersBuildPhase;
			buildActionMask = 2147483647;
			files = (
			);
			runOnlyForDeploymentPostprocessing = 0;
		};
		0451468D1D5E2AC3007B1D7A /* Headers */ = {
			isa = PBXHeadersBuildPhase;
			buildActionMask = 2147483647;
			files = (
				049C95821DEAFE8F008839C8 /* JWTCoding+VersionTwo.h in Headers */,
				04DEBCE31DBCE76200C1DF52 /* JWTCoding.h in Headers */,
				049C95801DEAFE84008839C8 /* JWTCoding+VersionOne.h in Headers */,
				04DEBCE41DBCE76200C1DF52 /* JWTAlgorithmDataHolder.h in Headers */,
				04DEBCE51DBCE76200C1DF52 /* JWTAlgorithmDataHolderChain.h in Headers */,
				04DEBCDF1DBCE6EB00C1DF52 /* JWT.h in Headers */,
				04C005221D70639E001CBDE7 /* JWTAlgorithm.h in Headers */,
				04C005231D70639E001CBDE7 /* JWTAlgorithmFactory.h in Headers */,
				049C957E1DEAFE6D008839C8 /* JWTErrorDescription.h in Headers */,
				04C005241D70639E001CBDE7 /* JWTAlgorithmNone.h in Headers */,
				04C005251D70639E001CBDE7 /* JWTAlgorithmHS256.h in Headers */,
				04C005261D70639E001CBDE7 /* JWTAlgorithmHS384.h in Headers */,
				04C005271D70639E001CBDE7 /* JWTAlgorithmHS512.h in Headers */,
				04C005281D70639E001CBDE7 /* JWTAlgorithmHSBase.h in Headers */,
				04C0052B1D70639E001CBDE7 /* JWTAlgorithmRSBase.h in Headers */,
				04C0052C1D70639E001CBDE7 /* JWTRSAlgorithm.h in Headers */,
				04C0052D1D70639E001CBDE7 /* JWTClaim.h in Headers */,
				04C0052E1D70639E001CBDE7 /* JWTClaimsSet.h in Headers */,
				04C0052F1D70639E001CBDE7 /* JWTClaimsSetSerializer.h in Headers */,
				04AE0E7F1D76E488001AE8F2 /* JWTDeprecations.h in Headers */,
				04C005301D70639E001CBDE7 /* JWTClaimsSetVerifier.h in Headers */,
				040F8E4C1DA576D900B6C99D /* JWTBase64Coder.h in Headers */,
				049C958F1DEB1580008839C8 /* JWTCoding+VersionThree.h in Headers */,
			);
			runOnlyForDeploymentPostprocessing = 0;
		};
		0451469A1D5E2AD2007B1D7A /* Headers */ = {
			isa = PBXHeadersBuildPhase;
			buildActionMask = 2147483647;
			files = (
			);
			runOnlyForDeploymentPostprocessing = 0;
		};
		04DEBCA01DBCDB8600C1DF52 /* Headers */ = {
			isa = PBXHeadersBuildPhase;
			buildActionMask = 2147483647;
			files = (
				049C958C1DEB10C2008839C8 /* JWTCoding+VersionThree.h in Headers */,
				04DEBCDA1DBCE64100C1DF52 /* JWT.h in Headers */,
				04DEBCCF1DBCE3E100C1DF52 /* JWTCoding.h in Headers */,
				04DEBCBA1DBCDBCE00C1DF52 /* JWTBase64Coder.h in Headers */,
				04DEBCBB1DBCDBCE00C1DF52 /* JWTDeprecations.h in Headers */,
				049C957B1DEAFD22008839C8 /* JWTCoding+VersionTwo.h in Headers */,
				04DEBCBC1DBCDBCE00C1DF52 /* JWTAlgorithmDataHolder.h in Headers */,
				04DEBCBD1DBCDBCE00C1DF52 /* JWTAlgorithmDataHolderChain.h in Headers */,
				049C95731DEAFB3B008839C8 /* JWTCoding+VersionOne.h in Headers */,
				04DEBCBE1DBCDBCE00C1DF52 /* JWTAlgorithm.h in Headers */,
				04DEBCBF1DBCDBCE00C1DF52 /* JWTAlgorithmFactory.h in Headers */,
				049C95771DEAFB72008839C8 /* JWTErrorDescription.h in Headers */,
				04DEBCC01DBCDBCE00C1DF52 /* JWTAlgorithmNone.h in Headers */,
				04DEBCC11DBCDBCE00C1DF52 /* JWTAlgorithmHS256.h in Headers */,
				04DEBCC21DBCDBCE00C1DF52 /* JWTAlgorithmHS384.h in Headers */,
				04DEBCC31DBCDBCE00C1DF52 /* JWTAlgorithmHS512.h in Headers */,
				04DEBCC41DBCDBCE00C1DF52 /* JWTAlgorithmHSBase.h in Headers */,
				04DEBCC51DBCDBCE00C1DF52 /* JWTAlgorithmRSBase.h in Headers */,
				04DEBCC61DBCDBCE00C1DF52 /* JWTRSAlgorithm.h in Headers */,
				04DEBCC71DBCDBCE00C1DF52 /* JWTClaim.h in Headers */,
				04DEBCC81DBCDBCE00C1DF52 /* JWTClaimsSet.h in Headers */,
				04DEBCC91DBCDBCE00C1DF52 /* JWTClaimsSetSerializer.h in Headers */,
				04DEBCCA1DBCDBCE00C1DF52 /* JWTClaimsSetVerifier.h in Headers */,
			);
			runOnlyForDeploymentPostprocessing = 0;
		};
/* End PBXHeadersBuildPhase section */

/* Begin PBXNativeTarget section */
		045146671D5E2A78007B1D7A /* JWT_iOS_Static */ = {
			isa = PBXNativeTarget;
			buildConfigurationList = 0451466E1D5E2A78007B1D7A /* Build configuration list for PBXNativeTarget "JWT_iOS_Static" */;
			buildPhases = (
				045146641D5E2A78007B1D7A /* Sources */,
				045146651D5E2A78007B1D7A /* Frameworks */,
				045146661D5E2A78007B1D7A /* CopyFiles */,
			);
			buildRules = (
			);
			dependencies = (
			);
			name = JWT_iOS_Static;
			productName = JWT_iOS_Static;
			productReference = 045146681D5E2A78007B1D7A /* libJWT_iOS_Static.a */;
			productType = "com.apple.product-type.library.static";
		};
		045146751D5E2AA1007B1D7A /* JWT_iOS_Framework */ = {
			isa = PBXNativeTarget;
			buildConfigurationList = 0451467B1D5E2AA1007B1D7A /* Build configuration list for PBXNativeTarget "JWT_iOS_Framework" */;
			buildPhases = (
				045146711D5E2AA1007B1D7A /* Sources */,
				045146721D5E2AA1007B1D7A /* Frameworks */,
				045146731D5E2AA1007B1D7A /* Headers */,
				045146741D5E2AA1007B1D7A /* Resources */,
			);
			buildRules = (
			);
			dependencies = (
			);
			name = JWT_iOS_Framework;
			productName = JWT_iOS_Framework;
			productReference = 045146761D5E2AA1007B1D7A /* JWT_iOS_Framework.framework */;
			productType = "com.apple.product-type.framework";
		};
		045146821D5E2AAF007B1D7A /* JWT_iOS_Swift */ = {
			isa = PBXNativeTarget;
			buildConfigurationList = 045146881D5E2AAF007B1D7A /* Build configuration list for PBXNativeTarget "JWT_iOS_Swift" */;
			buildPhases = (
				0451467E1D5E2AAF007B1D7A /* Sources */,
				0451467F1D5E2AAF007B1D7A /* Frameworks */,
				045146801D5E2AAF007B1D7A /* Headers */,
				045146811D5E2AAF007B1D7A /* Resources */,
			);
			buildRules = (
			);
			dependencies = (
				045147251D5E2CD2007B1D7A /* PBXTargetDependency */,
			);
			name = JWT_iOS_Swift;
			productName = JWT_iOS_Swift;
			productReference = 045146831D5E2AAF007B1D7A /* JWT_iOS_Swift.framework */;
			productType = "com.apple.product-type.framework";
		};
		0451468F1D5E2AC3007B1D7A /* JWT_macOS_Framework */ = {
			isa = PBXNativeTarget;
			buildConfigurationList = 045146951D5E2AC4007B1D7A /* Build configuration list for PBXNativeTarget "JWT_macOS_Framework" */;
			buildPhases = (
				0451468B1D5E2AC3007B1D7A /* Sources */,
				0451468C1D5E2AC3007B1D7A /* Frameworks */,
				0451468D1D5E2AC3007B1D7A /* Headers */,
				0451468E1D5E2AC3007B1D7A /* Resources */,
			);
			buildRules = (
			);
			dependencies = (
			);
			name = JWT_macOS_Framework;
			productName = JWT_macOS_Framework;
			productReference = 045146901D5E2AC3007B1D7A /* JWT_macOS_Framework.framework */;
			productType = "com.apple.product-type.framework";
		};
		0451469C1D5E2AD2007B1D7A /* JWT_macOS_Swift */ = {
			isa = PBXNativeTarget;
			buildConfigurationList = 045146A21D5E2AD2007B1D7A /* Build configuration list for PBXNativeTarget "JWT_macOS_Swift" */;
			buildPhases = (
				045146981D5E2AD2007B1D7A /* Sources */,
				045146991D5E2AD2007B1D7A /* Frameworks */,
				0451469A1D5E2AD2007B1D7A /* Headers */,
				0451469B1D5E2AD2007B1D7A /* Resources */,
			);
			buildRules = (
			);
			dependencies = (
				045147271D5E2CDE007B1D7A /* PBXTargetDependency */,
			);
			name = JWT_macOS_Swift;
			productName = JWT_macOS_Swift;
			productReference = 0451469D1D5E2AD2007B1D7A /* JWT_macOS_Swift.framework */;
			productType = "com.apple.product-type.framework";
		};
		04DEBCA21DBCDB8600C1DF52 /* JWT */ = {
			isa = PBXNativeTarget;
			buildConfigurationList = 04DEBCAA1DBCDB8700C1DF52 /* Build configuration list for PBXNativeTarget "JWT" */;
			buildPhases = (
				04DEBC9E1DBCDB8600C1DF52 /* Sources */,
				04DEBC9F1DBCDB8600C1DF52 /* Frameworks */,
				04DEBCA01DBCDB8600C1DF52 /* Headers */,
				04DEBCA11DBCDB8600C1DF52 /* Resources */,
			);
			buildRules = (
			);
			dependencies = (
			);
			name = JWT;
			productName = JWT;
			productReference = 04DEBCA31DBCDB8600C1DF52 /* JWT.framework */;
			productType = "com.apple.product-type.framework";
		};
/* End PBXNativeTarget section */

/* Begin PBXProject section */
		A1951DAE1758990700AF73D9 /* Project object */ = {
			isa = PBXProject;
			attributes = {
				LastTestingUpgradeCheck = 0610;
				LastUpgradeCheck = 0800;
				ORGANIZATIONNAME = JWTIO;
				TargetAttributes = {
					045146671D5E2A78007B1D7A = {
						CreatedOnToolsVersion = 7.3.1;
					};
					045146751D5E2AA1007B1D7A = {
						CreatedOnToolsVersion = 7.3.1;
					};
					045146821D5E2AAF007B1D7A = {
						CreatedOnToolsVersion = 7.3.1;
					};
					0451468F1D5E2AC3007B1D7A = {
						CreatedOnToolsVersion = 7.3.1;
					};
					0451469C1D5E2AD2007B1D7A = {
						CreatedOnToolsVersion = 7.3.1;
					};
					04DEBCA21DBCDB8600C1DF52 = {
						CreatedOnToolsVersion = 8.0;
						ProvisioningStyle = Manual;
					};
				};
			};
			buildConfigurationList = A1951DB11758990700AF73D9 /* Build configuration list for PBXProject "JWT" */;
			compatibilityVersion = "Xcode 3.2";
			developmentRegion = English;
			hasScannedForEncodings = 0;
			knownRegions = (
				en,
			);
			mainGroup = A1951DAD1758990700AF73D9;
			productRefGroup = A1951DB71758990700AF73D9 /* Products */;
			projectDirPath = "";
			projectRoot = "";
			targets = (
				04DEBCA21DBCDB8600C1DF52 /* JWT */,
				045146671D5E2A78007B1D7A /* JWT_iOS_Static */,
				045146751D5E2AA1007B1D7A /* JWT_iOS_Framework */,
				045146821D5E2AAF007B1D7A /* JWT_iOS_Swift */,
				0451468F1D5E2AC3007B1D7A /* JWT_macOS_Framework */,
				0451469C1D5E2AD2007B1D7A /* JWT_macOS_Swift */,
			);
		};
/* End PBXProject section */

/* Begin PBXResourcesBuildPhase section */
		045146741D5E2AA1007B1D7A /* Resources */ = {
			isa = PBXResourcesBuildPhase;
			buildActionMask = 2147483647;
			files = (
			);
			runOnlyForDeploymentPostprocessing = 0;
		};
		045146811D5E2AAF007B1D7A /* Resources */ = {
			isa = PBXResourcesBuildPhase;
			buildActionMask = 2147483647;
			files = (
			);
			runOnlyForDeploymentPostprocessing = 0;
		};
		0451468E1D5E2AC3007B1D7A /* Resources */ = {
			isa = PBXResourcesBuildPhase;
			buildActionMask = 2147483647;
			files = (
			);
			runOnlyForDeploymentPostprocessing = 0;
		};
		0451469B1D5E2AD2007B1D7A /* Resources */ = {
			isa = PBXResourcesBuildPhase;
			buildActionMask = 2147483647;
			files = (
			);
			runOnlyForDeploymentPostprocessing = 0;
		};
		04DEBCA11DBCDB8600C1DF52 /* Resources */ = {
			isa = PBXResourcesBuildPhase;
			buildActionMask = 2147483647;
			files = (
			);
			runOnlyForDeploymentPostprocessing = 0;
		};
/* End PBXResourcesBuildPhase section */

/* Begin PBXSourcesBuildPhase section */
		045146641D5E2A78007B1D7A /* Sources */ = {
			isa = PBXSourcesBuildPhase;
			buildActionMask = 2147483647;
			files = (
				049C95911DEB159D008839C8 /* JWTCoding+VersionThree.m in Sources */,
				049C95841DEB0012008839C8 /* JWTCoding+VersionOne.m in Sources */,
				049C95851DEB0012008839C8 /* JWTCoding+VersionTwo.m in Sources */,
				049C95831DEB0003008839C8 /* JWTErrorDescription.m in Sources */,
				04DEBCDD1DBCE6DD00C1DF52 /* JWTCoding.m in Sources */,
				045146A71D5E2B1B007B1D7A /* JWTAlgorithmFactory.m in Sources */,
				043F62F51DA1877E00ADDF97 /* JWTAlgorithmDataHolderChain.m in Sources */,
				040F8E481DA5755000B6C99D /* JWTBase64Coder.m in Sources */,
				045146A91D5E2B1B007B1D7A /* JWTAlgorithmNone.m in Sources */,
				045146AB1D5E2B1B007B1D7A /* JWTAlgorithmHS256.m in Sources */,
				045146AD1D5E2B1B007B1D7A /* JWTAlgorithmHS384.m in Sources */,
				045146AF1D5E2B1B007B1D7A /* JWTAlgorithmHS512.m in Sources */,
				045146B11D5E2B1B007B1D7A /* JWTAlgorithmHSBase.m in Sources */,
				045146B71D5E2B1B007B1D7A /* JWTAlgorithmRSBase.m in Sources */,
				045146BA1D5E2B1B007B1D7A /* JWTClaim.m in Sources */,
				045146BC1D5E2B1B007B1D7A /* JWTClaimsSet.m in Sources */,
				045146BE1D5E2B1B007B1D7A /* JWTClaimsSetSerializer.m in Sources */,
				045146C01D5E2B1B007B1D7A /* JWTClaimsSetVerifier.m in Sources */,
				04AE0E7B1D76DA6E001AE8F2 /* JWTAlgorithmDataHolder.m in Sources */,
			);
			runOnlyForDeploymentPostprocessing = 0;
		};
		045146711D5E2AA1007B1D7A /* Sources */ = {
			isa = PBXSourcesBuildPhase;
			buildActionMask = 2147483647;
			files = (
				04DEBCE91DBCE78E00C1DF52 /* JWTAlgorithmDataHolder.m in Sources */,
				04DEBCEA1DBCE78E00C1DF52 /* JWTAlgorithmDataHolderChain.m in Sources */,
				04DEBCDC1DBCE6D700C1DF52 /* JWTCoding.m in Sources */,
				045146E61D5E2C1B007B1D7A /* JWTAlgorithmFactory.m in Sources */,
				049C95991DEB1616008839C8 /* JWTErrorDescription.m in Sources */,
				045146E81D5E2C1B007B1D7A /* JWTAlgorithmNone.m in Sources */,
				045146EA1D5E2C1B007B1D7A /* JWTAlgorithmHS256.m in Sources */,
				045146EC1D5E2C1B007B1D7A /* JWTAlgorithmHS384.m in Sources */,
				045146EE1D5E2C1B007B1D7A /* JWTAlgorithmHS512.m in Sources */,
				045146F01D5E2C1B007B1D7A /* JWTAlgorithmHSBase.m in Sources */,
				040F8E491DA5761B00B6C99D /* JWTBase64Coder.m in Sources */,
				045146F61D5E2C1B007B1D7A /* JWTAlgorithmRSBase.m in Sources */,
				049C95971DEB1604008839C8 /* JWTCoding+VersionTwo.m in Sources */,
				049C95961DEB1600008839C8 /* JWTCoding+VersionThree.m in Sources */,
				045146F91D5E2C1B007B1D7A /* JWTClaim.m in Sources */,
				045146FB1D5E2C1B007B1D7A /* JWTClaimsSet.m in Sources */,
				049C95921DEB15F7008839C8 /* JWTCoding+VersionOne.m in Sources */,
				045146FD1D5E2C1B007B1D7A /* JWTClaimsSetSerializer.m in Sources */,
				045146FF1D5E2C1B007B1D7A /* JWTClaimsSetVerifier.m in Sources */,
			);
			runOnlyForDeploymentPostprocessing = 0;
		};
		0451467E1D5E2AAF007B1D7A /* Sources */ = {
			isa = PBXSourcesBuildPhase;
			buildActionMask = 2147483647;
			files = (
			);
			runOnlyForDeploymentPostprocessing = 0;
		};
		0451468B1D5E2AC3007B1D7A /* Sources */ = {
			isa = PBXSourcesBuildPhase;
			buildActionMask = 2147483647;
			files = (
				04DEBCE11DBCE75800C1DF52 /* JWTAlgorithmDataHolder.m in Sources */,
				04DEBCE21DBCE75800C1DF52 /* JWTAlgorithmDataHolderChain.m in Sources */,
				04DEBCDE1DBCE6E700C1DF52 /* JWTCoding.m in Sources */,
				04C005331D7063C8001CBDE7 /* JWTAlgorithmFactory.m in Sources */,
				049C959A1DEB1617008839C8 /* JWTErrorDescription.m in Sources */,
				04C005341D7063C8001CBDE7 /* JWTAlgorithmNone.m in Sources */,
				04C005351D7063C8001CBDE7 /* JWTAlgorithmHS256.m in Sources */,
				04C005361D7063C8001CBDE7 /* JWTAlgorithmHS384.m in Sources */,
				04C005371D7063C8001CBDE7 /* JWTAlgorithmHS512.m in Sources */,
				04C005381D7063C8001CBDE7 /* JWTAlgorithmHSBase.m in Sources */,
				040F8E4A1DA5761C00B6C99D /* JWTBase64Coder.m in Sources */,
				04C0053B1D7063C8001CBDE7 /* JWTAlgorithmRSBase.m in Sources */,
				049C95981DEB1605008839C8 /* JWTCoding+VersionTwo.m in Sources */,
				049C95951DEB15FF008839C8 /* JWTCoding+VersionThree.m in Sources */,
				04C0053C1D7063C8001CBDE7 /* JWTClaim.m in Sources */,
				04C0053D1D7063C8001CBDE7 /* JWTClaimsSet.m in Sources */,
				049C95931DEB15F7008839C8 /* JWTCoding+VersionOne.m in Sources */,
				04C0053E1D7063C8001CBDE7 /* JWTClaimsSetSerializer.m in Sources */,
				04C0053F1D7063C8001CBDE7 /* JWTClaimsSetVerifier.m in Sources */,
			);
			runOnlyForDeploymentPostprocessing = 0;
		};
		045146981D5E2AD2007B1D7A /* Sources */ = {
			isa = PBXSourcesBuildPhase;
			buildActionMask = 2147483647;
			files = (
			);
			runOnlyForDeploymentPostprocessing = 0;
		};
		04DEBC9E1DBCDB8600C1DF52 /* Sources */ = {
			isa = PBXSourcesBuildPhase;
			buildActionMask = 2147483647;
			files = (
				04DEBCAB1DBCDBB600C1DF52 /* JWTBase64Coder.m in Sources */,
				04DEBCAC1DBCDBB600C1DF52 /* JWTAlgorithmDataHolder.m in Sources */,
				04DEBCAD1DBCDBB600C1DF52 /* JWTAlgorithmDataHolderChain.m in Sources */,
				049C95741DEAFB3B008839C8 /* JWTCoding+VersionOne.m in Sources */,
				04DEBCAE1DBCDBB600C1DF52 /* JWTAlgorithmFactory.m in Sources */,
				04DEBCAF1DBCDBB600C1DF52 /* JWTAlgorithmNone.m in Sources */,
				04DEBCB01DBCDBB600C1DF52 /* JWTAlgorithmHS256.m in Sources */,
				04DEBCB11DBCDBB600C1DF52 /* JWTAlgorithmHS384.m in Sources */,
				049C958D1DEB10C2008839C8 /* JWTCoding+VersionThree.m in Sources */,
				04DEBCB21DBCDBB600C1DF52 /* JWTAlgorithmHS512.m in Sources */,
				049C957C1DEAFD22008839C8 /* JWTCoding+VersionTwo.m in Sources */,
				04DEBCB31DBCDBB600C1DF52 /* JWTAlgorithmHSBase.m in Sources */,
				049C95781DEAFB72008839C8 /* JWTErrorDescription.m in Sources */,
				04DEBCD01DBCE3E100C1DF52 /* JWTCoding.m in Sources */,
				04DEBCB41DBCDBB600C1DF52 /* JWTAlgorithmRSBase.m in Sources */,
				04DEBCB51DBCDBB600C1DF52 /* JWTClaim.m in Sources */,
				04DEBCB61DBCDBB600C1DF52 /* JWTClaimsSet.m in Sources */,
				04DEBCB71DBCDBB600C1DF52 /* JWTClaimsSetSerializer.m in Sources */,
				04DEBCB81DBCDBB600C1DF52 /* JWTClaimsSetVerifier.m in Sources */,
			);
			runOnlyForDeploymentPostprocessing = 0;
		};
/* End PBXSourcesBuildPhase section */

/* Begin PBXTargetDependency section */
		045147251D5E2CD2007B1D7A /* PBXTargetDependency */ = {
			isa = PBXTargetDependency;
			target = 045146751D5E2AA1007B1D7A /* JWT_iOS_Framework */;
			targetProxy = 045147241D5E2CD2007B1D7A /* PBXContainerItemProxy */;
		};
		045147271D5E2CDE007B1D7A /* PBXTargetDependency */ = {
			isa = PBXTargetDependency;
			target = 0451468F1D5E2AC3007B1D7A /* JWT_macOS_Framework */;
			targetProxy = 045147261D5E2CDE007B1D7A /* PBXContainerItemProxy */;
		};
/* End PBXTargetDependency section */

/* Begin XCBuildConfiguration section */
		0451466F1D5E2A78007B1D7A /* Debug */ = {
			isa = XCBuildConfiguration;
			buildSettings = {
				CLANG_ANALYZER_NONNULL = YES;
				CLANG_ENABLE_MODULES = YES;
				CLANG_WARN_BOOL_CONVERSION = YES;
				CLANG_WARN_DIRECT_OBJC_ISA_USAGE = YES_ERROR;
				CLANG_WARN_OBJC_ROOT_CLASS = YES_ERROR;
				CLANG_WARN_UNREACHABLE_CODE = YES;
				"CODE_SIGN_IDENTITY[sdk=iphoneos*]" = "iPhone Developer";
				DEBUG_INFORMATION_FORMAT = dwarf;
				ENABLE_STRICT_OBJC_MSGSEND = YES;
				GCC_NO_COMMON_BLOCKS = YES;
				GCC_WARN_64_TO_32_BIT_CONVERSION = YES;
				GCC_WARN_ABOUT_RETURN_TYPE = YES_ERROR;
				GCC_WARN_UNDECLARED_SELECTOR = YES;
				GCC_WARN_UNINITIALIZED_AUTOS = YES_AGGRESSIVE;
				GCC_WARN_UNUSED_FUNCTION = YES;
				INFOPLIST_FILE = "Supplement/JWT-Info.plist";
				IPHONEOS_DEPLOYMENT_TARGET = 9.3;
				MODULEMAP_FILE = Supplement/JWT.modulemap;
				MTL_ENABLE_DEBUG_INFO = YES;
				PRODUCT_NAME = "$(TARGET_NAME)";
				SKIP_INSTALL = YES;
			};
			name = Debug;
		};
		045146701D5E2A78007B1D7A /* Release */ = {
			isa = XCBuildConfiguration;
			buildSettings = {
				CLANG_ANALYZER_NONNULL = YES;
				CLANG_ENABLE_MODULES = YES;
				CLANG_WARN_BOOL_CONVERSION = YES;
				CLANG_WARN_DIRECT_OBJC_ISA_USAGE = YES_ERROR;
				CLANG_WARN_OBJC_ROOT_CLASS = YES_ERROR;
				CLANG_WARN_UNREACHABLE_CODE = YES;
				"CODE_SIGN_IDENTITY[sdk=iphoneos*]" = "iPhone Developer";
				COPY_PHASE_STRIP = NO;
				DEBUG_INFORMATION_FORMAT = "dwarf-with-dsym";
				ENABLE_NS_ASSERTIONS = NO;
				ENABLE_STRICT_OBJC_MSGSEND = YES;
				GCC_NO_COMMON_BLOCKS = YES;
				GCC_WARN_64_TO_32_BIT_CONVERSION = YES;
				GCC_WARN_ABOUT_RETURN_TYPE = YES_ERROR;
				GCC_WARN_UNDECLARED_SELECTOR = YES;
				GCC_WARN_UNINITIALIZED_AUTOS = YES_AGGRESSIVE;
				GCC_WARN_UNUSED_FUNCTION = YES;
				INFOPLIST_FILE = "Supplement/JWT-Info.plist";
				IPHONEOS_DEPLOYMENT_TARGET = 9.3;
				MODULEMAP_FILE = Supplement/JWT.modulemap;
				MTL_ENABLE_DEBUG_INFO = NO;
				PRODUCT_NAME = "$(TARGET_NAME)";
				SKIP_INSTALL = YES;
			};
			name = Release;
		};
		0451467C1D5E2AA1007B1D7A /* Debug */ = {
			isa = XCBuildConfiguration;
			buildSettings = {
				CLANG_ANALYZER_NONNULL = YES;
				CLANG_ENABLE_MODULES = YES;
				CLANG_WARN_BOOL_CONVERSION = YES;
				CLANG_WARN_DIRECT_OBJC_ISA_USAGE = YES_ERROR;
				CLANG_WARN_OBJC_ROOT_CLASS = YES_ERROR;
				CLANG_WARN_UNREACHABLE_CODE = YES;
				"CODE_SIGN_IDENTITY[sdk=iphoneos*]" = "";
				CURRENT_PROJECT_VERSION = 1;
				DEBUG_INFORMATION_FORMAT = dwarf;
				DEFINES_MODULE = YES;
				DYLIB_COMPATIBILITY_VERSION = 1;
				DYLIB_CURRENT_VERSION = 1;
				DYLIB_INSTALL_NAME_BASE = "@rpath";
				ENABLE_STRICT_OBJC_MSGSEND = YES;
				GCC_NO_COMMON_BLOCKS = YES;
				GCC_WARN_64_TO_32_BIT_CONVERSION = YES;
				GCC_WARN_ABOUT_RETURN_TYPE = YES_ERROR;
				GCC_WARN_UNDECLARED_SELECTOR = YES;
				GCC_WARN_UNINITIALIZED_AUTOS = YES_AGGRESSIVE;
				GCC_WARN_UNUSED_FUNCTION = YES;
				INFOPLIST_FILE = "Supplement/JWT-Info.plist";
				INSTALL_PATH = "$(LOCAL_LIBRARY_DIR)/Frameworks";
				IPHONEOS_DEPLOYMENT_TARGET = 9.3;
				LD_RUNPATH_SEARCH_PATHS = "$(inherited) @executable_path/Frameworks @loader_path/Frameworks";
				MODULEMAP_FILE = Supplement/JWT.modulemap;
				MTL_ENABLE_DEBUG_INFO = YES;
				PRODUCT_BUNDLE_IDENTIFIER = com.jwtio.JWT_iOS_Framework;
				PRODUCT_NAME = "$(TARGET_NAME)";
				SKIP_INSTALL = YES;
				TARGETED_DEVICE_FAMILY = "1,2";
				VERSIONING_SYSTEM = "apple-generic";
				VERSION_INFO_PREFIX = "";
			};
			name = Debug;
		};
		0451467D1D5E2AA1007B1D7A /* Release */ = {
			isa = XCBuildConfiguration;
			buildSettings = {
				CLANG_ANALYZER_NONNULL = YES;
				CLANG_ENABLE_MODULES = YES;
				CLANG_WARN_BOOL_CONVERSION = YES;
				CLANG_WARN_DIRECT_OBJC_ISA_USAGE = YES_ERROR;
				CLANG_WARN_OBJC_ROOT_CLASS = YES_ERROR;
				CLANG_WARN_UNREACHABLE_CODE = YES;
				"CODE_SIGN_IDENTITY[sdk=iphoneos*]" = "";
				COPY_PHASE_STRIP = NO;
				CURRENT_PROJECT_VERSION = 1;
				DEBUG_INFORMATION_FORMAT = "dwarf-with-dsym";
				DEFINES_MODULE = YES;
				DYLIB_COMPATIBILITY_VERSION = 1;
				DYLIB_CURRENT_VERSION = 1;
				DYLIB_INSTALL_NAME_BASE = "@rpath";
				ENABLE_NS_ASSERTIONS = NO;
				ENABLE_STRICT_OBJC_MSGSEND = YES;
				GCC_NO_COMMON_BLOCKS = YES;
				GCC_WARN_64_TO_32_BIT_CONVERSION = YES;
				GCC_WARN_ABOUT_RETURN_TYPE = YES_ERROR;
				GCC_WARN_UNDECLARED_SELECTOR = YES;
				GCC_WARN_UNINITIALIZED_AUTOS = YES_AGGRESSIVE;
				GCC_WARN_UNUSED_FUNCTION = YES;
				INFOPLIST_FILE = "Supplement/JWT-Info.plist";
				INSTALL_PATH = "$(LOCAL_LIBRARY_DIR)/Frameworks";
				IPHONEOS_DEPLOYMENT_TARGET = 9.3;
				LD_RUNPATH_SEARCH_PATHS = "$(inherited) @executable_path/Frameworks @loader_path/Frameworks";
				MODULEMAP_FILE = Supplement/JWT.modulemap;
				MTL_ENABLE_DEBUG_INFO = NO;
				PRODUCT_BUNDLE_IDENTIFIER = com.jwtio.JWT_iOS_Framework;
				PRODUCT_NAME = "$(TARGET_NAME)";
				SKIP_INSTALL = YES;
				TARGETED_DEVICE_FAMILY = "1,2";
				VERSIONING_SYSTEM = "apple-generic";
				VERSION_INFO_PREFIX = "";
			};
			name = Release;
		};
		045146891D5E2AAF007B1D7A /* Debug */ = {
			isa = XCBuildConfiguration;
			buildSettings = {
				CLANG_ANALYZER_NONNULL = YES;
				CLANG_ENABLE_MODULES = YES;
				CLANG_WARN_BOOL_CONVERSION = YES;
				CLANG_WARN_DIRECT_OBJC_ISA_USAGE = YES_ERROR;
				CLANG_WARN_OBJC_ROOT_CLASS = YES_ERROR;
				CLANG_WARN_UNREACHABLE_CODE = YES;
				"CODE_SIGN_IDENTITY[sdk=iphoneos*]" = "";
				CURRENT_PROJECT_VERSION = 1;
				DEBUG_INFORMATION_FORMAT = dwarf;
				DEFINES_MODULE = YES;
				DYLIB_COMPATIBILITY_VERSION = 1;
				DYLIB_CURRENT_VERSION = 1;
				DYLIB_INSTALL_NAME_BASE = "@rpath";
				ENABLE_STRICT_OBJC_MSGSEND = YES;
				GCC_NO_COMMON_BLOCKS = YES;
				GCC_WARN_64_TO_32_BIT_CONVERSION = YES;
				GCC_WARN_ABOUT_RETURN_TYPE = YES_ERROR;
				GCC_WARN_UNDECLARED_SELECTOR = YES;
				GCC_WARN_UNINITIALIZED_AUTOS = YES_AGGRESSIVE;
				GCC_WARN_UNUSED_FUNCTION = YES;
				INFOPLIST_FILE = "Supplement/JWT-Info.plist";
				INSTALL_PATH = "$(LOCAL_LIBRARY_DIR)/Frameworks";
				IPHONEOS_DEPLOYMENT_TARGET = 9.3;
				LD_RUNPATH_SEARCH_PATHS = "$(inherited) @executable_path/Frameworks @loader_path/Frameworks";
				MTL_ENABLE_DEBUG_INFO = YES;
				PRODUCT_BUNDLE_IDENTIFIER = com.jwtio.JWT_iOS_Swift;
				PRODUCT_NAME = "$(TARGET_NAME)";
				SKIP_INSTALL = YES;
				SWIFT_OPTIMIZATION_LEVEL = "-Onone";
				TARGETED_DEVICE_FAMILY = "1,2";
				VERSIONING_SYSTEM = "apple-generic";
				VERSION_INFO_PREFIX = "";
			};
			name = Debug;
		};
		0451468A1D5E2AAF007B1D7A /* Release */ = {
			isa = XCBuildConfiguration;
			buildSettings = {
				CLANG_ANALYZER_NONNULL = YES;
				CLANG_ENABLE_MODULES = YES;
				CLANG_WARN_BOOL_CONVERSION = YES;
				CLANG_WARN_DIRECT_OBJC_ISA_USAGE = YES_ERROR;
				CLANG_WARN_OBJC_ROOT_CLASS = YES_ERROR;
				CLANG_WARN_UNREACHABLE_CODE = YES;
				"CODE_SIGN_IDENTITY[sdk=iphoneos*]" = "";
				COPY_PHASE_STRIP = NO;
				CURRENT_PROJECT_VERSION = 1;
				DEBUG_INFORMATION_FORMAT = "dwarf-with-dsym";
				DEFINES_MODULE = YES;
				DYLIB_COMPATIBILITY_VERSION = 1;
				DYLIB_CURRENT_VERSION = 1;
				DYLIB_INSTALL_NAME_BASE = "@rpath";
				ENABLE_NS_ASSERTIONS = NO;
				ENABLE_STRICT_OBJC_MSGSEND = YES;
				GCC_NO_COMMON_BLOCKS = YES;
				GCC_WARN_64_TO_32_BIT_CONVERSION = YES;
				GCC_WARN_ABOUT_RETURN_TYPE = YES_ERROR;
				GCC_WARN_UNDECLARED_SELECTOR = YES;
				GCC_WARN_UNINITIALIZED_AUTOS = YES_AGGRESSIVE;
				GCC_WARN_UNUSED_FUNCTION = YES;
				INFOPLIST_FILE = "Supplement/JWT-Info.plist";
				INSTALL_PATH = "$(LOCAL_LIBRARY_DIR)/Frameworks";
				IPHONEOS_DEPLOYMENT_TARGET = 9.3;
				LD_RUNPATH_SEARCH_PATHS = "$(inherited) @executable_path/Frameworks @loader_path/Frameworks";
				MTL_ENABLE_DEBUG_INFO = NO;
				PRODUCT_BUNDLE_IDENTIFIER = com.jwtio.JWT_iOS_Swift;
				PRODUCT_NAME = "$(TARGET_NAME)";
				SKIP_INSTALL = YES;
				TARGETED_DEVICE_FAMILY = "1,2";
				VERSIONING_SYSTEM = "apple-generic";
				VERSION_INFO_PREFIX = "";
			};
			name = Release;
		};
		045146961D5E2AC4007B1D7A /* Debug */ = {
			isa = XCBuildConfiguration;
			buildSettings = {
				CLANG_ANALYZER_NONNULL = YES;
				CLANG_ENABLE_MODULES = YES;
				CLANG_WARN_BOOL_CONVERSION = YES;
				CLANG_WARN_DIRECT_OBJC_ISA_USAGE = YES_ERROR;
				CLANG_WARN_OBJC_ROOT_CLASS = YES_ERROR;
				CLANG_WARN_UNREACHABLE_CODE = YES;
				CODE_SIGN_IDENTITY = "";
				COMBINE_HIDPI_IMAGES = YES;
				CURRENT_PROJECT_VERSION = 1;
				DEBUG_INFORMATION_FORMAT = dwarf;
				DEFINES_MODULE = YES;
				DYLIB_COMPATIBILITY_VERSION = 1;
				DYLIB_CURRENT_VERSION = 1;
				DYLIB_INSTALL_NAME_BASE = "@rpath";
				ENABLE_STRICT_OBJC_MSGSEND = YES;
				FRAMEWORK_VERSION = A;
				GCC_NO_COMMON_BLOCKS = YES;
				GCC_WARN_64_TO_32_BIT_CONVERSION = YES;
				GCC_WARN_ABOUT_RETURN_TYPE = YES_ERROR;
				GCC_WARN_UNDECLARED_SELECTOR = YES;
				GCC_WARN_UNINITIALIZED_AUTOS = YES_AGGRESSIVE;
				GCC_WARN_UNUSED_FUNCTION = YES;
				INFOPLIST_FILE = "Supplement/JWT-Info.plist";
				INSTALL_PATH = "$(LOCAL_LIBRARY_DIR)/Frameworks";
				LD_RUNPATH_SEARCH_PATHS = "$(inherited) @executable_path/../Frameworks @loader_path/Frameworks";
				MACOSX_DEPLOYMENT_TARGET = 10.11;
				MODULEMAP_FILE = Supplement/JWT.modulemap;
				MTL_ENABLE_DEBUG_INFO = YES;
				PRODUCT_BUNDLE_IDENTIFIER = com.jwtio.JWT_macOS_Framework;
				PRODUCT_NAME = "$(TARGET_NAME)";
				SDKROOT = macosx;
				SKIP_INSTALL = YES;
				VERSIONING_SYSTEM = "apple-generic";
				VERSION_INFO_PREFIX = "";
			};
			name = Debug;
		};
		045146971D5E2AC4007B1D7A /* Release */ = {
			isa = XCBuildConfiguration;
			buildSettings = {
				CLANG_ANALYZER_NONNULL = YES;
				CLANG_ENABLE_MODULES = YES;
				CLANG_WARN_BOOL_CONVERSION = YES;
				CLANG_WARN_DIRECT_OBJC_ISA_USAGE = YES_ERROR;
				CLANG_WARN_OBJC_ROOT_CLASS = YES_ERROR;
				CLANG_WARN_UNREACHABLE_CODE = YES;
				CODE_SIGN_IDENTITY = "";
				COMBINE_HIDPI_IMAGES = YES;
				COPY_PHASE_STRIP = NO;
				CURRENT_PROJECT_VERSION = 1;
				DEBUG_INFORMATION_FORMAT = "dwarf-with-dsym";
				DEFINES_MODULE = YES;
				DYLIB_COMPATIBILITY_VERSION = 1;
				DYLIB_CURRENT_VERSION = 1;
				DYLIB_INSTALL_NAME_BASE = "@rpath";
				ENABLE_NS_ASSERTIONS = NO;
				ENABLE_STRICT_OBJC_MSGSEND = YES;
				FRAMEWORK_VERSION = A;
				GCC_NO_COMMON_BLOCKS = YES;
				GCC_WARN_64_TO_32_BIT_CONVERSION = YES;
				GCC_WARN_ABOUT_RETURN_TYPE = YES_ERROR;
				GCC_WARN_UNDECLARED_SELECTOR = YES;
				GCC_WARN_UNINITIALIZED_AUTOS = YES_AGGRESSIVE;
				GCC_WARN_UNUSED_FUNCTION = YES;
				INFOPLIST_FILE = "Supplement/JWT-Info.plist";
				INSTALL_PATH = "$(LOCAL_LIBRARY_DIR)/Frameworks";
				LD_RUNPATH_SEARCH_PATHS = "$(inherited) @executable_path/../Frameworks @loader_path/Frameworks";
				MACOSX_DEPLOYMENT_TARGET = 10.11;
				MODULEMAP_FILE = Supplement/JWT.modulemap;
				MTL_ENABLE_DEBUG_INFO = NO;
				PRODUCT_BUNDLE_IDENTIFIER = com.jwtio.JWT_macOS_Framework;
				PRODUCT_NAME = "$(TARGET_NAME)";
				SDKROOT = macosx;
				SKIP_INSTALL = YES;
				VERSIONING_SYSTEM = "apple-generic";
				VERSION_INFO_PREFIX = "";
			};
			name = Release;
		};
		045146A31D5E2AD2007B1D7A /* Debug */ = {
			isa = XCBuildConfiguration;
			buildSettings = {
				CLANG_ANALYZER_NONNULL = YES;
				CLANG_ENABLE_MODULES = YES;
				CLANG_WARN_BOOL_CONVERSION = YES;
				CLANG_WARN_DIRECT_OBJC_ISA_USAGE = YES_ERROR;
				CLANG_WARN_OBJC_ROOT_CLASS = YES_ERROR;
				CLANG_WARN_UNREACHABLE_CODE = YES;
				CODE_SIGN_IDENTITY = "";
				COMBINE_HIDPI_IMAGES = YES;
				CURRENT_PROJECT_VERSION = 1;
				DEBUG_INFORMATION_FORMAT = dwarf;
				DEFINES_MODULE = YES;
				DYLIB_COMPATIBILITY_VERSION = 1;
				DYLIB_CURRENT_VERSION = 1;
				DYLIB_INSTALL_NAME_BASE = "@rpath";
				ENABLE_STRICT_OBJC_MSGSEND = YES;
				FRAMEWORK_VERSION = A;
				GCC_NO_COMMON_BLOCKS = YES;
				GCC_WARN_64_TO_32_BIT_CONVERSION = YES;
				GCC_WARN_ABOUT_RETURN_TYPE = YES_ERROR;
				GCC_WARN_UNDECLARED_SELECTOR = YES;
				GCC_WARN_UNINITIALIZED_AUTOS = YES_AGGRESSIVE;
				GCC_WARN_UNUSED_FUNCTION = YES;
				INFOPLIST_FILE = "Supplement/JWT-Info.plist";
				INSTALL_PATH = "$(LOCAL_LIBRARY_DIR)/Frameworks";
				LD_RUNPATH_SEARCH_PATHS = "$(inherited) @executable_path/../Frameworks @loader_path/Frameworks";
				MACOSX_DEPLOYMENT_TARGET = 10.11;
				MODULEMAP_FILE = "";
				MTL_ENABLE_DEBUG_INFO = YES;
				PRODUCT_BUNDLE_IDENTIFIER = com.jwtio.JWT_macOS_Swift;
				PRODUCT_NAME = "$(TARGET_NAME)";
				SDKROOT = macosx;
				SKIP_INSTALL = YES;
				SWIFT_OPTIMIZATION_LEVEL = "-Onone";
				VERSIONING_SYSTEM = "apple-generic";
				VERSION_INFO_PREFIX = "";
			};
			name = Debug;
		};
		045146A41D5E2AD2007B1D7A /* Release */ = {
			isa = XCBuildConfiguration;
			buildSettings = {
				CLANG_ANALYZER_NONNULL = YES;
				CLANG_ENABLE_MODULES = YES;
				CLANG_WARN_BOOL_CONVERSION = YES;
				CLANG_WARN_DIRECT_OBJC_ISA_USAGE = YES_ERROR;
				CLANG_WARN_OBJC_ROOT_CLASS = YES_ERROR;
				CLANG_WARN_UNREACHABLE_CODE = YES;
				CODE_SIGN_IDENTITY = "";
				COMBINE_HIDPI_IMAGES = YES;
				COPY_PHASE_STRIP = NO;
				CURRENT_PROJECT_VERSION = 1;
				DEBUG_INFORMATION_FORMAT = "dwarf-with-dsym";
				DEFINES_MODULE = YES;
				DYLIB_COMPATIBILITY_VERSION = 1;
				DYLIB_CURRENT_VERSION = 1;
				DYLIB_INSTALL_NAME_BASE = "@rpath";
				ENABLE_NS_ASSERTIONS = NO;
				ENABLE_STRICT_OBJC_MSGSEND = YES;
				FRAMEWORK_VERSION = A;
				GCC_NO_COMMON_BLOCKS = YES;
				GCC_WARN_64_TO_32_BIT_CONVERSION = YES;
				GCC_WARN_ABOUT_RETURN_TYPE = YES_ERROR;
				GCC_WARN_UNDECLARED_SELECTOR = YES;
				GCC_WARN_UNINITIALIZED_AUTOS = YES_AGGRESSIVE;
				GCC_WARN_UNUSED_FUNCTION = YES;
				INFOPLIST_FILE = "Supplement/JWT-Info.plist";
				INSTALL_PATH = "$(LOCAL_LIBRARY_DIR)/Frameworks";
				LD_RUNPATH_SEARCH_PATHS = "$(inherited) @executable_path/../Frameworks @loader_path/Frameworks";
				MACOSX_DEPLOYMENT_TARGET = 10.11;
				MODULEMAP_FILE = "";
				MTL_ENABLE_DEBUG_INFO = NO;
				PRODUCT_BUNDLE_IDENTIFIER = com.jwtio.JWT_macOS_Swift;
				PRODUCT_NAME = "$(TARGET_NAME)";
				SDKROOT = macosx;
				SKIP_INSTALL = YES;
				VERSIONING_SYSTEM = "apple-generic";
				VERSION_INFO_PREFIX = "";
			};
			name = Release;
		};
		04DEBCA81DBCDB8700C1DF52 /* Debug */ = {
			isa = XCBuildConfiguration;
			buildSettings = {
				CLANG_ANALYZER_NONNULL = YES;
				CLANG_ENABLE_MODULES = YES;
				CLANG_WARN_DIRECT_OBJC_ISA_USAGE = YES_ERROR;
				CLANG_WARN_DOCUMENTATION_COMMENTS = YES;
				CLANG_WARN_OBJC_ROOT_CLASS = YES_ERROR;
				CLANG_WARN_SUSPICIOUS_MOVES = YES;
				CODE_SIGN_IDENTITY = "-";
				COMBINE_HIDPI_IMAGES = YES;
				CURRENT_PROJECT_VERSION = 1;
				DEBUG_INFORMATION_FORMAT = dwarf;
				DEFINES_MODULE = YES;
				DEVELOPMENT_TEAM = "";
				DYLIB_COMPATIBILITY_VERSION = 1;
				DYLIB_CURRENT_VERSION = 1;
				DYLIB_INSTALL_NAME_BASE = "@rpath";
				FRAMEWORK_VERSION = A;
				GCC_WARN_ABOUT_RETURN_TYPE = YES_ERROR;
				GCC_WARN_UNINITIALIZED_AUTOS = YES_AGGRESSIVE;
				INFOPLIST_FILE = "Supplement/JWT-Info.plist";
				INSTALL_PATH = "$(LOCAL_LIBRARY_DIR)/Frameworks";
				LD_RUNPATH_SEARCH_PATHS = "$(inherited) @executable_path/../Frameworks @loader_path/Frameworks";
				MACOSX_DEPLOYMENT_TARGET = 10.8;
				MODULEMAP_FILE = Supplement/JWT.modulemap;
				MTL_ENABLE_DEBUG_INFO = YES;
				PRODUCT_BUNDLE_IDENTIFIER = com.jwtio.JWT;
				PRODUCT_NAME = "$(TARGET_NAME)";
				SDKROOT = macosx;
				SKIP_INSTALL = YES;
				SUPPORTED_PLATFORMS = "macosx iphonesimulator iphoneos";
				VALID_ARCHS = "i386 x86_64 arm64 armv7 armv7s";
				VERSIONING_SYSTEM = "apple-generic";
				VERSION_INFO_PREFIX = "";
			};
			name = Debug;
		};
		04DEBCA91DBCDB8700C1DF52 /* Release */ = {
			isa = XCBuildConfiguration;
			buildSettings = {
				CLANG_ANALYZER_NONNULL = YES;
				CLANG_ENABLE_MODULES = YES;
				CLANG_WARN_DIRECT_OBJC_ISA_USAGE = YES_ERROR;
				CLANG_WARN_DOCUMENTATION_COMMENTS = YES;
				CLANG_WARN_OBJC_ROOT_CLASS = YES_ERROR;
				CLANG_WARN_SUSPICIOUS_MOVES = YES;
				CODE_SIGN_IDENTITY = "-";
				COMBINE_HIDPI_IMAGES = YES;
				COPY_PHASE_STRIP = NO;
				CURRENT_PROJECT_VERSION = 1;
				DEBUG_INFORMATION_FORMAT = "dwarf-with-dsym";
				DEFINES_MODULE = YES;
				DEVELOPMENT_TEAM = "";
				DYLIB_COMPATIBILITY_VERSION = 1;
				DYLIB_CURRENT_VERSION = 1;
				DYLIB_INSTALL_NAME_BASE = "@rpath";
				ENABLE_NS_ASSERTIONS = NO;
				FRAMEWORK_VERSION = A;
				GCC_WARN_ABOUT_RETURN_TYPE = YES_ERROR;
				GCC_WARN_UNINITIALIZED_AUTOS = YES_AGGRESSIVE;
				INFOPLIST_FILE = "Supplement/JWT-Info.plist";
				INSTALL_PATH = "$(LOCAL_LIBRARY_DIR)/Frameworks";
				LD_RUNPATH_SEARCH_PATHS = "$(inherited) @executable_path/../Frameworks @loader_path/Frameworks";
				MACOSX_DEPLOYMENT_TARGET = 10.8;
				MODULEMAP_FILE = Supplement/JWT.modulemap;
				MTL_ENABLE_DEBUG_INFO = NO;
				PRODUCT_BUNDLE_IDENTIFIER = com.jwtio.JWT;
				PRODUCT_NAME = "$(TARGET_NAME)";
				SDKROOT = macosx;
				SKIP_INSTALL = YES;
				SUPPORTED_PLATFORMS = "macosx iphonesimulator iphoneos";
				VALID_ARCHS = "i386 x86_64 arm64 armv7 armv7s";
				VERSIONING_SYSTEM = "apple-generic";
				VERSION_INFO_PREFIX = "";
			};
			name = Release;
		};
		A1951DD91758990800AF73D9 /* Debug */ = {
			isa = XCBuildConfiguration;
			buildSettings = {
				ALWAYS_SEARCH_USER_PATHS = NO;
				CLANG_CXX_LANGUAGE_STANDARD = "gnu++0x";
				CLANG_CXX_LIBRARY = "libc++";
				CLANG_ENABLE_OBJC_ARC = YES;
				CLANG_WARN_BOOL_CONVERSION = YES;
				CLANG_WARN_CONSTANT_CONVERSION = YES;
				CLANG_WARN_EMPTY_BODY = YES;
				CLANG_WARN_ENUM_CONVERSION = YES;
				CLANG_WARN_INFINITE_RECURSION = YES;
				CLANG_WARN_INT_CONVERSION = YES;
				CLANG_WARN_SUSPICIOUS_MOVE = YES;
				CLANG_WARN_UNREACHABLE_CODE = YES;
				CLANG_WARN__DUPLICATE_METHOD_MATCH = YES;
				COPY_PHASE_STRIP = NO;
				ENABLE_STRICT_OBJC_MSGSEND = YES;
				ENABLE_TESTABILITY = YES;
				GCC_C_LANGUAGE_STANDARD = gnu99;
				GCC_DYNAMIC_NO_PIC = NO;
				GCC_NO_COMMON_BLOCKS = YES;
				GCC_OPTIMIZATION_LEVEL = 0;
				GCC_PREPROCESSOR_DEFINITIONS = (
					"DEBUG=1",
					"$(inherited)",
				);
				GCC_SYMBOLS_PRIVATE_EXTERN = NO;
				GCC_WARN_64_TO_32_BIT_CONVERSION = YES;
				GCC_WARN_ABOUT_RETURN_TYPE = YES;
				GCC_WARN_UNDECLARED_SELECTOR = YES;
				GCC_WARN_UNINITIALIZED_AUTOS = YES;
				GCC_WARN_UNUSED_FUNCTION = YES;
				GCC_WARN_UNUSED_VARIABLE = YES;
				IPHONEOS_DEPLOYMENT_TARGET = 8.0;
				ONLY_ACTIVE_ARCH = YES;
				SDKROOT = iphoneos;
			};
			name = Debug;
		};
		A1951DDA1758990800AF73D9 /* Release */ = {
			isa = XCBuildConfiguration;
			buildSettings = {
				ALWAYS_SEARCH_USER_PATHS = NO;
				CLANG_CXX_LANGUAGE_STANDARD = "gnu++0x";
				CLANG_CXX_LIBRARY = "libc++";
				CLANG_ENABLE_OBJC_ARC = YES;
				CLANG_WARN_BOOL_CONVERSION = YES;
				CLANG_WARN_CONSTANT_CONVERSION = YES;
				CLANG_WARN_EMPTY_BODY = YES;
				CLANG_WARN_ENUM_CONVERSION = YES;
				CLANG_WARN_INFINITE_RECURSION = YES;
				CLANG_WARN_INT_CONVERSION = YES;
				CLANG_WARN_SUSPICIOUS_MOVE = YES;
				CLANG_WARN_UNREACHABLE_CODE = YES;
				CLANG_WARN__DUPLICATE_METHOD_MATCH = YES;
				COPY_PHASE_STRIP = YES;
				ENABLE_STRICT_OBJC_MSGSEND = YES;
				GCC_C_LANGUAGE_STANDARD = gnu99;
				GCC_NO_COMMON_BLOCKS = YES;
				GCC_WARN_64_TO_32_BIT_CONVERSION = YES;
				GCC_WARN_ABOUT_RETURN_TYPE = YES;
				GCC_WARN_UNDECLARED_SELECTOR = YES;
				GCC_WARN_UNINITIALIZED_AUTOS = YES;
				GCC_WARN_UNUSED_FUNCTION = YES;
				GCC_WARN_UNUSED_VARIABLE = YES;
				IPHONEOS_DEPLOYMENT_TARGET = 8.0;
				SDKROOT = iphoneos;
				VALIDATE_PRODUCT = YES;
			};
			name = Release;
		};
/* End XCBuildConfiguration section */

/* Begin XCConfigurationList section */
		0451466E1D5E2A78007B1D7A /* Build configuration list for PBXNativeTarget "JWT_iOS_Static" */ = {
			isa = XCConfigurationList;
			buildConfigurations = (
				0451466F1D5E2A78007B1D7A /* Debug */,
				045146701D5E2A78007B1D7A /* Release */,
			);
			defaultConfigurationIsVisible = 0;
			defaultConfigurationName = Release;
		};
		0451467B1D5E2AA1007B1D7A /* Build configuration list for PBXNativeTarget "JWT_iOS_Framework" */ = {
			isa = XCConfigurationList;
			buildConfigurations = (
				0451467C1D5E2AA1007B1D7A /* Debug */,
				0451467D1D5E2AA1007B1D7A /* Release */,
			);
			defaultConfigurationIsVisible = 0;
			defaultConfigurationName = Release;
		};
		045146881D5E2AAF007B1D7A /* Build configuration list for PBXNativeTarget "JWT_iOS_Swift" */ = {
			isa = XCConfigurationList;
			buildConfigurations = (
				045146891D5E2AAF007B1D7A /* Debug */,
				0451468A1D5E2AAF007B1D7A /* Release */,
			);
			defaultConfigurationIsVisible = 0;
			defaultConfigurationName = Release;
		};
		045146951D5E2AC4007B1D7A /* Build configuration list for PBXNativeTarget "JWT_macOS_Framework" */ = {
			isa = XCConfigurationList;
			buildConfigurations = (
				045146961D5E2AC4007B1D7A /* Debug */,
				045146971D5E2AC4007B1D7A /* Release */,
			);
			defaultConfigurationIsVisible = 0;
			defaultConfigurationName = Release;
		};
		045146A21D5E2AD2007B1D7A /* Build configuration list for PBXNativeTarget "JWT_macOS_Swift" */ = {
			isa = XCConfigurationList;
			buildConfigurations = (
				045146A31D5E2AD2007B1D7A /* Debug */,
				045146A41D5E2AD2007B1D7A /* Release */,
			);
			defaultConfigurationIsVisible = 0;
			defaultConfigurationName = Release;
		};
		04DEBCAA1DBCDB8700C1DF52 /* Build configuration list for PBXNativeTarget "JWT" */ = {
			isa = XCConfigurationList;
			buildConfigurations = (
				04DEBCA81DBCDB8700C1DF52 /* Debug */,
				04DEBCA91DBCDB8700C1DF52 /* Release */,
			);
			defaultConfigurationIsVisible = 0;
			defaultConfigurationName = Release;
		};
		A1951DB11758990700AF73D9 /* Build configuration list for PBXProject "JWT" */ = {
			isa = XCConfigurationList;
			buildConfigurations = (
				A1951DD91758990800AF73D9 /* Debug */,
				A1951DDA1758990800AF73D9 /* Release */,
			);
			defaultConfigurationIsVisible = 0;
			defaultConfigurationName = Release;
		};
/* End XCConfigurationList section */
	};
	rootObject = A1951DAE1758990700AF73D9 /* Project object */;
}
