PODS:
  - Base64 (1.1.2)
  - JWT (2.1.0-beta.3):
    - Base64 (~> 1.1.2)
  - Kiwi (2.4.0)

DEPENDENCIES:
  - JWT (from `../`)
  - Kiwi

EXTERNAL SOURCES:
  JWT:
    :path: "../"

SPEC CHECKSUMS:
  Base64: cecfb41a004124895a7bcee567a89bae5a89d49b
  JWT: c21ea91b77009bc59374a09f0a78b57e063da980
  Kiwi: f49c9d54b28917df5928fe44968a39ed198cb8a8

PODFILE CHECKSUM: ff7603a55b6a1be7ba8ea4473ecf3ce38d656d06

COCOAPODS: 1.0.0
