// !$*UTF8*$!
{
	archiveVersion = 1;
	classes = {
	};
	objectVersion = 46;
	objects = {

/* Begin PBXBuildFile section */
		7BFE89891DA203C300C5DDF0 /* AppDelegate.swift in Sources */ = {isa = PBXBuildFile; fileRef = 7BFE89881DA203C300C5DDF0 /* AppDelegate.swift */; };
		7BFE898B1DA203C300C5DDF0 /* ViewController.swift in Sources */ = {isa = PBXBuildFile; fileRef = 7BFE898A1DA203C300C5DDF0 /* ViewController.swift */; };
		7BFE898E1DA203C300C5DDF0 /* Main.storyboard in Resources */ = {isa = PBXBuildFile; fileRef = 7BFE898C1DA203C300C5DDF0 /* Main.storyboard */; };
		7BFE89901DA203C300C5DDF0 /* Assets.xcassets in Resources */ = {isa = PBXBuildFile; fileRef = 7BFE898F1DA203C300C5DDF0 /* Assets.xcassets */; };
		7BFE89931DA203C300C5DDF0 /* LaunchScreen.storyboard in Resources */ = {isa = PBXBuildFile; fileRef = 7BFE89911DA203C300C5DDF0 /* LaunchScreen.storyboard */; };
		7BFE899B1DA203D200C5DDF0 /* JWT_Module.framework in Frameworks */ = {isa = PBXBuildFile; fileRef = 7BFE899A1DA203D200C5DDF0 /* JWT_Module.framework */; };
		7BFE899C1DA203D200C5DDF0 /* JWT_Module.framework in Embed Frameworks */ = {isa = PBXBuildFile; fileRef = 7BFE899A1DA203D200C5DDF0 /* JWT_Module.framework */; settings = {ATTRIBUTES = (CodeSignOnCopy, RemoveHeadersOnCopy, ); }; };
		7BFE899F1DA203EE00C5DDF0 /* Base64.framework in Frameworks */ = {isa = PBXBuildFile; fileRef = 7BFE899E1DA203EE00C5DDF0 /* Base64.framework */; };
		7BFE89A01DA203EE00C5DDF0 /* Base64.framework in Embed Frameworks */ = {isa = PBXBuildFile; fileRef = 7BFE899E1DA203EE00C5DDF0 /* Base64.framework */; settings = {ATTRIBUTES = (CodeSignOnCopy, RemoveHeadersOnCopy, ); }; };
/* End PBXBuildFile section */

/* Begin PBXCopyFilesBuildPhase section */
		7BFE899D1DA203D200C5DDF0 /* Embed Frameworks */ = {
			isa = PBXCopyFilesBuildPhase;
			buildActionMask = 2147483647;
			dstPath = "";
			dstSubfolderSpec = 10;
			files = (
				7BFE899C1DA203D200C5DDF0 /* JWT_Module.framework in Embed Frameworks */,
				7BFE89A01DA203EE00C5DDF0 /* Base64.framework in Embed Frameworks */,
			);
			name = "Embed Frameworks";
			runOnlyForDeploymentPostprocessing = 0;
		};
/* End PBXCopyFilesBuildPhase section */

/* Begin PBXFileReference section */
		7BFE89851DA203C300C5DDF0 /* Carthage Example.app */ = {isa = PBXFileReference; explicitFileType = wrapper.application; includeInIndex = 0; path = "Carthage Example.app"; sourceTree = BUILT_PRODUCTS_DIR; };
		7BFE89881DA203C300C5DDF0 /* AppDelegate.swift */ = {isa = PBXFileReference; lastKnownFileType = sourcecode.swift; path = AppDelegate.swift; sourceTree = "<group>"; };
		7BFE898A1DA203C300C5DDF0 /* ViewController.swift */ = {isa = PBXFileReference; lastKnownFileType = sourcecode.swift; path = ViewController.swift; sourceTree = "<group>"; };
		7BFE898D1DA203C300C5DDF0 /* Base */ = {isa = PBXFileReference; lastKnownFileType = file.storyboard; name = Base; path = Base.lproj/Main.storyboard; sourceTree = "<group>"; };
		7BFE898F1DA203C300C5DDF0 /* Assets.xcassets */ = {isa = PBXFileReference; lastKnownFileType = folder.assetcatalog; path = Assets.xcassets; sourceTree = "<group>"; };
		7BFE89921DA203C300C5DDF0 /* Base */ = {isa = PBXFileReference; lastKnownFileType = file.storyboard; name = Base; path = Base.lproj/LaunchScreen.storyboard; sourceTree = "<group>"; };
		7BFE89941DA203C300C5DDF0 /* Info.plist */ = {isa = PBXFileReference; lastKnownFileType = text.plist.xml; path = Info.plist; sourceTree = "<group>"; };
		7BFE899A1DA203D200C5DDF0 /* JWT_Module.framework */ = {isa = PBXFileReference; explicitFileType = wrapper.framework; path = JWT_Module.framework; sourceTree = BUILT_PRODUCTS_DIR; };
		7BFE899E1DA203EE00C5DDF0 /* Base64.framework */ = {isa = PBXFileReference; lastKnownFileType = wrapper.framework; path = Base64.framework; sourceTree = "<group>"; };
/* End PBXFileReference section */

/* Begin PBXFrameworksBuildPhase section */
		7BFE89821DA203C300C5DDF0 /* Frameworks */ = {
			isa = PBXFrameworksBuildPhase;
			buildActionMask = 2147483647;
			files = (
				7BFE899B1DA203D200C5DDF0 /* JWT_Module.framework in Frameworks */,
				7BFE899F1DA203EE00C5DDF0 /* Base64.framework in Frameworks */,
			);
			runOnlyForDeploymentPostprocessing = 0;
		};
/* End PBXFrameworksBuildPhase section */

/* Begin PBXGroup section */
		7BFE897C1DA203C300C5DDF0 = {
			isa = PBXGroup;
			children = (
				7BFE899E1DA203EE00C5DDF0 /* Base64.framework */,
				7BFE899A1DA203D200C5DDF0 /* JWT_Module.framework */,
				7BFE89871DA203C300C5DDF0 /* Carthage Example */,
				7BFE89861DA203C300C5DDF0 /* Products */,
			);
			sourceTree = "<group>";
		};
		7BFE89861DA203C300C5DDF0 /* Products */ = {
			isa = PBXGroup;
			children = (
				7BFE89851DA203C300C5DDF0 /* Carthage Example.app */,
			);
			name = Products;
			sourceTree = "<group>";
		};
		7BFE89871DA203C300C5DDF0 /* Carthage Example */ = {
			isa = PBXGroup;
			children = (
				7BFE89881DA203C300C5DDF0 /* AppDelegate.swift */,
				7BFE898A1DA203C300C5DDF0 /* ViewController.swift */,
				7BFE898C1DA203C300C5DDF0 /* Main.storyboard */,
				7BFE898F1DA203C300C5DDF0 /* Assets.xcassets */,
				7BFE89911DA203C300C5DDF0 /* LaunchScreen.storyboard */,
				7BFE89941DA203C300C5DDF0 /* Info.plist */,
			);
			path = "Carthage Example";
			sourceTree = "<group>";
		};
/* End PBXGroup section */

/* Begin PBXNativeTarget section */
		7BFE89841DA203C300C5DDF0 /* Carthage Example */ = {
			isa = PBXNativeTarget;
			buildConfigurationList = 7BFE89971DA203C300C5DDF0 /* Build configuration list for PBXNativeTarget "Carthage Example" */;
			buildPhases = (
				7BFE89811DA203C300C5DDF0 /* Sources */,
				7BFE89821DA203C300C5DDF0 /* Frameworks */,
				7BFE89831DA203C300C5DDF0 /* Resources */,
				7BFE899D1DA203D200C5DDF0 /* Embed Frameworks */,
			);
			buildRules = (
			);
			dependencies = (
			);
			name = "Carthage Example";
			productName = "Carthage Example";
			productReference = 7BFE89851DA203C300C5DDF0 /* Carthage Example.app */;
			productType = "com.apple.product-type.application";
		};
/* End PBXNativeTarget section */

/* Begin PBXProject section */
		7BFE897D1DA203C300C5DDF0 /* Project object */ = {
			isa = PBXProject;
			attributes = {
				LastSwiftUpdateCheck = 0800;
				LastUpgradeCheck = 0800;
				ORGANIZATIONNAME = JWT;
				TargetAttributes = {
					7BFE89841DA203C300C5DDF0 = {
						CreatedOnToolsVersion = 8.0;
						ProvisioningStyle = Automatic;
					};
				};
			};
			buildConfigurationList = 7BFE89801DA203C300C5DDF0 /* Build configuration list for PBXProject "Carthage Example" */;
			compatibilityVersion = "Xcode 3.2";
			developmentRegion = English;
			hasScannedForEncodings = 0;
			knownRegions = (
				en,
				Base,
			);
			mainGroup = 7BFE897C1DA203C300C5DDF0;
			productRefGroup = 7BFE89861DA203C300C5DDF0 /* Products */;
			projectDirPath = "";
			projectRoot = "";
			targets = (
				7BFE89841DA203C300C5DDF0 /* Carthage Example */,
			);
		};
/* End PBXProject section */

/* Begin PBXResourcesBuildPhase section */
		7BFE89831DA203C300C5DDF0 /* Resources */ = {
			isa = PBXResourcesBuildPhase;
			buildActionMask = 2147483647;
			files = (
				7BFE89931DA203C300C5DDF0 /* LaunchScreen.storyboard in Resources */,
				7BFE89901DA203C300C5DDF0 /* Assets.xcassets in Resources */,
				7BFE898E1DA203C300C5DDF0 /* Main.storyboard in Resources */,
			);
			runOnlyForDeploymentPostprocessing = 0;
		};
/* End PBXResourcesBuildPhase section */

/* Begin PBXSourcesBuildPhase section */
		7BFE89811DA203C300C5DDF0 /* Sources */ = {
			isa = PBXSourcesBuildPhase;
			buildActionMask = 2147483647;
			files = (
				7BFE898B1DA203C300C5DDF0 /* ViewController.swift in Sources */,
				7BFE89891DA203C300C5DDF0 /* AppDelegate.swift in Sources */,
			);
			runOnlyForDeploymentPostprocessing = 0;
		};
/* End PBXSourcesBuildPhase section */

/* Begin PBXVariantGroup section */
		7BFE898C1DA203C300C5DDF0 /* Main.storyboard */ = {
			isa = PBXVariantGroup;
			children = (
				7BFE898D1DA203C300C5DDF0 /* Base */,
			);
			name = Main.storyboard;
			sourceTree = "<group>";
		};
		7BFE89911DA203C300C5DDF0 /* LaunchScreen.storyboard */ = {
			isa = PBXVariantGroup;
			children = (
				7BFE89921DA203C300C5DDF0 /* Base */,
			);
			name = LaunchScreen.storyboard;
			sourceTree = "<group>";
		};
/* End PBXVariantGroup section */

/* Begin XCBuildConfiguration section */
		7BFE89951DA203C300C5DDF0 /* Debug */ = {
			isa = XCBuildConfiguration;
			buildSettings = {
				ALWAYS_SEARCH_USER_PATHS = NO;
				CLANG_ANALYZER_NONNULL = YES;
				CLANG_CXX_LANGUAGE_STANDARD = "gnu++0x";
				CLANG_CXX_LIBRARY = "libc++";
				CLANG_ENABLE_MODULES = YES;
				CLANG_ENABLE_OBJC_ARC = YES;
				CLANG_WARN_BOOL_CONVERSION = YES;
				CLANG_WARN_CONSTANT_CONVERSION = YES;
				CLANG_WARN_DIRECT_OBJC_ISA_USAGE = YES_ERROR;
				CLANG_WARN_DOCUMENTATION_COMMENTS = YES;
				CLANG_WARN_EMPTY_BODY = YES;
				CLANG_WARN_ENUM_CONVERSION = YES;
				CLANG_WARN_INFINITE_RECURSION = YES;
				CLANG_WARN_INT_CONVERSION = YES;
				CLANG_WARN_OBJC_ROOT_CLASS = YES_ERROR;
				CLANG_WARN_SUSPICIOUS_MOVES = YES;
				CLANG_WARN_UNREACHABLE_CODE = YES;
				CLANG_WARN__DUPLICATE_METHOD_MATCH = YES;
				"CODE_SIGN_IDENTITY[sdk=iphoneos*]" = "iPhone Developer";
				COPY_PHASE_STRIP = NO;
				DEBUG_INFORMATION_FORMAT = dwarf;
				ENABLE_STRICT_OBJC_MSGSEND = YES;
				ENABLE_TESTABILITY = YES;
				GCC_C_LANGUAGE_STANDARD = gnu99;
				GCC_DYNAMIC_NO_PIC = NO;
				GCC_NO_COMMON_BLOCKS = YES;
				GCC_OPTIMIZATION_LEVEL = 0;
				GCC_PREPROCESSOR_DEFINITIONS = (
					"DEBUG=1",
					"$(inherited)",
				);
				GCC_WARN_64_TO_32_BIT_CONVERSION = YES;
				GCC_WARN_ABOUT_RETURN_TYPE = YES_ERROR;
				GCC_WARN_UNDECLARED_SELECTOR = YES;
				GCC_WARN_UNINITIALIZED_AUTOS = YES_AGGRESSIVE;
				GCC_WARN_UNUSED_FUNCTION = YES;
				GCC_WARN_UNUSED_VARIABLE = YES;
				IPHONEOS_DEPLOYMENT_TARGET = 10.0;
				MTL_ENABLE_DEBUG_INFO = YES;
				ONLY_ACTIVE_ARCH = YES;
				SDKROOT = iphoneos;
				SWIFT_ACTIVE_COMPILATION_CONDITIONS = DEBUG;
				SWIFT_OPTIMIZATION_LEVEL = "-Onone";
				TARGETED_DEVICE_FAMILY = "1,2";
			};
			name = Debug;
		};
		7BFE89961DA203C300C5DDF0 /* Release */ = {
			isa = XCBuildConfiguration;
			buildSettings = {
				ALWAYS_SEARCH_USER_PATHS = NO;
				CLANG_ANALYZER_NONNULL = YES;
				CLANG_CXX_LANGUAGE_STANDARD = "gnu++0x";
				CLANG_CXX_LIBRARY = "libc++";
				CLANG_ENABLE_MODULES = YES;
				CLANG_ENABLE_OBJC_ARC = YES;
				CLANG_WARN_BOOL_CONVERSION = YES;
				CLANG_WARN_CONSTANT_CONVERSION = YES;
				CLANG_WARN_DIRECT_OBJC_ISA_USAGE = YES_ERROR;
				CLANG_WARN_DOCUMENTATION_COMMENTS = YES;
				CLANG_WARN_EMPTY_BODY = YES;
				CLANG_WARN_ENUM_CONVERSION = YES;
				CLANG_WARN_INFINITE_RECURSION = YES;
				CLANG_WARN_INT_CONVERSION = YES;
				CLANG_WARN_OBJC_ROOT_CLASS = YES_ERROR;
				CLANG_WARN_SUSPICIOUS_MOVES = YES;
				CLANG_WARN_UNREACHABLE_CODE = YES;
				CLANG_WARN__DUPLICATE_METHOD_MATCH = YES;
				"CODE_SIGN_IDENTITY[sdk=iphoneos*]" = "iPhone Developer";
				COPY_PHASE_STRIP = NO;
				DEBUG_INFORMATION_FORMAT = "dwarf-with-dsym";
				ENABLE_NS_ASSERTIONS = NO;
				ENABLE_STRICT_OBJC_MSGSEND = YES;
				GCC_C_LANGUAGE_STANDARD = gnu99;
				GCC_NO_COMMON_BLOCKS = YES;
				GCC_WARN_64_TO_32_BIT_CONVERSION = YES;
				GCC_WARN_ABOUT_RETURN_TYPE = YES_ERROR;
				GCC_WARN_UNDECLARED_SELECTOR = YES;
				GCC_WARN_UNINITIALIZED_AUTOS = YES_AGGRESSIVE;
				GCC_WARN_UNUSED_FUNCTION = YES;
				GCC_WARN_UNUSED_VARIABLE = YES;
				IPHONEOS_DEPLOYMENT_TARGET = 10.0;
				MTL_ENABLE_DEBUG_INFO = NO;
				SDKROOT = iphoneos;
				SWIFT_OPTIMIZATION_LEVEL = "-Owholemodule";
				TARGETED_DEVICE_FAMILY = "1,2";
				VALIDATE_PRODUCT = YES;
			};
			name = Release;
		};
		7BFE89981DA203C300C5DDF0 /* Debug */ = {
			isa = XCBuildConfiguration;
			buildSettings = {
				ASSETCATALOG_COMPILER_APPICON_NAME = AppIcon;
				FRAMEWORK_SEARCH_PATHS = (
					"$(inherited)",
					"$(PROJECT_DIR)",
				);
				INFOPLIST_FILE = "Carthage Example/Info.plist";
				LD_RUNPATH_SEARCH_PATHS = "$(inherited) @executable_path/Frameworks";
				PRODUCT_BUNDLE_IDENTIFIER = "com.yourkarma.Carthage-Example";
				PRODUCT_NAME = "$(TARGET_NAME)";
				SWIFT_VERSION = 3.0;
			};
			name = Debug;
		};
		7BFE89991DA203C300C5DDF0 /* Release */ = {
			isa = XCBuildConfiguration;
			buildSettings = {
				ASSETCATALOG_COMPILER_APPICON_NAME = AppIcon;
				FRAMEWORK_SEARCH_PATHS = (
					"$(inherited)",
					"$(PROJECT_DIR)",
				);
				INFOPLIST_FILE = "Carthage Example/Info.plist";
				LD_RUNPATH_SEARCH_PATHS = "$(inherited) @executable_path/Frameworks";
				PRODUCT_BUNDLE_IDENTIFIER = "com.yourkarma.Carthage-Example";
				PRODUCT_NAME = "$(TARGET_NAME)";
				SWIFT_VERSION = 3.0;
			};
			name = Release;
		};
/* End XCBuildConfiguration section */

/* Begin XCConfigurationList section */
		7BFE89801DA203C300C5DDF0 /* Build configuration list for PBXProject "Carthage Example" */ = {
			isa = XCConfigurationList;
			buildConfigurations = (
				7BFE89951DA203C300C5DDF0 /* Debug */,
				7BFE89961DA203C300C5DDF0 /* Release */,
			);
			defaultConfigurationIsVisible = 0;
			defaultConfigurationName = Release;
		};
		7BFE89971DA203C300C5DDF0 /* Build configuration list for PBXNativeTarget "Carthage Example" */ = {
			isa = XCConfigurationList;
			buildConfigurations = (
				7BFE89981DA203C300C5DDF0 /* Debug */,
				7BFE89991DA203C300C5DDF0 /* Release */,
			);
			defaultConfigurationIsVisible = 0;
		};
/* End XCConfigurationList section */
	};
	rootObject = 7BFE897D1DA203C300C5DDF0 /* Project object */;
}
