// !$*UTF8*$!
{
	archiveVersion = 1;
	classes = {
	};
	objectVersion = 46;
	objects = {

/* Begin PBXBuildFile section */
		042AC6B21C66225400BEA78D /* JWTClaimsSet.m in Sources */ = {isa = PBXBuildFile; fileRef = 042AC6A41C66225400BEA78D /* JWTClaimsSet.m */; };
		042AC6B31C66225400BEA78D /* JWTClaimsSetSerializer.m in Sources */ = {isa = PBXBuildFile; fileRef = 042AC6A61C66225400BEA78D /* JWTClaimsSetSerializer.m */; };
		042AC6C51C66230600BEA78D /* JWTAlgorithmHS384Spec.m in Sources */ = {isa = PBXBuildFile; fileRef = 042AC6C41C66230600BEA78D /* JWTAlgorithmHS384Spec.m */; };
		042FF0581C9573CB00C3C855 /* JWTAlgorithmHS256Spec.m in Sources */ = {isa = PBXBuildFile; fileRef = 042FF0551C9573CB00C3C855 /* JWTAlgorithmHS256Spec.m */; };
		042FF0591C9573CB00C3C855 /* JWTAlgorithmHS512Spec.m in Sources */ = {isa = PBXBuildFile; fileRef = 042FF0561C9573CB00C3C855 /* JWTAlgorithmHS512Spec.m */; };
		042FF05A1C9573CB00C3C855 /* JWTAlgorithmNoneSpec.m in Sources */ = {isa = PBXBuildFile; fileRef = 042FF0571C9573CB00C3C855 /* JWTAlgorithmNoneSpec.m */; };
		042FF0601C9577D600C3C855 /* JWTAlgorithmRS256Tests.m in Sources */ = {isa = PBXBuildFile; fileRef = 042FF05B1C9577D600C3C855 /* JWTAlgorithmRS256Tests.m */; };
		042FF0611C9577D600C3C855 /* Test certificate and private key 1.p12 in Resources */ = {isa = PBXBuildFile; fileRef = 042FF05C1C9577D600C3C855 /* Test certificate and private key 1.p12 */; };
		042FF0621C9577D600C3C855 /* Test certificate and private key 2.p12 in Resources */ = {isa = PBXBuildFile; fileRef = 042FF05D1C9577D600C3C855 /* Test certificate and private key 2.p12 */; };
		042FF0631C9577D600C3C855 /* Test certificate and public key 1.pem in Resources */ = {isa = PBXBuildFile; fileRef = 042FF05E1C9577D600C3C855 /* Test certificate and public key 1.pem */; };
		042FF0641C9577D600C3C855 /* Test certificate and public key 2.pem in Resources */ = {isa = PBXBuildFile; fileRef = 042FF05F1C9577D600C3C855 /* Test certificate and public key 2.pem */; };
		042FF0681C9577EA00C3C855 /* JWTClaimsSerializerSpec.m in Sources */ = {isa = PBXBuildFile; fileRef = 042FF0661C9577EA00C3C855 /* JWTClaimsSerializerSpec.m */; };
		042FF0691C9577EA00C3C855 /* JWTClaimsSetSpec.m in Sources */ = {isa = PBXBuildFile; fileRef = 042FF0671C9577EA00C3C855 /* JWTClaimsSetSpec.m */; };
		042FF06B1C957B4B00C3C855 /* JWTSpec.m in Sources */ = {isa = PBXBuildFile; fileRef = 042FF06A1C957B4B00C3C855 /* JWTSpec.m */; };
		04ED77DD1C95460F00703A2D /* JWTAlgorithmFactory.m in Sources */ = {isa = PBXBuildFile; fileRef = 04ED77CD1C95460F00703A2D /* JWTAlgorithmFactory.m */; };
		04ED77DE1C95460F00703A2D /* JWTAlgorithmNone.m in Sources */ = {isa = PBXBuildFile; fileRef = 04ED77CF1C95460F00703A2D /* JWTAlgorithmNone.m */; };
		04ED77DF1C95460F00703A2D /* JWTAlgorithmHS256.m in Sources */ = {isa = PBXBuildFile; fileRef = 04ED77D21C95460F00703A2D /* JWTAlgorithmHS256.m */; };
		04ED77E01C95460F00703A2D /* JWTAlgorithmHS384.m in Sources */ = {isa = PBXBuildFile; fileRef = 04ED77D41C95460F00703A2D /* JWTAlgorithmHS384.m */; };
		04ED77E11C95460F00703A2D /* JWTAlgorithmHS512.m in Sources */ = {isa = PBXBuildFile; fileRef = 04ED77D61C95460F00703A2D /* JWTAlgorithmHS512.m */; };
		04ED77E21C95460F00703A2D /* JWTAlgorithmHSFamily.m in Sources */ = {isa = PBXBuildFile; fileRef = 04ED77D81C95460F00703A2D /* JWTAlgorithmHSFamily.m */; };
		04ED77E31C95460F00703A2D /* JWTAlgorithmRS256.m in Sources */ = {isa = PBXBuildFile; fileRef = 04ED77DB1C95460F00703A2D /* JWTAlgorithmRS256.m */; };
		04ED77E61C95464300703A2D /* JWTAlgorithmHSBase.m in Sources */ = {isa = PBXBuildFile; fileRef = 04ED77E51C95464300703A2D /* JWTAlgorithmHSBase.m */; };
		04ED77E91C9554F400703A2D /* JWTAlgorithmRSBase.m in Sources */ = {isa = PBXBuildFile; fileRef = 04ED77E81C9554F400703A2D /* JWTAlgorithmRSBase.m */; };
		04F835B31C6F43B700A792A5 /* JWTClaim.m in Sources */ = {isa = PBXBuildFile; fileRef = 04F835B21C6F43B700A792A5 /* JWTClaim.m */; };
		04F835B61C6F560E00A792A5 /* JWTClaimsSetVerifier.m in Sources */ = {isa = PBXBuildFile; fileRef = 04F835B51C6F560E00A792A5 /* JWTClaimsSetVerifier.m */; };
		51853EAF9C314D24B5F7681D /* libPods-JWTTests.a in Frameworks */ = {isa = PBXBuildFile; fileRef = 912330953D2D4E06BC44E9BA /* libPods-JWTTests.a */; };
		69FF89B6E0DC473E91BAABCD /* libPods.a in Frameworks */ = {isa = PBXBuildFile; fileRef = 1FD31A232E7A4E6E99D15C23 /* libPods.a */; };
		A1951DBA1758990700AF73D9 /* Foundation.framework in Frameworks */ = {isa = PBXBuildFile; fileRef = A1951DB91758990700AF73D9 /* Foundation.framework */; };
		A1951DCB1758990700AF73D9 /* UIKit.framework in Frameworks */ = {isa = PBXBuildFile; fileRef = A1951DCA1758990700AF73D9 /* UIKit.framework */; };
		A1951DCC1758990800AF73D9 /* Foundation.framework in Frameworks */ = {isa = PBXBuildFile; fileRef = A1951DB91758990700AF73D9 /* Foundation.framework */; };
		A1951DCF1758990800AF73D9 /* libJWT.a in Frameworks */ = {isa = PBXBuildFile; fileRef = A1951DB61758990700AF73D9 /* libJWT.a */; };
		A1951DD51758990800AF73D9 /* InfoPlist.strings in Resources */ = {isa = PBXBuildFile; fileRef = A1951DD31758990800AF73D9 /* InfoPlist.strings */; };
		A1951DE517589BCF00AF73D9 /* JWT.m in Sources */ = {isa = PBXBuildFile; fileRef = A1951DE417589BCF00AF73D9 /* JWT.m */; };
/* End PBXBuildFile section */

/* Begin PBXContainerItemProxy section */
		A1951DCD1758990800AF73D9 /* PBXContainerItemProxy */ = {
			isa = PBXContainerItemProxy;
			containerPortal = A1951DAE1758990700AF73D9 /* Project object */;
			proxyType = 1;
			remoteGlobalIDString = A1951DB51758990700AF73D9;
			remoteInfo = JWT;
		};
/* End PBXContainerItemProxy section */

/* Begin PBXCopyFilesBuildPhase section */
		A1951DB41758990700AF73D9 /* CopyFiles */ = {
			isa = PBXCopyFilesBuildPhase;
			buildActionMask = 2147483647;
			dstPath = "include/${PRODUCT_NAME}";
			dstSubfolderSpec = 16;
			files = (
			);
			runOnlyForDeploymentPostprocessing = 0;
		};
/* End PBXCopyFilesBuildPhase section */

/* Begin PBXFileReference section */
		042AC6A31C66225400BEA78D /* JWTClaimsSet.h */ = {isa = PBXFileReference; fileEncoding = 4; lastKnownFileType = sourcecode.c.h; path = JWTClaimsSet.h; sourceTree = "<group>"; };
		042AC6A41C66225400BEA78D /* JWTClaimsSet.m */ = {isa = PBXFileReference; fileEncoding = 4; lastKnownFileType = sourcecode.c.objc; path = JWTClaimsSet.m; sourceTree = "<group>"; };
		042AC6A51C66225400BEA78D /* JWTClaimsSetSerializer.h */ = {isa = PBXFileReference; fileEncoding = 4; lastKnownFileType = sourcecode.c.h; path = JWTClaimsSetSerializer.h; sourceTree = "<group>"; };
		042AC6A61C66225400BEA78D /* JWTClaimsSetSerializer.m */ = {isa = PBXFileReference; fileEncoding = 4; lastKnownFileType = sourcecode.c.objc; path = JWTClaimsSetSerializer.m; sourceTree = "<group>"; };
		042AC6C41C66230600BEA78D /* JWTAlgorithmHS384Spec.m */ = {isa = PBXFileReference; fileEncoding = 4; lastKnownFileType = sourcecode.c.objc; path = JWTAlgorithmHS384Spec.m; sourceTree = "<group>"; };
		042FF0551C9573CB00C3C855 /* JWTAlgorithmHS256Spec.m */ = {isa = PBXFileReference; fileEncoding = 4; lastKnownFileType = sourcecode.c.objc; path = JWTAlgorithmHS256Spec.m; sourceTree = "<group>"; };
		042FF0561C9573CB00C3C855 /* JWTAlgorithmHS512Spec.m */ = {isa = PBXFileReference; fileEncoding = 4; lastKnownFileType = sourcecode.c.objc; path = JWTAlgorithmHS512Spec.m; sourceTree = "<group>"; };
		042FF0571C9573CB00C3C855 /* JWTAlgorithmNoneSpec.m */ = {isa = PBXFileReference; fileEncoding = 4; lastKnownFileType = sourcecode.c.objc; path = JWTAlgorithmNoneSpec.m; sourceTree = "<group>"; };
		042FF05B1C9577D600C3C855 /* JWTAlgorithmRS256Tests.m */ = {isa = PBXFileReference; fileEncoding = 4; lastKnownFileType = sourcecode.c.objc; path = JWTAlgorithmRS256Tests.m; sourceTree = "<group>"; };
		042FF05C1C9577D600C3C855 /* Test certificate and private key 1.p12 */ = {isa = PBXFileReference; lastKnownFileType = file; path = "Test certificate and private key 1.p12"; sourceTree = "<group>"; };
		042FF05D1C9577D600C3C855 /* Test certificate and private key 2.p12 */ = {isa = PBXFileReference; lastKnownFileType = file; path = "Test certificate and private key 2.p12"; sourceTree = "<group>"; };
		042FF05E1C9577D600C3C855 /* Test certificate and public key 1.pem */ = {isa = PBXFileReference; fileEncoding = 4; lastKnownFileType = text; path = "Test certificate and public key 1.pem"; sourceTree = "<group>"; };
		042FF05F1C9577D600C3C855 /* Test certificate and public key 2.pem */ = {isa = PBXFileReference; fileEncoding = 4; lastKnownFileType = text; path = "Test certificate and public key 2.pem"; sourceTree = "<group>"; };
		042FF0661C9577EA00C3C855 /* JWTClaimsSerializerSpec.m */ = {isa = PBXFileReference; fileEncoding = 4; lastKnownFileType = sourcecode.c.objc; path = JWTClaimsSerializerSpec.m; sourceTree = "<group>"; };
		042FF0671C9577EA00C3C855 /* JWTClaimsSetSpec.m */ = {isa = PBXFileReference; fileEncoding = 4; lastKnownFileType = sourcecode.c.objc; path = JWTClaimsSetSpec.m; sourceTree = "<group>"; };
		042FF06A1C957B4B00C3C855 /* JWTSpec.m */ = {isa = PBXFileReference; fileEncoding = 4; lastKnownFileType = sourcecode.c.objc; path = JWTSpec.m; sourceTree = "<group>"; };
		04ED77CB1C95460F00703A2D /* JWTAlgorithm.h */ = {isa = PBXFileReference; fileEncoding = 4; lastKnownFileType = sourcecode.c.h; path = JWTAlgorithm.h; sourceTree = "<group>"; };
		04ED77CC1C95460F00703A2D /* JWTAlgorithmFactory.h */ = {isa = PBXFileReference; fileEncoding = 4; lastKnownFileType = sourcecode.c.h; path = JWTAlgorithmFactory.h; sourceTree = "<group>"; };
		04ED77CD1C95460F00703A2D /* JWTAlgorithmFactory.m */ = {isa = PBXFileReference; fileEncoding = 4; lastKnownFileType = sourcecode.c.objc; path = JWTAlgorithmFactory.m; sourceTree = "<group>"; };
		04ED77CE1C95460F00703A2D /* JWTAlgorithmNone.h */ = {isa = PBXFileReference; fileEncoding = 4; lastKnownFileType = sourcecode.c.h; path = JWTAlgorithmNone.h; sourceTree = "<group>"; };
		04ED77CF1C95460F00703A2D /* JWTAlgorithmNone.m */ = {isa = PBXFileReference; fileEncoding = 4; lastKnownFileType = sourcecode.c.objc; path = JWTAlgorithmNone.m; sourceTree = "<group>"; };
		04ED77D11C95460F00703A2D /* JWTAlgorithmHS256.h */ = {isa = PBXFileReference; fileEncoding = 4; lastKnownFileType = sourcecode.c.h; path = JWTAlgorithmHS256.h; sourceTree = "<group>"; };
		04ED77D21C95460F00703A2D /* JWTAlgorithmHS256.m */ = {isa = PBXFileReference; fileEncoding = 4; lastKnownFileType = sourcecode.c.objc; path = JWTAlgorithmHS256.m; sourceTree = "<group>"; };
		04ED77D31C95460F00703A2D /* JWTAlgorithmHS384.h */ = {isa = PBXFileReference; fileEncoding = 4; lastKnownFileType = sourcecode.c.h; path = JWTAlgorithmHS384.h; sourceTree = "<group>"; };
		04ED77D41C95460F00703A2D /* JWTAlgorithmHS384.m */ = {isa = PBXFileReference; fileEncoding = 4; lastKnownFileType = sourcecode.c.objc; path = JWTAlgorithmHS384.m; sourceTree = "<group>"; };
		04ED77D51C95460F00703A2D /* JWTAlgorithmHS512.h */ = {isa = PBXFileReference; fileEncoding = 4; lastKnownFileType = sourcecode.c.h; path = JWTAlgorithmHS512.h; sourceTree = "<group>"; };
		04ED77D61C95460F00703A2D /* JWTAlgorithmHS512.m */ = {isa = PBXFileReference; fileEncoding = 4; lastKnownFileType = sourcecode.c.objc; path = JWTAlgorithmHS512.m; sourceTree = "<group>"; };
		04ED77D71C95460F00703A2D /* JWTAlgorithmHSFamily.h */ = {isa = PBXFileReference; fileEncoding = 4; lastKnownFileType = sourcecode.c.h; path = JWTAlgorithmHSFamily.h; sourceTree = "<group>"; };
		04ED77D81C95460F00703A2D /* JWTAlgorithmHSFamily.m */ = {isa = PBXFileReference; fileEncoding = 4; lastKnownFileType = sourcecode.c.objc; path = JWTAlgorithmHSFamily.m; sourceTree = "<group>"; };
		04ED77DA1C95460F00703A2D /* JWTAlgorithmRS256.h */ = {isa = PBXFileReference; fileEncoding = 4; lastKnownFileType = sourcecode.c.h; path = JWTAlgorithmRS256.h; sourceTree = "<group>"; };
		04ED77DB1C95460F00703A2D /* JWTAlgorithmRS256.m */ = {isa = PBXFileReference; fileEncoding = 4; lastKnownFileType = sourcecode.c.objc; path = JWTAlgorithmRS256.m; sourceTree = "<group>"; };
		04ED77DC1C95460F00703A2D /* JWTRSAlgorithm.h */ = {isa = PBXFileReference; fileEncoding = 4; lastKnownFileType = sourcecode.c.h; path = JWTRSAlgorithm.h; sourceTree = "<group>"; };
		04ED77E41C95464300703A2D /* JWTAlgorithmHSBase.h */ = {isa = PBXFileReference; fileEncoding = 4; lastKnownFileType = sourcecode.c.h; path = JWTAlgorithmHSBase.h; sourceTree = "<group>"; };
		04ED77E51C95464300703A2D /* JWTAlgorithmHSBase.m */ = {isa = PBXFileReference; fileEncoding = 4; lastKnownFileType = sourcecode.c.objc; path = JWTAlgorithmHSBase.m; sourceTree = "<group>"; };
		04ED77E71C9554F400703A2D /* JWTAlgorithmRSBase.h */ = {isa = PBXFileReference; fileEncoding = 4; lastKnownFileType = sourcecode.c.h; path = JWTAlgorithmRSBase.h; sourceTree = "<group>"; };
		04ED77E81C9554F400703A2D /* JWTAlgorithmRSBase.m */ = {isa = PBXFileReference; fileEncoding = 4; lastKnownFileType = sourcecode.c.objc; path = JWTAlgorithmRSBase.m; sourceTree = "<group>"; };
		04F835B11C6F43B700A792A5 /* JWTClaim.h */ = {isa = PBXFileReference; fileEncoding = 4; lastKnownFileType = sourcecode.c.h; path = JWTClaim.h; sourceTree = "<group>"; };
		04F835B21C6F43B700A792A5 /* JWTClaim.m */ = {isa = PBXFileReference; fileEncoding = 4; lastKnownFileType = sourcecode.c.objc; path = JWTClaim.m; sourceTree = "<group>"; };
		04F835B41C6F560E00A792A5 /* JWTClaimsSetVerifier.h */ = {isa = PBXFileReference; fileEncoding = 4; lastKnownFileType = sourcecode.c.h; path = JWTClaimsSetVerifier.h; sourceTree = "<group>"; };
		04F835B51C6F560E00A792A5 /* JWTClaimsSetVerifier.m */ = {isa = PBXFileReference; fileEncoding = 4; lastKnownFileType = sourcecode.c.objc; path = JWTClaimsSetVerifier.m; sourceTree = "<group>"; };
		1FD31A232E7A4E6E99D15C23 /* libPods.a */ = {isa = PBXFileReference; explicitFileType = archive.ar; includeInIndex = 0; path = libPods.a; sourceTree = BUILT_PRODUCTS_DIR; };
		70AED78093B0A8112D5C4A69 /* Pods.debug.xcconfig */ = {isa = PBXFileReference; includeInIndex = 1; lastKnownFileType = text.xcconfig; name = Pods.debug.xcconfig; path = "Pods/Target Support Files/Pods/Pods.debug.xcconfig"; sourceTree = "<group>"; };
		817B4A02C2E1623BC636A4C2 /* Pods-JWTTests.release.xcconfig */ = {isa = PBXFileReference; includeInIndex = 1; lastKnownFileType = text.xcconfig; name = "Pods-JWTTests.release.xcconfig"; path = "Pods/Target Support Files/Pods-JWTTests/Pods-JWTTests.release.xcconfig"; sourceTree = "<group>"; };
		84F4A5888AE1E9EBD54D7DB7 /* Pods.release.xcconfig */ = {isa = PBXFileReference; includeInIndex = 1; lastKnownFileType = text.xcconfig; name = Pods.release.xcconfig; path = "Pods/Target Support Files/Pods/Pods.release.xcconfig"; sourceTree = "<group>"; };
		912330953D2D4E06BC44E9BA /* libPods-JWTTests.a */ = {isa = PBXFileReference; explicitFileType = archive.ar; includeInIndex = 0; path = "libPods-JWTTests.a"; sourceTree = BUILT_PRODUCTS_DIR; };
		A1951DB61758990700AF73D9 /* libJWT.a */ = {isa = PBXFileReference; explicitFileType = archive.ar; includeInIndex = 0; path = libJWT.a; sourceTree = BUILT_PRODUCTS_DIR; };
		A1951DB91758990700AF73D9 /* Foundation.framework */ = {isa = PBXFileReference; lastKnownFileType = wrapper.framework; name = Foundation.framework; path = System/Library/Frameworks/Foundation.framework; sourceTree = SDKROOT; };
		A1951DBD1758990700AF73D9 /* JWT-Prefix.pch */ = {isa = PBXFileReference; lastKnownFileType = sourcecode.c.h; path = "JWT-Prefix.pch"; sourceTree = "<group>"; };
		A1951DC71758990700AF73D9 /* JWTTests.xctest */ = {isa = PBXFileReference; explicitFileType = wrapper.cfbundle; includeInIndex = 0; path = JWTTests.xctest; sourceTree = BUILT_PRODUCTS_DIR; };
		A1951DCA1758990700AF73D9 /* UIKit.framework */ = {isa = PBXFileReference; lastKnownFileType = wrapper.framework; name = UIKit.framework; path = Library/Frameworks/UIKit.framework; sourceTree = DEVELOPER_DIR; };
		A1951DD21758990800AF73D9 /* JWTTests-Info.plist */ = {isa = PBXFileReference; lastKnownFileType = text.plist.xml; path = "JWTTests-Info.plist"; sourceTree = "<group>"; };
		A1951DD41758990800AF73D9 /* en */ = {isa = PBXFileReference; lastKnownFileType = text.plist.strings; name = en; path = en.lproj/InfoPlist.strings; sourceTree = "<group>"; };
		A1951DE317589BCF00AF73D9 /* JWT.h */ = {isa = PBXFileReference; fileEncoding = 4; lastKnownFileType = sourcecode.c.h; path = JWT.h; sourceTree = "<group>"; };
		A1951DE417589BCF00AF73D9 /* JWT.m */ = {isa = PBXFileReference; fileEncoding = 4; lastKnownFileType = sourcecode.c.objc; path = JWT.m; sourceTree = "<group>"; };
		D853DD405CE1F88C2A0743B4 /* Pods-JWTTests.debug.xcconfig */ = {isa = PBXFileReference; includeInIndex = 1; lastKnownFileType = text.xcconfig; name = "Pods-JWTTests.debug.xcconfig"; path = "Pods/Target Support Files/Pods-JWTTests/Pods-JWTTests.debug.xcconfig"; sourceTree = "<group>"; };
/* End PBXFileReference section */

/* Begin PBXFrameworksBuildPhase section */
		A1951DB31758990700AF73D9 /* Frameworks */ = {
			isa = PBXFrameworksBuildPhase;
			buildActionMask = 2147483647;
			files = (
				A1951DBA1758990700AF73D9 /* Foundation.framework in Frameworks */,
				69FF89B6E0DC473E91BAABCD /* libPods.a in Frameworks */,
			);
			runOnlyForDeploymentPostprocessing = 0;
		};
		A1951DC31758990700AF73D9 /* Frameworks */ = {
			isa = PBXFrameworksBuildPhase;
			buildActionMask = 2147483647;
			files = (
				A1951DCB1758990700AF73D9 /* UIKit.framework in Frameworks */,
				A1951DCC1758990800AF73D9 /* Foundation.framework in Frameworks */,
				A1951DCF1758990800AF73D9 /* libJWT.a in Frameworks */,
				51853EAF9C314D24B5F7681D /* libPods-JWTTests.a in Frameworks */,
			);
			runOnlyForDeploymentPostprocessing = 0;
		};
/* End PBXFrameworksBuildPhase section */

/* Begin PBXGroup section */
		042AC6941C66225400BEA78D /* Algorithms */ = {
			isa = PBXGroup;
			children = (
				04ED77CA1C95460F00703A2D /* Base */,
				04ED77D01C95460F00703A2D /* HSFamily */,
				04ED77D91C95460F00703A2D /* RSFamily */,
			);
			path = Algorithms;
			sourceTree = "<group>";
		};
		042AC6A21C66225400BEA78D /* ClaimSet */ = {
			isa = PBXGroup;
			children = (
				04F835B41C6F560E00A792A5 /* JWTClaimsSetVerifier.h */,
				04F835B51C6F560E00A792A5 /* JWTClaimsSetVerifier.m */,
				042AC6A31C66225400BEA78D /* JWTClaimsSet.h */,
				042AC6A41C66225400BEA78D /* JWTClaimsSet.m */,
				042AC6A51C66225400BEA78D /* JWTClaimsSetSerializer.h */,
				042AC6A61C66225400BEA78D /* JWTClaimsSetSerializer.m */,
				04F835B11C6F43B700A792A5 /* JWTClaim.h */,
				04F835B21C6F43B700A792A5 /* JWTClaim.m */,
			);
			path = ClaimSet;
			sourceTree = "<group>";
		};
		042AC6B61C66226100BEA78D /* Algorithms */ = {
			isa = PBXGroup;
			children = (
				042FF05B1C9577D600C3C855 /* JWTAlgorithmRS256Tests.m */,
				042FF05C1C9577D600C3C855 /* Test certificate and private key 1.p12 */,
				042FF05D1C9577D600C3C855 /* Test certificate and private key 2.p12 */,
				042FF05E1C9577D600C3C855 /* Test certificate and public key 1.pem */,
				042FF05F1C9577D600C3C855 /* Test certificate and public key 2.pem */,
				042FF0551C9573CB00C3C855 /* JWTAlgorithmHS256Spec.m */,
				042FF0561C9573CB00C3C855 /* JWTAlgorithmHS512Spec.m */,
				042FF0571C9573CB00C3C855 /* JWTAlgorithmNoneSpec.m */,
				042AC6C41C66230600BEA78D /* JWTAlgorithmHS384Spec.m */,
			);
			path = Algorithms;
			sourceTree = "<group>";
		};
		042FF0651C9577EA00C3C855 /* ClaimSet */ = {
			isa = PBXGroup;
			children = (
				042FF0661C9577EA00C3C855 /* JWTClaimsSerializerSpec.m */,
				042FF0671C9577EA00C3C855 /* JWTClaimsSetSpec.m */,
			);
			path = ClaimSet;
			sourceTree = "<group>";
		};
		04ED77CA1C95460F00703A2D /* Base */ = {
			isa = PBXGroup;
			children = (
				04ED77CB1C95460F00703A2D /* JWTAlgorithm.h */,
				04ED77CC1C95460F00703A2D /* JWTAlgorithmFactory.h */,
				04ED77CD1C95460F00703A2D /* JWTAlgorithmFactory.m */,
				04ED77CE1C95460F00703A2D /* JWTAlgorithmNone.h */,
				04ED77CF1C95460F00703A2D /* JWTAlgorithmNone.m */,
			);
			path = Base;
			sourceTree = "<group>";
		};
		04ED77D01C95460F00703A2D /* HSFamily */ = {
			isa = PBXGroup;
			children = (
				04ED77D11C95460F00703A2D /* JWTAlgorithmHS256.h */,
				04ED77D21C95460F00703A2D /* JWTAlgorithmHS256.m */,
				04ED77D31C95460F00703A2D /* JWTAlgorithmHS384.h */,
				04ED77D41C95460F00703A2D /* JWTAlgorithmHS384.m */,
				04ED77D51C95460F00703A2D /* JWTAlgorithmHS512.h */,
				04ED77D61C95460F00703A2D /* JWTAlgorithmHS512.m */,
				04ED77D71C95460F00703A2D /* JWTAlgorithmHSFamily.h */,
				04ED77D81C95460F00703A2D /* JWTAlgorithmHSFamily.m */,
				04ED77E41C95464300703A2D /* JWTAlgorithmHSBase.h */,
				04ED77E51C95464300703A2D /* JWTAlgorithmHSBase.m */,
			);
			path = HSFamily;
			sourceTree = "<group>";
		};
		04ED77D91C95460F00703A2D /* RSFamily */ = {
			isa = PBXGroup;
			children = (
				04ED77DA1C95460F00703A2D /* JWTAlgorithmRS256.h */,
				04ED77DB1C95460F00703A2D /* JWTAlgorithmRS256.m */,
				04ED77DC1C95460F00703A2D /* JWTRSAlgorithm.h */,
				04ED77E71C9554F400703A2D /* JWTAlgorithmRSBase.h */,
				04ED77E81C9554F400703A2D /* JWTAlgorithmRSBase.m */,
			);
			path = RSFamily;
			sourceTree = "<group>";
		};
		A02E0606ECC35D3FAFE9CBCB /* Pods */ = {
			isa = PBXGroup;
			children = (
				70AED78093B0A8112D5C4A69 /* Pods.debug.xcconfig */,
				84F4A5888AE1E9EBD54D7DB7 /* Pods.release.xcconfig */,
				D853DD405CE1F88C2A0743B4 /* Pods-JWTTests.debug.xcconfig */,
				817B4A02C2E1623BC636A4C2 /* Pods-JWTTests.release.xcconfig */,
			);
			name = Pods;
			sourceTree = "<group>";
		};
		A1951DAD1758990700AF73D9 = {
			isa = PBXGroup;
			children = (
				A1951DBB1758990700AF73D9 /* JWT */,
				A1951DD01758990800AF73D9 /* JWTTests */,
				A1951DB81758990700AF73D9 /* Frameworks */,
				A1951DB71758990700AF73D9 /* Products */,
				A02E0606ECC35D3FAFE9CBCB /* Pods */,
			);
			sourceTree = "<group>";
		};
		A1951DB71758990700AF73D9 /* Products */ = {
			isa = PBXGroup;
			children = (
				A1951DB61758990700AF73D9 /* libJWT.a */,
				A1951DC71758990700AF73D9 /* JWTTests.xctest */,
			);
			name = Products;
			sourceTree = "<group>";
		};
		A1951DB81758990700AF73D9 /* Frameworks */ = {
			isa = PBXGroup;
			children = (
				A1951DB91758990700AF73D9 /* Foundation.framework */,
				A1951DCA1758990700AF73D9 /* UIKit.framework */,
				912330953D2D4E06BC44E9BA /* libPods-JWTTests.a */,
				1FD31A232E7A4E6E99D15C23 /* libPods.a */,
			);
			name = Frameworks;
			sourceTree = "<group>";
		};
		A1951DBB1758990700AF73D9 /* JWT */ = {
			isa = PBXGroup;
			children = (
				042AC6941C66225400BEA78D /* Algorithms */,
				042AC6A21C66225400BEA78D /* ClaimSet */,
				A1951DBC1758990700AF73D9 /* Supporting Files */,
				A1951DE317589BCF00AF73D9 /* JWT.h */,
				A1951DE417589BCF00AF73D9 /* JWT.m */,
			);
			path = JWT;
			sourceTree = "<group>";
		};
		A1951DBC1758990700AF73D9 /* Supporting Files */ = {
			isa = PBXGroup;
			children = (
				A1951DBD1758990700AF73D9 /* JWT-Prefix.pch */,
			);
			name = "Supporting Files";
			sourceTree = "<group>";
		};
		A1951DD01758990800AF73D9 /* JWTTests */ = {
			isa = PBXGroup;
			children = (
				042FF06A1C957B4B00C3C855 /* JWTSpec.m */,
				042FF0651C9577EA00C3C855 /* ClaimSet */,
				042AC6B61C66226100BEA78D /* Algorithms */,
				A1951DD11758990800AF73D9 /* Supporting Files */,
			);
			path = JWTTests;
			sourceTree = "<group>";
		};
		A1951DD11758990800AF73D9 /* Supporting Files */ = {
			isa = PBXGroup;
			children = (
				A1951DD21758990800AF73D9 /* JWTTests-Info.plist */,
				A1951DD31758990800AF73D9 /* InfoPlist.strings */,
			);
			name = "Supporting Files";
			sourceTree = "<group>";
		};
/* End PBXGroup section */

/* Begin PBXNativeTarget section */
		A1951DB51758990700AF73D9 /* JWT */ = {
			isa = PBXNativeTarget;
			buildConfigurationList = A1951DDB1758990800AF73D9 /* Build configuration list for PBXNativeTarget "JWT" */;
			buildPhases = (
				C49B6F0D11EF4ACBB7A62A7F /* Check Pods Manifest.lock */,
				A1951DB21758990700AF73D9 /* Sources */,
				A1951DB31758990700AF73D9 /* Frameworks */,
				A1951DB41758990700AF73D9 /* CopyFiles */,
				B97761A3A0D74049BF7AB6CD /* Copy Pods Resources */,
			);
			buildRules = (
			);
			dependencies = (
			);
			name = JWT;
			productName = JWT;
			productReference = A1951DB61758990700AF73D9 /* libJWT.a */;
			productType = "com.apple.product-type.library.static";
		};
		A1951DC61758990700AF73D9 /* JWTTests */ = {
			isa = PBXNativeTarget;
			buildConfigurationList = A1951DDE1758990800AF73D9 /* Build configuration list for PBXNativeTarget "JWTTests" */;
			buildPhases = (
				FD051647DA44451BA478FCB9 /* Check Pods Manifest.lock */,
				A1951DC21758990700AF73D9 /* Sources */,
				A1951DC31758990700AF73D9 /* Frameworks */,
				A1951DC41758990700AF73D9 /* Resources */,
				4062A8DEF44D40019C31528C /* Copy Pods Resources */,
				CAC069638F04223F9A07D71E /* Embed Pods Frameworks */,
			);
			buildRules = (
			);
			dependencies = (
				A1951DCE1758990800AF73D9 /* PBXTargetDependency */,
			);
			name = JWTTests;
			productName = JWTTests;
			productReference = A1951DC71758990700AF73D9 /* JWTTests.xctest */;
			productType = "com.apple.product-type.bundle.unit-test";
		};
/* End PBXNativeTarget section */

/* Begin PBXProject section */
		A1951DAE1758990700AF73D9 /* Project object */ = {
			isa = PBXProject;
			attributes = {
				LastTestingUpgradeCheck = 0610;
				LastUpgradeCheck = 0720;
				ORGANIZATIONNAME = Karma;
			};
			buildConfigurationList = A1951DB11758990700AF73D9 /* Build configuration list for PBXProject "JWT" */;
			compatibilityVersion = "Xcode 3.2";
			developmentRegion = English;
			hasScannedForEncodings = 0;
			knownRegions = (
				en,
			);
			mainGroup = A1951DAD1758990700AF73D9;
			productRefGroup = A1951DB71758990700AF73D9 /* Products */;
			projectDirPath = "";
			projectRoot = "";
			targets = (
				A1951DB51758990700AF73D9 /* JWT */,
				A1951DC61758990700AF73D9 /* JWTTests */,
			);
		};
/* End PBXProject section */

/* Begin PBXResourcesBuildPhase section */
		A1951DC41758990700AF73D9 /* Resources */ = {
			isa = PBXResourcesBuildPhase;
			buildActionMask = 2147483647;
			files = (
				042FF0631C9577D600C3C855 /* Test certificate and public key 1.pem in Resources */,
				042FF0611C9577D600C3C855 /* Test certificate and private key 1.p12 in Resources */,
				A1951DD51758990800AF73D9 /* InfoPlist.strings in Resources */,
				042FF0621C9577D600C3C855 /* Test certificate and private key 2.p12 in Resources */,
				042FF0641C9577D600C3C855 /* Test certificate and public key 2.pem in Resources */,
			);
			runOnlyForDeploymentPostprocessing = 0;
		};
/* End PBXResourcesBuildPhase section */

/* Begin PBXShellScriptBuildPhase section */
		4062A8DEF44D40019C31528C /* Copy Pods Resources */ = {
			isa = PBXShellScriptBuildPhase;
			buildActionMask = 2147483647;
			files = (
			);
			inputPaths = (
			);
			name = "Copy Pods Resources";
			outputPaths = (
			);
			runOnlyForDeploymentPostprocessing = 0;
			shellPath = /bin/sh;
			shellScript = "\"${SRCROOT}/Pods/Target Support Files/Pods-JWTTests/Pods-JWTTests-resources.sh\"\n";
		};
		B97761A3A0D74049BF7AB6CD /* Copy Pods Resources */ = {
			isa = PBXShellScriptBuildPhase;
			buildActionMask = 2147483647;
			files = (
			);
			inputPaths = (
			);
			name = "Copy Pods Resources";
			outputPaths = (
			);
			runOnlyForDeploymentPostprocessing = 0;
			shellPath = /bin/sh;
			shellScript = "\"${SRCROOT}/Pods/Target Support Files/Pods/Pods-resources.sh\"\n";
		};
		C49B6F0D11EF4ACBB7A62A7F /* Check Pods Manifest.lock */ = {
			isa = PBXShellScriptBuildPhase;
			buildActionMask = 2147483647;
			files = (
			);
			inputPaths = (
			);
			name = "Check Pods Manifest.lock";
			outputPaths = (
			);
			runOnlyForDeploymentPostprocessing = 0;
			shellPath = /bin/sh;
			shellScript = "diff \"${PODS_ROOT}/../Podfile.lock\" \"${PODS_ROOT}/Manifest.lock\" > /dev/null\nif [[ $? != 0 ]] ; then\n    cat << EOM\nerror: The sandbox is not in sync with the Podfile.lock. Run 'pod install' or update your CocoaPods installation.\nEOM\n    exit 1\nfi\n";
		};
		CAC069638F04223F9A07D71E /* Embed Pods Frameworks */ = {
			isa = PBXShellScriptBuildPhase;
			buildActionMask = 2147483647;
			files = (
			);
			inputPaths = (
			);
			name = "Embed Pods Frameworks";
			outputPaths = (
			);
			runOnlyForDeploymentPostprocessing = 0;
			shellPath = /bin/sh;
			shellScript = "\"${SRCROOT}/Pods/Target Support Files/Pods-JWTTests/Pods-JWTTests-frameworks.sh\"\n";
			showEnvVarsInLog = 0;
		};
		FD051647DA44451BA478FCB9 /* Check Pods Manifest.lock */ = {
			isa = PBXShellScriptBuildPhase;
			buildActionMask = 2147483647;
			files = (
			);
			inputPaths = (
			);
			name = "Check Pods Manifest.lock";
			outputPaths = (
			);
			runOnlyForDeploymentPostprocessing = 0;
			shellPath = /bin/sh;
			shellScript = "diff \"${PODS_ROOT}/../Podfile.lock\" \"${PODS_ROOT}/Manifest.lock\" > /dev/null\nif [[ $? != 0 ]] ; then\n    cat << EOM\nerror: The sandbox is not in sync with the Podfile.lock. Run 'pod install' or update your CocoaPods installation.\nEOM\n    exit 1\nfi\n";
		};
/* End PBXShellScriptBuildPhase section */

/* Begin PBXSourcesBuildPhase section */
		A1951DB21758990700AF73D9 /* Sources */ = {
			isa = PBXSourcesBuildPhase;
			buildActionMask = 2147483647;
			files = (
				04ED77E31C95460F00703A2D /* JWTAlgorithmRS256.m in Sources */,
				04ED77E91C9554F400703A2D /* JWTAlgorithmRSBase.m in Sources */,
				04ED77DD1C95460F00703A2D /* JWTAlgorithmFactory.m in Sources */,
				04ED77E11C95460F00703A2D /* JWTAlgorithmHS512.m in Sources */,
				04ED77E21C95460F00703A2D /* JWTAlgorithmHSFamily.m in Sources */,
				042AC6B31C66225400BEA78D /* JWTClaimsSetSerializer.m in Sources */,
				04ED77DF1C95460F00703A2D /* JWTAlgorithmHS256.m in Sources */,
				04F835B61C6F560E00A792A5 /* JWTClaimsSetVerifier.m in Sources */,
				042AC6B21C66225400BEA78D /* JWTClaimsSet.m in Sources */,
				04ED77DE1C95460F00703A2D /* JWTAlgorithmNone.m in Sources */,
				04F835B31C6F43B700A792A5 /* JWTClaim.m in Sources */,
				04ED77E61C95464300703A2D /* JWTAlgorithmHSBase.m in Sources */,
				04ED77E01C95460F00703A2D /* JWTAlgorithmHS384.m in Sources */,
				A1951DE517589BCF00AF73D9 /* JWT.m in Sources */,
			);
			runOnlyForDeploymentPostprocessing = 0;
		};
		A1951DC21758990700AF73D9 /* Sources */ = {
			isa = PBXSourcesBuildPhase;
			buildActionMask = 2147483647;
			files = (
				042FF05A1C9573CB00C3C855 /* JWTAlgorithmNoneSpec.m in Sources */,
				042FF0681C9577EA00C3C855 /* JWTClaimsSerializerSpec.m in Sources */,
				042FF0591C9573CB00C3C855 /* JWTAlgorithmHS512Spec.m in Sources */,
				042FF0691C9577EA00C3C855 /* JWTClaimsSetSpec.m in Sources */,
				042FF06B1C957B4B00C3C855 /* JWTSpec.m in Sources */,
				042AC6C51C66230600BEA78D /* JWTAlgorithmHS384Spec.m in Sources */,
				042FF0601C9577D600C3C855 /* JWTAlgorithmRS256Tests.m in Sources */,
				042FF0581C9573CB00C3C855 /* JWTAlgorithmHS256Spec.m in Sources */,
			);
			runOnlyForDeploymentPostprocessing = 0;
		};
/* End PBXSourcesBuildPhase section */

/* Begin PBXTargetDependency section */
		A1951DCE1758990800AF73D9 /* PBXTargetDependency */ = {
			isa = PBXTargetDependency;
			target = A1951DB51758990700AF73D9 /* JWT */;
			targetProxy = A1951DCD1758990800AF73D9 /* PBXContainerItemProxy */;
		};
/* End PBXTargetDependency section */

/* Begin PBXVariantGroup section */
		A1951DD31758990800AF73D9 /* InfoPlist.strings */ = {
			isa = PBXVariantGroup;
			children = (
				A1951DD41758990800AF73D9 /* en */,
			);
			name = InfoPlist.strings;
			sourceTree = "<group>";
		};
/* End PBXVariantGroup section */

/* Begin XCBuildConfiguration section */
		A1951DD91758990800AF73D9 /* Debug */ = {
			isa = XCBuildConfiguration;
			buildSettings = {
				ALWAYS_SEARCH_USER_PATHS = NO;
				CLANG_CXX_LANGUAGE_STANDARD = "gnu++0x";
				CLANG_CXX_LIBRARY = "libc++";
				CLANG_ENABLE_OBJC_ARC = YES;
				CLANG_WARN_CONSTANT_CONVERSION = YES;
				CLANG_WARN_EMPTY_BODY = YES;
				CLANG_WARN_ENUM_CONVERSION = YES;
				CLANG_WARN_INT_CONVERSION = YES;
				CLANG_WARN__DUPLICATE_METHOD_MATCH = YES;
				COPY_PHASE_STRIP = NO;
				ENABLE_TESTABILITY = YES;
				GCC_C_LANGUAGE_STANDARD = gnu99;
				GCC_DYNAMIC_NO_PIC = NO;
				GCC_OPTIMIZATION_LEVEL = 0;
				GCC_PREPROCESSOR_DEFINITIONS = (
					"DEBUG=1",
					"$(inherited)",
				);
				GCC_SYMBOLS_PRIVATE_EXTERN = NO;
				GCC_WARN_ABOUT_RETURN_TYPE = YES;
				GCC_WARN_UNINITIALIZED_AUTOS = YES;
				GCC_WARN_UNUSED_VARIABLE = YES;
				IPHONEOS_DEPLOYMENT_TARGET = 6.1;
				ONLY_ACTIVE_ARCH = YES;
				SDKROOT = iphoneos;
			};
			name = Debug;
		};
		A1951DDA1758990800AF73D9 /* Release */ = {
			isa = XCBuildConfiguration;
			buildSettings = {
				ALWAYS_SEARCH_USER_PATHS = NO;
				CLANG_CXX_LANGUAGE_STANDARD = "gnu++0x";
				CLANG_CXX_LIBRARY = "libc++";
				CLANG_ENABLE_OBJC_ARC = YES;
				CLANG_WARN_CONSTANT_CONVERSION = YES;
				CLANG_WARN_EMPTY_BODY = YES;
				CLANG_WARN_ENUM_CONVERSION = YES;
				CLANG_WARN_INT_CONVERSION = YES;
				CLANG_WARN__DUPLICATE_METHOD_MATCH = YES;
				COPY_PHASE_STRIP = YES;
				GCC_C_LANGUAGE_STANDARD = gnu99;
				GCC_WARN_ABOUT_RETURN_TYPE = YES;
				GCC_WARN_UNINITIALIZED_AUTOS = YES;
				GCC_WARN_UNUSED_VARIABLE = YES;
				IPHONEOS_DEPLOYMENT_TARGET = 6.1;
				SDKROOT = iphoneos;
				VALIDATE_PRODUCT = YES;
			};
			name = Release;
		};
		A1951DDC1758990800AF73D9 /* Debug */ = {
			isa = XCBuildConfiguration;
			baseConfigurationReference = 70AED78093B0A8112D5C4A69 /* Pods.debug.xcconfig */;
			buildSettings = {
				DSTROOT = /tmp/JWT.dst;
				GCC_PRECOMPILE_PREFIX_HEADER = YES;
				GCC_PREFIX_HEADER = "JWT/JWT-Prefix.pch";
				PRODUCT_NAME = "$(TARGET_NAME)";
				SKIP_INSTALL = YES;
			};
			name = Debug;
		};
		A1951DDD1758990800AF73D9 /* Release */ = {
			isa = XCBuildConfiguration;
			baseConfigurationReference = 84F4A5888AE1E9EBD54D7DB7 /* Pods.release.xcconfig */;
			buildSettings = {
				DSTROOT = /tmp/JWT.dst;
				GCC_PRECOMPILE_PREFIX_HEADER = YES;
				GCC_PREFIX_HEADER = "JWT/JWT-Prefix.pch";
				PRODUCT_NAME = "$(TARGET_NAME)";
				SKIP_INSTALL = YES;
			};
			name = Release;
		};
		A1951DDF1758990800AF73D9 /* Debug */ = {
			isa = XCBuildConfiguration;
			baseConfigurationReference = D853DD405CE1F88C2A0743B4 /* Pods-JWTTests.debug.xcconfig */;
			buildSettings = {
				GCC_PRECOMPILE_PREFIX_HEADER = YES;
				GCC_PREFIX_HEADER = "JWT/JWT-Prefix.pch";
				INFOPLIST_FILE = "JWTTests/JWTTests-Info.plist";
				PRODUCT_BUNDLE_IDENTIFIER = "com.yourkarma.${PRODUCT_NAME:rfc1034identifier}";
				PRODUCT_NAME = "$(TARGET_NAME)";
			};
			name = Debug;
		};
		A1951DE01758990800AF73D9 /* Release */ = {
			isa = XCBuildConfiguration;
			baseConfigurationReference = 817B4A02C2E1623BC636A4C2 /* Pods-JWTTests.release.xcconfig */;
			buildSettings = {
				GCC_PRECOMPILE_PREFIX_HEADER = YES;
				GCC_PREFIX_HEADER = "JWT/JWT-Prefix.pch";
				INFOPLIST_FILE = "JWTTests/JWTTests-Info.plist";
				PRODUCT_BUNDLE_IDENTIFIER = "com.yourkarma.${PRODUCT_NAME:rfc1034identifier}";
				PRODUCT_NAME = "$(TARGET_NAME)";
			};
			name = Release;
		};
/* End XCBuildConfiguration section */

/* Begin XCConfigurationList section */
		A1951DB11758990700AF73D9 /* Build configuration list for PBXProject "JWT" */ = {
			isa = XCConfigurationList;
			buildConfigurations = (
				A1951DD91758990800AF73D9 /* Debug */,
				A1951DDA1758990800AF73D9 /* Release */,
			);
			defaultConfigurationIsVisible = 0;
			defaultConfigurationName = Release;
		};
		A1951DDB1758990800AF73D9 /* Build configuration list for PBXNativeTarget "JWT" */ = {
			isa = XCConfigurationList;
			buildConfigurations = (
				A1951DDC1758990800AF73D9 /* Debug */,
				A1951DDD1758990800AF73D9 /* Release */,
			);
			defaultConfigurationIsVisible = 0;
			defaultConfigurationName = Release;
		};
		A1951DDE1758990800AF73D9 /* Build configuration list for PBXNativeTarget "JWTTests" */ = {
			isa = XCConfigurationList;
			buildConfigurations = (
				A1951DDF1758990800AF73D9 /* Debug */,
				A1951DE01758990800AF73D9 /* Release */,
			);
			defaultConfigurationIsVisible = 0;
			defaultConfigurationName = Release;
		};
/* End XCConfigurationList section */
	};
	rootObject = A1951DAE1758990700AF73D9 /* Project object */;
}
