PODS:
  - Base64 (1.1.2)
  - JWT (3.0.0-beta.10):
    - Base64 (~> 1.1.2)
  - Kiwi (2.4.0)

DEPENDENCIES:
  - JWT (from `../../`)
  - Kiwi

SPEC REPOS:
  https://github.com/cocoapods/specs.git:
    - Base64
    - Kiwi

EXTERNAL SOURCES:
  JWT:
    :path: "../../"

SPEC CHECKSUMS:
  Base64: cecfb41a004124895a7bcee567a89bae5a89d49b
  JWT: a1a9d0251e3ca37d8b6a437e3bf15a868cc1294b
  Kiwi: f49c9d54b28917df5928fe44968a39ed198cb8a8

PODFILE CHECKSUM: b62cdb80ff306ae3cda66900fc7bab6548e4dc00

COCOAPODS: 1.5.3
