// !$*UTF8*$!
{
	archiveVersion = 1;
	classes = {
	};
	objectVersion = 46;
	objects = {

/* Begin PBXBuildFile section */
		0A1DA53A265B92830041E737 /* JWTClaimsSerializerBaseTests.m in Sources */ = {isa = PBXBuildFile; fileRef = 0A1DA539265B92830041E737 /* JWTClaimsSerializerBaseTests.m */; };
		0A1DA53B265B92830041E737 /* JWTClaimsSerializerBaseTests.m in Sources */ = {isa = PBXBuildFile; fileRef = 0A1DA539265B92830041E737 /* JWTClaimsSerializerBaseTests.m */; };
		0A1DA53C265B92830041E737 /* JWTClaimsSerializerBaseTests.m in Sources */ = {isa = PBXBuildFile; fileRef = 0A1DA539265B92830041E737 /* JWTClaimsSerializerBaseTests.m */; };
		0A5B450E210DB9EF0027A234 /* Certificates.xcassets in Resources */ = {isa = PBXBuildFile; fileRef = 0A5B450D210DB9EF0027A234 /* Certificates.xcassets */; };
		0A5B4510210DBDDB0027A234 /* JWTAlgorithmAsymmetricTests.m in Sources */ = {isa = PBXBuildFile; fileRef = 0A5B450F210DBDDB0027A234 /* JWTAlgorithmAsymmetricTests.m */; };
		0A5B4512210DC0860027A234 /* JWTAlgorithmHSTests.m in Sources */ = {isa = PBXBuildFile; fileRef = 0A5B4511210DC0860027A234 /* JWTAlgorithmHSTests.m */; };
		0A5B4514210DCB7A0027A234 /* JWTAlgorithmNoneTests.m in Sources */ = {isa = PBXBuildFile; fileRef = 0A5B4513210DCB7A0027A234 /* JWTAlgorithmNoneTests.m */; };
		0A5B4516210DD81E0027A234 /* JWTTests.m in Sources */ = {isa = PBXBuildFile; fileRef = 0A5B4515210DD81E0027A234 /* JWTTests.m */; };
		0A5B4518210DD82E0027A234 /* JWTReadmeTests.m in Sources */ = {isa = PBXBuildFile; fileRef = 0A5B4517210DD82E0027A234 /* JWTReadmeTests.m */; };
		0A5B451A210DD83B0027A234 /* JWTIssuesTests.m in Sources */ = {isa = PBXBuildFile; fileRef = 0A5B4519210DD83B0027A234 /* JWTIssuesTests.m */; };
		0A5B451C210DDFBB0027A234 /* JWTClaimsSerializerTests.m in Sources */ = {isa = PBXBuildFile; fileRef = 0A5B451B210DDFBB0027A234 /* JWTClaimsSerializerTests.m */; };
		0A883A8E266D660500DAF016 /* watchOS_Tests.m in Sources */ = {isa = PBXBuildFile; fileRef = 0A883A8D266D660500DAF016 /* watchOS_Tests.m */; };
		0A883A93266D66F200DAF016 /* JWTTests.m in Sources */ = {isa = PBXBuildFile; fileRef = 0A5B4515210DD81E0027A234 /* JWTTests.m */; };
		0A883A94266D66F200DAF016 /* JWTReadmeTests.m in Sources */ = {isa = PBXBuildFile; fileRef = 0A5B4517210DD82E0027A234 /* JWTReadmeTests.m */; };
		0A883A95266D66F300DAF016 /* JWTIssuesTests.m in Sources */ = {isa = PBXBuildFile; fileRef = 0A5B4519210DD83B0027A234 /* JWTIssuesTests.m */; };
		0A883A96266D66F500DAF016 /* JWTClaimsSerializerTests.m in Sources */ = {isa = PBXBuildFile; fileRef = 0A5B451B210DDFBB0027A234 /* JWTClaimsSerializerTests.m */; };
		0A883A97266D66F500DAF016 /* JWTClaimsCustomClaimsBaseTests.m in Sources */ = {isa = PBXBuildFile; fileRef = 0AE4FFA22663C78400431728 /* JWTClaimsCustomClaimsBaseTests.m */; };
		0A883A98266D66F500DAF016 /* JWTClaimsSerializerBaseTests.m in Sources */ = {isa = PBXBuildFile; fileRef = 0A1DA539265B92830041E737 /* JWTClaimsSerializerBaseTests.m */; };
		0A883A99266D66F700DAF016 /* JWTAlgorithmAsymmetricTests.m in Sources */ = {isa = PBXBuildFile; fileRef = 0A5B450F210DBDDB0027A234 /* JWTAlgorithmAsymmetricTests.m */; };
		0A883A9A266D66F700DAF016 /* JWTAlgorithmHSTests.m in Sources */ = {isa = PBXBuildFile; fileRef = 0A5B4511210DC0860027A234 /* JWTAlgorithmHSTests.m */; };
		0A883A9B266D66F700DAF016 /* JWTAlgorithmNoneTests.m in Sources */ = {isa = PBXBuildFile; fileRef = 0A5B4513210DCB7A0027A234 /* JWTAlgorithmNoneTests.m */; };
		0A883AA8266D683800DAF016 /* Certificates.xcassets in Resources */ = {isa = PBXBuildFile; fileRef = 0A5B450D210DB9EF0027A234 /* Certificates.xcassets */; };
		0A883AA9266D781C00DAF016 /* JWT.framework in Frameworks */ = {isa = PBXBuildFile; fileRef = 0AD2D61B21130F6100104C72 /* JWT.framework */; };
		0ABF607F211497B200222F2D /* Certificates.xcassets in Resources */ = {isa = PBXBuildFile; fileRef = 0A5B450D210DB9EF0027A234 /* Certificates.xcassets */; };
		0AC8B31B27862B11008C0645 /* JWTAssetAccessor.m in Sources */ = {isa = PBXBuildFile; fileRef = 0AC8B31A27862B11008C0645 /* JWTAssetAccessor.m */; };
		0AC8B31C27862B11008C0645 /* JWTAssetAccessor.m in Sources */ = {isa = PBXBuildFile; fileRef = 0AC8B31A27862B11008C0645 /* JWTAssetAccessor.m */; };
		0AC8B31D27862B11008C0645 /* JWTAssetAccessor.m in Sources */ = {isa = PBXBuildFile; fileRef = 0AC8B31A27862B11008C0645 /* JWTAssetAccessor.m */; };
		0AC8B31E27862B11008C0645 /* JWTAssetAccessor.m in Sources */ = {isa = PBXBuildFile; fileRef = 0AC8B31A27862B11008C0645 /* JWTAssetAccessor.m */; };
		0AD2D62D21130F9D00104C72 /* JWT.framework in Frameworks */ = {isa = PBXBuildFile; fileRef = 0AD2D61B21130F6100104C72 /* JWT.framework */; };
		0AD2D62E21130FC900104C72 /* JWT.framework in Frameworks */ = {isa = PBXBuildFile; fileRef = 0AD2D61B21130F6100104C72 /* JWT.framework */; };
		0AD2D66C2114900B00104C72 /* JWTAlgorithmAsymmetricTests.m in Sources */ = {isa = PBXBuildFile; fileRef = 0A5B450F210DBDDB0027A234 /* JWTAlgorithmAsymmetricTests.m */; };
		0AD2D66D2114901200104C72 /* JWTAlgorithmHSTests.m in Sources */ = {isa = PBXBuildFile; fileRef = 0A5B4511210DC0860027A234 /* JWTAlgorithmHSTests.m */; };
		0AD2D66E2114901200104C72 /* JWTAlgorithmNoneTests.m in Sources */ = {isa = PBXBuildFile; fileRef = 0A5B4513210DCB7A0027A234 /* JWTAlgorithmNoneTests.m */; };
		0AD2D66F2114914C00104C72 /* JWTClaimsSerializerTests.m in Sources */ = {isa = PBXBuildFile; fileRef = 0A5B451B210DDFBB0027A234 /* JWTClaimsSerializerTests.m */; };
		0AD2D6702114914F00104C72 /* JWTReadmeTests.m in Sources */ = {isa = PBXBuildFile; fileRef = 0A5B4517210DD82E0027A234 /* JWTReadmeTests.m */; };
		0AD2D6712114915200104C72 /* JWTTests.m in Sources */ = {isa = PBXBuildFile; fileRef = 0A5B4515210DD81E0027A234 /* JWTTests.m */; };
		0AD2D6722114915500104C72 /* JWTIssuesTests.m in Sources */ = {isa = PBXBuildFile; fileRef = 0A5B4519210DD83B0027A234 /* JWTIssuesTests.m */; };
		0AE4FFA32663C78400431728 /* JWTClaimsCustomClaimsBaseTests.m in Sources */ = {isa = PBXBuildFile; fileRef = 0AE4FFA22663C78400431728 /* JWTClaimsCustomClaimsBaseTests.m */; };
		0AE4FFA52663C85D00431728 /* JWTClaimsCustomClaimsBaseTests.m in Sources */ = {isa = PBXBuildFile; fileRef = 0AE4FFA22663C78400431728 /* JWTClaimsCustomClaimsBaseTests.m */; };
		0AE4FFA62663C85D00431728 /* JWTClaimsCustomClaimsBaseTests.m in Sources */ = {isa = PBXBuildFile; fileRef = 0AE4FFA22663C78400431728 /* JWTClaimsCustomClaimsBaseTests.m */; };
		EC0B56772358C9FC002EB309 /* JWTReadmeTests.m in Sources */ = {isa = PBXBuildFile; fileRef = 0A5B4517210DD82E0027A234 /* JWTReadmeTests.m */; };
		EC0B56792358C9FC002EB309 /* JWTTests.m in Sources */ = {isa = PBXBuildFile; fileRef = 0A5B4515210DD81E0027A234 /* JWTTests.m */; };
		EC0B567A2358C9FC002EB309 /* JWTAlgorithmAsymmetricTests.m in Sources */ = {isa = PBXBuildFile; fileRef = 0A5B450F210DBDDB0027A234 /* JWTAlgorithmAsymmetricTests.m */; };
		EC0B567B2358C9FC002EB309 /* JWTIssuesTests.m in Sources */ = {isa = PBXBuildFile; fileRef = 0A5B4519210DD83B0027A234 /* JWTIssuesTests.m */; };
		EC0B567C2358C9FC002EB309 /* JWTAlgorithmHSTests.m in Sources */ = {isa = PBXBuildFile; fileRef = 0A5B4511210DC0860027A234 /* JWTAlgorithmHSTests.m */; };
		EC0B567D2358C9FC002EB309 /* JWTClaimsSerializerTests.m in Sources */ = {isa = PBXBuildFile; fileRef = 0A5B451B210DDFBB0027A234 /* JWTClaimsSerializerTests.m */; };
		EC0B567E2358C9FC002EB309 /* JWTAlgorithmNoneTests.m in Sources */ = {isa = PBXBuildFile; fileRef = 0A5B4513210DCB7A0027A234 /* JWTAlgorithmNoneTests.m */; };
		EC0B56802358C9FC002EB309 /* JWT.framework in Frameworks */ = {isa = PBXBuildFile; fileRef = 0AD2D61B21130F6100104C72 /* JWT.framework */; };
		EC0B56872358C9FC002EB309 /* Certificates.xcassets in Resources */ = {isa = PBXBuildFile; fileRef = 0A5B450D210DB9EF0027A234 /* Certificates.xcassets */; };
/* End PBXBuildFile section */

/* Begin PBXContainerItemProxy section */
		0A883AAA266D782100DAF016 /* PBXContainerItemProxy */ = {
			isa = PBXContainerItemProxy;
			containerPortal = 0AD2D61121130F6100104C72 /* JWT.xcodeproj */;
			proxyType = 1;
			remoteGlobalIDString = 04DEBCA21DBCDB8600C1DF52;
			remoteInfo = JWT;
		};
		0ABF60862114982600222F2D /* PBXContainerItemProxy */ = {
			isa = PBXContainerItemProxy;
			containerPortal = 0AD2D61121130F6100104C72 /* JWT.xcodeproj */;
			proxyType = 1;
			remoteGlobalIDString = 04DEBCA21DBCDB8600C1DF52;
			remoteInfo = JWT;
		};
		0AD2D61A21130F6100104C72 /* PBXContainerItemProxy */ = {
			isa = PBXContainerItemProxy;
			containerPortal = 0AD2D61121130F6100104C72 /* JWT.xcodeproj */;
			proxyType = 2;
			remoteGlobalIDString = 04DEBCA31DBCDB8600C1DF52;
			remoteInfo = JWT;
		};
		0AD2D61C21130F6100104C72 /* PBXContainerItemProxy */ = {
			isa = PBXContainerItemProxy;
			containerPortal = 0AD2D61121130F6100104C72 /* JWT.xcodeproj */;
			proxyType = 2;
			remoteGlobalIDString = 045146681D5E2A78007B1D7A;
			remoteInfo = "JWT-iOS-Static";
		};
		0AD47CA521149B9800D2C056 /* PBXContainerItemProxy */ = {
			isa = PBXContainerItemProxy;
			containerPortal = 0AD2D61121130F6100104C72 /* JWT.xcodeproj */;
			proxyType = 1;
			remoteGlobalIDString = 04DEBCA21DBCDB8600C1DF52;
			remoteInfo = JWT;
		};
		EC0B56752358C9FC002EB309 /* PBXContainerItemProxy */ = {
			isa = PBXContainerItemProxy;
			containerPortal = 0AD2D61121130F6100104C72 /* JWT.xcodeproj */;
			proxyType = 1;
			remoteGlobalIDString = 04DEBCA21DBCDB8600C1DF52;
			remoteInfo = JWT;
		};
/* End PBXContainerItemProxy section */

/* Begin PBXFileReference section */
		045147331D5E2FF0007B1D7A /* iOS_Tests.xctest */ = {isa = PBXFileReference; explicitFileType = wrapper.cfbundle; includeInIndex = 0; path = iOS_Tests.xctest; sourceTree = BUILT_PRODUCTS_DIR; };
		045147381D5E2FF0007B1D7A /* Info.plist */ = {isa = PBXFileReference; lastKnownFileType = text.plist.xml; path = Info.plist; sourceTree = "<group>"; };
		045147401D5E3004007B1D7A /* macOS_Tests.xctest */ = {isa = PBXFileReference; explicitFileType = wrapper.cfbundle; includeInIndex = 0; path = macOS_Tests.xctest; sourceTree = BUILT_PRODUCTS_DIR; };
		045147441D5E3004007B1D7A /* Info.plist */ = {isa = PBXFileReference; lastKnownFileType = text.plist.xml; path = Info.plist; sourceTree = "<group>"; };
		0A1DA539265B92830041E737 /* JWTClaimsSerializerBaseTests.m */ = {isa = PBXFileReference; fileEncoding = 4; lastKnownFileType = sourcecode.c.objc; path = JWTClaimsSerializerBaseTests.m; sourceTree = "<group>"; };
		0A5B450D210DB9EF0027A234 /* Certificates.xcassets */ = {isa = PBXFileReference; lastKnownFileType = folder.assetcatalog; path = Certificates.xcassets; sourceTree = "<group>"; };
		0A5B450F210DBDDB0027A234 /* JWTAlgorithmAsymmetricTests.m */ = {isa = PBXFileReference; lastKnownFileType = sourcecode.c.objc; path = JWTAlgorithmAsymmetricTests.m; sourceTree = "<group>"; };
		0A5B4511210DC0860027A234 /* JWTAlgorithmHSTests.m */ = {isa = PBXFileReference; lastKnownFileType = sourcecode.c.objc; path = JWTAlgorithmHSTests.m; sourceTree = "<group>"; };
		0A5B4513210DCB7A0027A234 /* JWTAlgorithmNoneTests.m */ = {isa = PBXFileReference; lastKnownFileType = sourcecode.c.objc; path = JWTAlgorithmNoneTests.m; sourceTree = "<group>"; };
		0A5B4515210DD81E0027A234 /* JWTTests.m */ = {isa = PBXFileReference; lastKnownFileType = sourcecode.c.objc; path = JWTTests.m; sourceTree = "<group>"; };
		0A5B4517210DD82E0027A234 /* JWTReadmeTests.m */ = {isa = PBXFileReference; lastKnownFileType = sourcecode.c.objc; path = JWTReadmeTests.m; sourceTree = "<group>"; };
		0A5B4519210DD83B0027A234 /* JWTIssuesTests.m */ = {isa = PBXFileReference; lastKnownFileType = sourcecode.c.objc; path = JWTIssuesTests.m; sourceTree = "<group>"; };
		0A5B451B210DDFBB0027A234 /* JWTClaimsSerializerTests.m */ = {isa = PBXFileReference; lastKnownFileType = sourcecode.c.objc; path = JWTClaimsSerializerTests.m; sourceTree = "<group>"; };
		0A883A8B266D660500DAF016 /* watchOS_Tests.xctest */ = {isa = PBXFileReference; explicitFileType = wrapper.cfbundle; includeInIndex = 0; path = watchOS_Tests.xctest; sourceTree = BUILT_PRODUCTS_DIR; };
		0A883A8D266D660500DAF016 /* watchOS_Tests.m */ = {isa = PBXFileReference; lastKnownFileType = sourcecode.c.objc; path = watchOS_Tests.m; sourceTree = "<group>"; };
		0A883A8F266D660500DAF016 /* Info.plist */ = {isa = PBXFileReference; lastKnownFileType = text.plist.xml; path = Info.plist; sourceTree = "<group>"; };
		0AC8B31927862B11008C0645 /* JWTAssetAccessor.h */ = {isa = PBXFileReference; lastKnownFileType = sourcecode.c.h; path = JWTAssetAccessor.h; sourceTree = "<group>"; };
		0AC8B31A27862B11008C0645 /* JWTAssetAccessor.m */ = {isa = PBXFileReference; lastKnownFileType = sourcecode.c.objc; path = JWTAssetAccessor.m; sourceTree = "<group>"; };
		0AD2D61121130F6100104C72 /* JWT.xcodeproj */ = {isa = PBXFileReference; lastKnownFileType = "wrapper.pb-project"; name = JWT.xcodeproj; path = ../Framework/JWT.xcodeproj; sourceTree = "<group>"; };
		0AE4FFA22663C78400431728 /* JWTClaimsCustomClaimsBaseTests.m */ = {isa = PBXFileReference; lastKnownFileType = sourcecode.c.objc; path = JWTClaimsCustomClaimsBaseTests.m; sourceTree = "<group>"; };
		EC0B56932358C9FC002EB309 /* tvOS_Tests.xctest */ = {isa = PBXFileReference; explicitFileType = wrapper.cfbundle; includeInIndex = 0; path = tvOS_Tests.xctest; sourceTree = BUILT_PRODUCTS_DIR; };
		EC0B56962358DC8B002EB309 /* Info.plist */ = {isa = PBXFileReference; fileEncoding = 4; lastKnownFileType = text.plist.xml; name = Info.plist; path = tvOS_Tests/Info.plist; sourceTree = "<group>"; };
/* End PBXFileReference section */

/* Begin PBXFrameworksBuildPhase section */
		045147301D5E2FF0007B1D7A /* Frameworks */ = {
			isa = PBXFrameworksBuildPhase;
			buildActionMask = 2147483647;
			files = (
				0AD2D62D21130F9D00104C72 /* JWT.framework in Frameworks */,
			);
			runOnlyForDeploymentPostprocessing = 0;
		};
		0451473D1D5E3004007B1D7A /* Frameworks */ = {
			isa = PBXFrameworksBuildPhase;
			buildActionMask = 2147483647;
			files = (
				0AD2D62E21130FC900104C72 /* JWT.framework in Frameworks */,
			);
			runOnlyForDeploymentPostprocessing = 0;
		};
		0A883A88266D660500DAF016 /* Frameworks */ = {
			isa = PBXFrameworksBuildPhase;
			buildActionMask = 2147483647;
			files = (
				0A883AA9266D781C00DAF016 /* JWT.framework in Frameworks */,
			);
			runOnlyForDeploymentPostprocessing = 0;
		};
		EC0B567F2358C9FC002EB309 /* Frameworks */ = {
			isa = PBXFrameworksBuildPhase;
			buildActionMask = 2147483647;
			files = (
				EC0B56802358C9FC002EB309 /* JWT.framework in Frameworks */,
			);
			runOnlyForDeploymentPostprocessing = 0;
		};
/* End PBXFrameworksBuildPhase section */

/* Begin PBXGroup section */
		045147281D5E2F93007B1D7A = {
			isa = PBXGroup;
			children = (
				0AD2D61121130F6100104C72 /* JWT.xcodeproj */,
				04857DD91E4DD77D0036CC3A /* Resources */,
				045147641D5E310E007B1D7A /* Tests */,
				045147351D5E2FF0007B1D7A /* iOS_Tests */,
				045147411D5E3004007B1D7A /* macOS_Tests */,
				EC0B56952358DC6E002EB309 /* tvOS_Tests */,
				0A883A8C266D660500DAF016 /* watchOS_Tests */,
				045147341D5E2FF0007B1D7A /* Products */,
				0AD2D62C21130F9D00104C72 /* Frameworks */,
			);
			sourceTree = "<group>";
		};
		045147341D5E2FF0007B1D7A /* Products */ = {
			isa = PBXGroup;
			children = (
				045147331D5E2FF0007B1D7A /* iOS_Tests.xctest */,
				045147401D5E3004007B1D7A /* macOS_Tests.xctest */,
				EC0B56932358C9FC002EB309 /* tvOS_Tests.xctest */,
				0A883A8B266D660500DAF016 /* watchOS_Tests.xctest */,
			);
			name = Products;
			sourceTree = "<group>";
		};
		045147351D5E2FF0007B1D7A /* iOS_Tests */ = {
			isa = PBXGroup;
			children = (
				045147381D5E2FF0007B1D7A /* Info.plist */,
			);
			path = iOS_Tests;
			sourceTree = "<group>";
		};
		045147411D5E3004007B1D7A /* macOS_Tests */ = {
			isa = PBXGroup;
			children = (
				045147441D5E3004007B1D7A /* Info.plist */,
			);
			path = macOS_Tests;
			sourceTree = "<group>";
		};
		045147641D5E310E007B1D7A /* Tests */ = {
			isa = PBXGroup;
			children = (
				0AC8B31327862AC4008C0645 /* CertificatesAccessors */,
				045147651D5E310E007B1D7A /* Algorithms */,
				0451476F1D5E310E007B1D7A /* ClaimSet */,
				045147721D5E310E007B1D7A /* JWT */,
			);
			path = Tests;
			sourceTree = "<group>";
		};
		045147651D5E310E007B1D7A /* Algorithms */ = {
			isa = PBXGroup;
			children = (
				0A5B450F210DBDDB0027A234 /* JWTAlgorithmAsymmetricTests.m */,
				0A5B4511210DC0860027A234 /* JWTAlgorithmHSTests.m */,
				0A5B4513210DCB7A0027A234 /* JWTAlgorithmNoneTests.m */,
			);
			path = Algorithms;
			sourceTree = "<group>";
		};
		0451476F1D5E310E007B1D7A /* ClaimSet */ = {
			isa = PBXGroup;
			children = (
				0A1DA539265B92830041E737 /* JWTClaimsSerializerBaseTests.m */,
				0A5B451B210DDFBB0027A234 /* JWTClaimsSerializerTests.m */,
				0AE4FFA22663C78400431728 /* JWTClaimsCustomClaimsBaseTests.m */,
			);
			path = ClaimSet;
			sourceTree = "<group>";
		};
		045147721D5E310E007B1D7A /* JWT */ = {
			isa = PBXGroup;
			children = (
				0A5B4515210DD81E0027A234 /* JWTTests.m */,
				0A5B4517210DD82E0027A234 /* JWTReadmeTests.m */,
				0A5B4519210DD83B0027A234 /* JWTIssuesTests.m */,
			);
			path = JWT;
			sourceTree = "<group>";
		};
		04857DD91E4DD77D0036CC3A /* Resources */ = {
			isa = PBXGroup;
			children = (
				0A5B450D210DB9EF0027A234 /* Certificates.xcassets */,
			);
			path = Resources;
			sourceTree = "<group>";
		};
		0A883A8C266D660500DAF016 /* watchOS_Tests */ = {
			isa = PBXGroup;
			children = (
				0A883A8D266D660500DAF016 /* watchOS_Tests.m */,
				0A883A8F266D660500DAF016 /* Info.plist */,
			);
			path = watchOS_Tests;
			sourceTree = "<group>";
		};
		0AC8B31327862AC4008C0645 /* CertificatesAccessors */ = {
			isa = PBXGroup;
			children = (
				0AC8B31927862B11008C0645 /* JWTAssetAccessor.h */,
				0AC8B31A27862B11008C0645 /* JWTAssetAccessor.m */,
			);
			path = CertificatesAccessors;
			sourceTree = "<group>";
		};
		0AD2D61221130F6100104C72 /* Products */ = {
			isa = PBXGroup;
			children = (
				0AD2D61B21130F6100104C72 /* JWT.framework */,
				0AD2D61D21130F6100104C72 /* libJWT.a */,
			);
			name = Products;
			sourceTree = "<group>";
		};
		0AD2D62C21130F9D00104C72 /* Frameworks */ = {
			isa = PBXGroup;
			children = (
			);
			name = Frameworks;
			sourceTree = "<group>";
		};
		EC0B56952358DC6E002EB309 /* tvOS_Tests */ = {
			isa = PBXGroup;
			children = (
				EC0B56962358DC8B002EB309 /* Info.plist */,
			);
			name = tvOS_Tests;
			sourceTree = "<group>";
		};
/* End PBXGroup section */

/* Begin PBXNativeTarget section */
		045147321D5E2FF0007B1D7A /* iOS_Tests */ = {
			isa = PBXNativeTarget;
			buildConfigurationList = 045147391D5E2FF0007B1D7A /* Build configuration list for PBXNativeTarget "iOS_Tests" */;
			buildPhases = (
				0451472F1D5E2FF0007B1D7A /* Sources */,
				045147301D5E2FF0007B1D7A /* Frameworks */,
				045147311D5E2FF0007B1D7A /* Resources */,
			);
			buildRules = (
			);
			dependencies = (
				0AD47CA621149B9800D2C056 /* PBXTargetDependency */,
			);
			name = iOS_Tests;
			productName = iOS_Tests;
			productReference = 045147331D5E2FF0007B1D7A /* iOS_Tests.xctest */;
			productType = "com.apple.product-type.bundle.unit-test";
		};
		0451473F1D5E3004007B1D7A /* macOS_Tests */ = {
			isa = PBXNativeTarget;
			buildConfigurationList = 045147451D5E3004007B1D7A /* Build configuration list for PBXNativeTarget "macOS_Tests" */;
			buildPhases = (
				0451473C1D5E3004007B1D7A /* Sources */,
				0451473D1D5E3004007B1D7A /* Frameworks */,
				0451473E1D5E3004007B1D7A /* Resources */,
			);
			buildRules = (
			);
			dependencies = (
				0ABF60872114982600222F2D /* PBXTargetDependency */,
			);
			name = macOS_Tests;
			productName = macOS_Tests;
			productReference = 045147401D5E3004007B1D7A /* macOS_Tests.xctest */;
			productType = "com.apple.product-type.bundle.unit-test";
		};
		0A883A8A266D660500DAF016 /* watchOS_Tests */ = {
			isa = PBXNativeTarget;
			buildConfigurationList = 0A883A90266D660500DAF016 /* Build configuration list for PBXNativeTarget "watchOS_Tests" */;
			buildPhases = (
				0A883A87266D660500DAF016 /* Sources */,
				0A883A88266D660500DAF016 /* Frameworks */,
				0A883A89266D660500DAF016 /* Resources */,
			);
			buildRules = (
			);
			dependencies = (
				0A883AAB266D782100DAF016 /* PBXTargetDependency */,
			);
			name = watchOS_Tests;
			productName = watchOS_Tests;
			productReference = 0A883A8B266D660500DAF016 /* watchOS_Tests.xctest */;
			productType = "com.apple.product-type.bundle.unit-test";
		};
		EC0B56732358C9FC002EB309 /* tvOS_Tests */ = {
			isa = PBXNativeTarget;
			buildConfigurationList = EC0B56902358C9FC002EB309 /* Build configuration list for PBXNativeTarget "tvOS_Tests" */;
			buildPhases = (
				EC0B56762358C9FC002EB309 /* Sources */,
				EC0B567F2358C9FC002EB309 /* Frameworks */,
				EC0B56812358C9FC002EB309 /* Resources */,
			);
			buildRules = (
			);
			dependencies = (
				EC0B56742358C9FC002EB309 /* PBXTargetDependency */,
			);
			name = tvOS_Tests;
			productName = iOS_Tests;
			productReference = EC0B56932358C9FC002EB309 /* tvOS_Tests.xctest */;
			productType = "com.apple.product-type.bundle.unit-test";
		};
/* End PBXNativeTarget section */

/* Begin PBXProject section */
		045147291D5E2F93007B1D7A /* Project object */ = {
			isa = PBXProject;
			attributes = {
				LastUpgradeCheck = 1250;
				TargetAttributes = {
					045147321D5E2FF0007B1D7A = {
						CreatedOnToolsVersion = 7.3.1;
						LastSwiftMigration = 1320;
						ProvisioningStyle = Automatic;
					};
					0451473F1D5E3004007B1D7A = {
						CreatedOnToolsVersion = 7.3.1;
						LastSwiftMigration = 1320;
					};
					0A883A8A266D660500DAF016 = {
						CreatedOnToolsVersion = 12.5;
						LastSwiftMigration = 1320;
						ProvisioningStyle = Automatic;
					};
					EC0B56732358C9FC002EB309 = {
						LastSwiftMigration = 1320;
						ProvisioningStyle = Automatic;
					};
				};
			};
			buildConfigurationList = 0451472C1D5E2F93007B1D7A /* Build configuration list for PBXProject "Tests" */;
			compatibilityVersion = "Xcode 3.2";
			developmentRegion = English;
			hasScannedForEncodings = 0;
			knownRegions = (
				English,
				en,
			);
			mainGroup = 045147281D5E2F93007B1D7A;
			productRefGroup = 045147341D5E2FF0007B1D7A /* Products */;
			projectDirPath = "";
			projectReferences = (
				{
					ProductGroup = 0AD2D61221130F6100104C72 /* Products */;
					ProjectRef = 0AD2D61121130F6100104C72 /* JWT.xcodeproj */;
				},
			);
			projectRoot = "";
			targets = (
				045147321D5E2FF0007B1D7A /* iOS_Tests */,
				0451473F1D5E3004007B1D7A /* macOS_Tests */,
				EC0B56732358C9FC002EB309 /* tvOS_Tests */,
				0A883A8A266D660500DAF016 /* watchOS_Tests */,
			);
		};
/* End PBXProject section */

/* Begin PBXReferenceProxy section */
		0AD2D61B21130F6100104C72 /* JWT.framework */ = {
			isa = PBXReferenceProxy;
			fileType = wrapper.framework;
			path = JWT.framework;
			remoteRef = 0AD2D61A21130F6100104C72 /* PBXContainerItemProxy */;
			sourceTree = BUILT_PRODUCTS_DIR;
		};
		0AD2D61D21130F6100104C72 /* libJWT.a */ = {
			isa = PBXReferenceProxy;
			fileType = archive.ar;
			path = libJWT.a;
			remoteRef = 0AD2D61C21130F6100104C72 /* PBXContainerItemProxy */;
			sourceTree = BUILT_PRODUCTS_DIR;
		};
/* End PBXReferenceProxy section */

/* Begin PBXResourcesBuildPhase section */
		045147311D5E2FF0007B1D7A /* Resources */ = {
			isa = PBXResourcesBuildPhase;
			buildActionMask = 2147483647;
			files = (
				0A5B450E210DB9EF0027A234 /* Certificates.xcassets in Resources */,
			);
			runOnlyForDeploymentPostprocessing = 0;
		};
		0451473E1D5E3004007B1D7A /* Resources */ = {
			isa = PBXResourcesBuildPhase;
			buildActionMask = 2147483647;
			files = (
				0ABF607F211497B200222F2D /* Certificates.xcassets in Resources */,
			);
			runOnlyForDeploymentPostprocessing = 0;
		};
		0A883A89266D660500DAF016 /* Resources */ = {
			isa = PBXResourcesBuildPhase;
			buildActionMask = 2147483647;
			files = (
				0A883AA8266D683800DAF016 /* Certificates.xcassets in Resources */,
			);
			runOnlyForDeploymentPostprocessing = 0;
		};
		EC0B56812358C9FC002EB309 /* Resources */ = {
			isa = PBXResourcesBuildPhase;
			buildActionMask = 2147483647;
			files = (
				EC0B56872358C9FC002EB309 /* Certificates.xcassets in Resources */,
			);
			runOnlyForDeploymentPostprocessing = 0;
		};
/* End PBXResourcesBuildPhase section */

/* Begin PBXSourcesBuildPhase section */
		0451472F1D5E2FF0007B1D7A /* Sources */ = {
			isa = PBXSourcesBuildPhase;
			buildActionMask = 2147483647;
			files = (
				0AE4FFA32663C78400431728 /* JWTClaimsCustomClaimsBaseTests.m in Sources */,
				0A5B4518210DD82E0027A234 /* JWTReadmeTests.m in Sources */,
				0A5B4516210DD81E0027A234 /* JWTTests.m in Sources */,
				0A5B4510210DBDDB0027A234 /* JWTAlgorithmAsymmetricTests.m in Sources */,
				0A5B451A210DD83B0027A234 /* JWTIssuesTests.m in Sources */,
				0A1DA53A265B92830041E737 /* JWTClaimsSerializerBaseTests.m in Sources */,
				0A5B4512210DC0860027A234 /* JWTAlgorithmHSTests.m in Sources */,
				0AC8B31B27862B11008C0645 /* JWTAssetAccessor.m in Sources */,
				0A5B451C210DDFBB0027A234 /* JWTClaimsSerializerTests.m in Sources */,
				0A5B4514210DCB7A0027A234 /* JWTAlgorithmNoneTests.m in Sources */,
			);
			runOnlyForDeploymentPostprocessing = 0;
		};
		0451473C1D5E3004007B1D7A /* Sources */ = {
			isa = PBXSourcesBuildPhase;
			buildActionMask = 2147483647;
			files = (
				0AE4FFA52663C85D00431728 /* JWTClaimsCustomClaimsBaseTests.m in Sources */,
				0AD2D66E2114901200104C72 /* JWTAlgorithmNoneTests.m in Sources */,
				0AD2D6712114915200104C72 /* JWTTests.m in Sources */,
				0AD2D66D2114901200104C72 /* JWTAlgorithmHSTests.m in Sources */,
				0AD2D66F2114914C00104C72 /* JWTClaimsSerializerTests.m in Sources */,
				0A1DA53B265B92830041E737 /* JWTClaimsSerializerBaseTests.m in Sources */,
				0AD2D66C2114900B00104C72 /* JWTAlgorithmAsymmetricTests.m in Sources */,
				0AC8B31C27862B11008C0645 /* JWTAssetAccessor.m in Sources */,
				0AD2D6702114914F00104C72 /* JWTReadmeTests.m in Sources */,
				0AD2D6722114915500104C72 /* JWTIssuesTests.m in Sources */,
			);
			runOnlyForDeploymentPostprocessing = 0;
		};
		0A883A87266D660500DAF016 /* Sources */ = {
			isa = PBXSourcesBuildPhase;
			buildActionMask = 2147483647;
			files = (
				0AC8B31E27862B11008C0645 /* JWTAssetAccessor.m in Sources */,
				0A883A98266D66F500DAF016 /* JWTClaimsSerializerBaseTests.m in Sources */,
				0A883A9B266D66F700DAF016 /* JWTAlgorithmNoneTests.m in Sources */,
				0A883A8E266D660500DAF016 /* watchOS_Tests.m in Sources */,
				0A883A93266D66F200DAF016 /* JWTTests.m in Sources */,
				0A883A94266D66F200DAF016 /* JWTReadmeTests.m in Sources */,
				0A883A96266D66F500DAF016 /* JWTClaimsSerializerTests.m in Sources */,
				0A883A99266D66F700DAF016 /* JWTAlgorithmAsymmetricTests.m in Sources */,
				0A883A97266D66F500DAF016 /* JWTClaimsCustomClaimsBaseTests.m in Sources */,
				0A883A9A266D66F700DAF016 /* JWTAlgorithmHSTests.m in Sources */,
				0A883A95266D66F300DAF016 /* JWTIssuesTests.m in Sources */,
			);
			runOnlyForDeploymentPostprocessing = 0;
		};
		EC0B56762358C9FC002EB309 /* Sources */ = {
			isa = PBXSourcesBuildPhase;
			buildActionMask = 2147483647;
			files = (
				0AE4FFA62663C85D00431728 /* JWTClaimsCustomClaimsBaseTests.m in Sources */,
				EC0B56772358C9FC002EB309 /* JWTReadmeTests.m in Sources */,
				EC0B56792358C9FC002EB309 /* JWTTests.m in Sources */,
				EC0B567A2358C9FC002EB309 /* JWTAlgorithmAsymmetricTests.m in Sources */,
				EC0B567B2358C9FC002EB309 /* JWTIssuesTests.m in Sources */,
				0A1DA53C265B92830041E737 /* JWTClaimsSerializerBaseTests.m in Sources */,
				EC0B567C2358C9FC002EB309 /* JWTAlgorithmHSTests.m in Sources */,
				0AC8B31D27862B11008C0645 /* JWTAssetAccessor.m in Sources */,
				EC0B567D2358C9FC002EB309 /* JWTClaimsSerializerTests.m in Sources */,
				EC0B567E2358C9FC002EB309 /* JWTAlgorithmNoneTests.m in Sources */,
			);
			runOnlyForDeploymentPostprocessing = 0;
		};
/* End PBXSourcesBuildPhase section */

/* Begin PBXTargetDependency section */
		0A883AAB266D782100DAF016 /* PBXTargetDependency */ = {
			isa = PBXTargetDependency;
			name = JWT;
			targetProxy = 0A883AAA266D782100DAF016 /* PBXContainerItemProxy */;
		};
		0ABF60872114982600222F2D /* PBXTargetDependency */ = {
			isa = PBXTargetDependency;
			name = JWT;
			targetProxy = 0ABF60862114982600222F2D /* PBXContainerItemProxy */;
		};
		0AD47CA621149B9800D2C056 /* PBXTargetDependency */ = {
			isa = PBXTargetDependency;
			name = JWT;
			targetProxy = 0AD47CA521149B9800D2C056 /* PBXContainerItemProxy */;
		};
		EC0B56742358C9FC002EB309 /* PBXTargetDependency */ = {
			isa = PBXTargetDependency;
			name = JWT;
			targetProxy = EC0B56752358C9FC002EB309 /* PBXContainerItemProxy */;
		};
/* End PBXTargetDependency section */

/* Begin XCBuildConfiguration section */
		0451472D1D5E2F93007B1D7A /* Debug */ = {
			isa = XCBuildConfiguration;
			buildSettings = {
				CLANG_ANALYZER_LOCALIZABILITY_NONLOCALIZED = YES;
				CLANG_WARN_BLOCK_CAPTURE_AUTORELEASING = YES;
				CLANG_WARN_BOOL_CONVERSION = YES;
				CLANG_WARN_COMMA = YES;
				CLANG_WARN_CONSTANT_CONVERSION = YES;
				CLANG_WARN_DEPRECATED_OBJC_IMPLEMENTATIONS = YES;
				CLANG_WARN_EMPTY_BODY = YES;
				CLANG_WARN_ENUM_CONVERSION = YES;
				CLANG_WARN_INFINITE_RECURSION = YES;
				CLANG_WARN_INT_CONVERSION = YES;
				CLANG_WARN_NON_LITERAL_NULL_CONVERSION = YES;
				CLANG_WARN_OBJC_IMPLICIT_RETAIN_SELF = YES;
				CLANG_WARN_OBJC_LITERAL_CONVERSION = YES;
				CLANG_WARN_RANGE_LOOP_ANALYSIS = YES;
				CLANG_WARN_STRICT_PROTOTYPES = YES;
				CLANG_WARN_SUSPICIOUS_MOVE = YES;
				CLANG_WARN_UNREACHABLE_CODE = YES;
				CLANG_WARN__DUPLICATE_METHOD_MATCH = YES;
				ENABLE_STRICT_OBJC_MSGSEND = YES;
				ENABLE_TESTABILITY = YES;
				GCC_NO_COMMON_BLOCKS = YES;
				GCC_WARN_64_TO_32_BIT_CONVERSION = YES;
				GCC_WARN_ABOUT_RETURN_TYPE = YES;
				GCC_WARN_UNDECLARED_SELECTOR = YES;
				GCC_WARN_UNINITIALIZED_AUTOS = YES;
				GCC_WARN_UNUSED_FUNCTION = YES;
				GCC_WARN_UNUSED_VARIABLE = YES;
				IPHONEOS_DEPLOYMENT_TARGET = 8.4;
				MACOSX_DEPLOYMENT_TARGET = 10.11;
				ONLY_ACTIVE_ARCH = YES;
			};
			name = Debug;
		};
		0451472E1D5E2F93007B1D7A /* Release */ = {
			isa = XCBuildConfiguration;
			buildSettings = {
				CLANG_ANALYZER_LOCALIZABILITY_NONLOCALIZED = YES;
				CLANG_WARN_BLOCK_CAPTURE_AUTORELEASING = YES;
				CLANG_WARN_BOOL_CONVERSION = YES;
				CLANG_WARN_COMMA = YES;
				CLANG_WARN_CONSTANT_CONVERSION = YES;
				CLANG_WARN_DEPRECATED_OBJC_IMPLEMENTATIONS = YES;
				CLANG_WARN_EMPTY_BODY = YES;
				CLANG_WARN_ENUM_CONVERSION = YES;
				CLANG_WARN_INFINITE_RECURSION = YES;
				CLANG_WARN_INT_CONVERSION = YES;
				CLANG_WARN_NON_LITERAL_NULL_CONVERSION = YES;
				CLANG_WARN_OBJC_IMPLICIT_RETAIN_SELF = YES;
				CLANG_WARN_OBJC_LITERAL_CONVERSION = YES;
				CLANG_WARN_RANGE_LOOP_ANALYSIS = YES;
				CLANG_WARN_STRICT_PROTOTYPES = YES;
				CLANG_WARN_SUSPICIOUS_MOVE = YES;
				CLANG_WARN_UNREACHABLE_CODE = YES;
				CLANG_WARN__DUPLICATE_METHOD_MATCH = YES;
				ENABLE_STRICT_OBJC_MSGSEND = YES;
				GCC_NO_COMMON_BLOCKS = YES;
				GCC_WARN_64_TO_32_BIT_CONVERSION = YES;
				GCC_WARN_ABOUT_RETURN_TYPE = YES;
				GCC_WARN_UNDECLARED_SELECTOR = YES;
				GCC_WARN_UNINITIALIZED_AUTOS = YES;
				GCC_WARN_UNUSED_FUNCTION = YES;
				GCC_WARN_UNUSED_VARIABLE = YES;
				IPHONEOS_DEPLOYMENT_TARGET = 8.4;
				MACOSX_DEPLOYMENT_TARGET = 10.11;
			};
			name = Release;
		};
		0451473A1D5E2FF0007B1D7A /* Debug */ = {
			isa = XCBuildConfiguration;
			buildSettings = {
				ALWAYS_SEARCH_USER_PATHS = NO;
				CLANG_ANALYZER_NONNULL = YES;
				CLANG_CXX_LANGUAGE_STANDARD = "gnu++0x";
				CLANG_CXX_LIBRARY = "libc++";
				CLANG_ENABLE_MODULES = YES;
				CLANG_ENABLE_OBJC_ARC = YES;
				CLANG_WARN_BOOL_CONVERSION = YES;
				CLANG_WARN_CONSTANT_CONVERSION = YES;
				CLANG_WARN_DIRECT_OBJC_ISA_USAGE = YES_ERROR;
				CLANG_WARN_EMPTY_BODY = YES;
				CLANG_WARN_ENUM_CONVERSION = YES;
				CLANG_WARN_INT_CONVERSION = YES;
				CLANG_WARN_OBJC_ROOT_CLASS = YES_ERROR;
				CLANG_WARN_UNREACHABLE_CODE = YES;
				CLANG_WARN__DUPLICATE_METHOD_MATCH = YES;
				CODE_SIGN_IDENTITY = "iPhone Developer";
				"CODE_SIGN_IDENTITY[sdk=iphoneos*]" = "iPhone Developer";
				CODE_SIGN_STYLE = Automatic;
				COPY_PHASE_STRIP = NO;
				DEBUG_INFORMATION_FORMAT = dwarf;
				DEVELOPMENT_TEAM = "";
				ENABLE_STRICT_OBJC_MSGSEND = YES;
				ENABLE_TESTABILITY = YES;
				GCC_C_LANGUAGE_STANDARD = gnu99;
				GCC_DYNAMIC_NO_PIC = NO;
				GCC_NO_COMMON_BLOCKS = YES;
				GCC_OPTIMIZATION_LEVEL = 0;
				GCC_PREPROCESSOR_DEFINITIONS = (
					"DEBUG=1",
					"$(inherited)",
				);
				GCC_WARN_64_TO_32_BIT_CONVERSION = YES;
				GCC_WARN_ABOUT_RETURN_TYPE = YES_ERROR;
				GCC_WARN_UNDECLARED_SELECTOR = YES;
				GCC_WARN_UNINITIALIZED_AUTOS = YES_AGGRESSIVE;
				GCC_WARN_UNUSED_FUNCTION = YES;
				GCC_WARN_UNUSED_VARIABLE = YES;
				INFOPLIST_FILE = iOS_Tests/Info.plist;
				LD_RUNPATH_SEARCH_PATHS = "$(inherited) @executable_path/Frameworks @loader_path/Frameworks";
				MTL_ENABLE_DEBUG_INFO = YES;
				ONLY_ACTIVE_ARCH = YES;
				PRODUCT_BUNDLE_IDENTIFIER = "io.jwt.iOS-Tests";
				PRODUCT_NAME = "$(TARGET_NAME)";
				PROVISIONING_PROFILE_SPECIFIER = "";
				SDKROOT = iphoneos;
				SWIFT_OPTIMIZATION_LEVEL = "-Onone";
				SWIFT_VERSION = 5.0;
			};
			name = Debug;
		};
		0451473B1D5E2FF0007B1D7A /* Release */ = {
			isa = XCBuildConfiguration;
			buildSettings = {
				ALWAYS_SEARCH_USER_PATHS = NO;
				CLANG_ANALYZER_NONNULL = YES;
				CLANG_CXX_LANGUAGE_STANDARD = "gnu++0x";
				CLANG_CXX_LIBRARY = "libc++";
				CLANG_ENABLE_MODULES = YES;
				CLANG_ENABLE_OBJC_ARC = YES;
				CLANG_WARN_BOOL_CONVERSION = YES;
				CLANG_WARN_CONSTANT_CONVERSION = YES;
				CLANG_WARN_DIRECT_OBJC_ISA_USAGE = YES_ERROR;
				CLANG_WARN_EMPTY_BODY = YES;
				CLANG_WARN_ENUM_CONVERSION = YES;
				CLANG_WARN_INT_CONVERSION = YES;
				CLANG_WARN_OBJC_ROOT_CLASS = YES_ERROR;
				CLANG_WARN_UNREACHABLE_CODE = YES;
				CLANG_WARN__DUPLICATE_METHOD_MATCH = YES;
				CODE_SIGN_IDENTITY = "iPhone Developer";
				"CODE_SIGN_IDENTITY[sdk=iphoneos*]" = "iPhone Developer";
				CODE_SIGN_STYLE = Automatic;
				COPY_PHASE_STRIP = NO;
				DEBUG_INFORMATION_FORMAT = "dwarf-with-dsym";
				DEVELOPMENT_TEAM = "";
				ENABLE_NS_ASSERTIONS = NO;
				ENABLE_STRICT_OBJC_MSGSEND = YES;
				GCC_C_LANGUAGE_STANDARD = gnu99;
				GCC_NO_COMMON_BLOCKS = YES;
				GCC_WARN_64_TO_32_BIT_CONVERSION = YES;
				GCC_WARN_ABOUT_RETURN_TYPE = YES_ERROR;
				GCC_WARN_UNDECLARED_SELECTOR = YES;
				GCC_WARN_UNINITIALIZED_AUTOS = YES_AGGRESSIVE;
				GCC_WARN_UNUSED_FUNCTION = YES;
				GCC_WARN_UNUSED_VARIABLE = YES;
				INFOPLIST_FILE = iOS_Tests/Info.plist;
				LD_RUNPATH_SEARCH_PATHS = "$(inherited) @executable_path/Frameworks @loader_path/Frameworks";
				MTL_ENABLE_DEBUG_INFO = NO;
				PRODUCT_BUNDLE_IDENTIFIER = "io.jwt.iOS-Tests";
				PRODUCT_NAME = "$(TARGET_NAME)";
				PROVISIONING_PROFILE_SPECIFIER = "";
				SDKROOT = iphoneos;
				SWIFT_VERSION = 5.0;
				VALIDATE_PRODUCT = YES;
			};
			name = Release;
		};
		045147461D5E3004007B1D7A /* Debug */ = {
			isa = XCBuildConfiguration;
			buildSettings = {
				ALWAYS_SEARCH_USER_PATHS = NO;
				CLANG_ANALYZER_NONNULL = YES;
				CLANG_CXX_LANGUAGE_STANDARD = "gnu++0x";
				CLANG_CXX_LIBRARY = "libc++";
				CLANG_ENABLE_MODULES = YES;
				CLANG_ENABLE_OBJC_ARC = YES;
				CLANG_WARN_BOOL_CONVERSION = YES;
				CLANG_WARN_CONSTANT_CONVERSION = YES;
				CLANG_WARN_DIRECT_OBJC_ISA_USAGE = YES_ERROR;
				CLANG_WARN_EMPTY_BODY = YES;
				CLANG_WARN_ENUM_CONVERSION = YES;
				CLANG_WARN_INT_CONVERSION = YES;
				CLANG_WARN_OBJC_ROOT_CLASS = YES_ERROR;
				CLANG_WARN_UNREACHABLE_CODE = YES;
				CLANG_WARN__DUPLICATE_METHOD_MATCH = YES;
				CODE_SIGN_IDENTITY = "-";
				COMBINE_HIDPI_IMAGES = YES;
				COPY_PHASE_STRIP = NO;
				DEBUG_INFORMATION_FORMAT = dwarf;
				ENABLE_STRICT_OBJC_MSGSEND = YES;
				ENABLE_TESTABILITY = YES;
				GCC_C_LANGUAGE_STANDARD = gnu99;
				GCC_DYNAMIC_NO_PIC = NO;
				GCC_NO_COMMON_BLOCKS = YES;
				GCC_OPTIMIZATION_LEVEL = 0;
				GCC_PREPROCESSOR_DEFINITIONS = (
					"DEBUG=1",
					"$(inherited)",
				);
				GCC_WARN_64_TO_32_BIT_CONVERSION = YES;
				GCC_WARN_ABOUT_RETURN_TYPE = YES_ERROR;
				GCC_WARN_UNDECLARED_SELECTOR = YES;
				GCC_WARN_UNINITIALIZED_AUTOS = YES_AGGRESSIVE;
				GCC_WARN_UNUSED_FUNCTION = YES;
				GCC_WARN_UNUSED_VARIABLE = YES;
				INFOPLIST_FILE = macOS_Tests/Info.plist;
				LD_RUNPATH_SEARCH_PATHS = "$(inherited) @executable_path/../Frameworks @loader_path/../Frameworks";
				MTL_ENABLE_DEBUG_INFO = YES;
				ONLY_ACTIVE_ARCH = YES;
				PRODUCT_BUNDLE_IDENTIFIER = "io.jwt.macOS-Tests";
				PRODUCT_NAME = "$(TARGET_NAME)";
				SDKROOT = macosx;
				SWIFT_OPTIMIZATION_LEVEL = "-Onone";
				SWIFT_VERSION = 5.0;
			};
			name = Debug;
		};
		045147471D5E3004007B1D7A /* Release */ = {
			isa = XCBuildConfiguration;
			buildSettings = {
				ALWAYS_SEARCH_USER_PATHS = NO;
				CLANG_ANALYZER_NONNULL = YES;
				CLANG_CXX_LANGUAGE_STANDARD = "gnu++0x";
				CLANG_CXX_LIBRARY = "libc++";
				CLANG_ENABLE_MODULES = YES;
				CLANG_ENABLE_OBJC_ARC = YES;
				CLANG_WARN_BOOL_CONVERSION = YES;
				CLANG_WARN_CONSTANT_CONVERSION = YES;
				CLANG_WARN_DIRECT_OBJC_ISA_USAGE = YES_ERROR;
				CLANG_WARN_EMPTY_BODY = YES;
				CLANG_WARN_ENUM_CONVERSION = YES;
				CLANG_WARN_INT_CONVERSION = YES;
				CLANG_WARN_OBJC_ROOT_CLASS = YES_ERROR;
				CLANG_WARN_UNREACHABLE_CODE = YES;
				CLANG_WARN__DUPLICATE_METHOD_MATCH = YES;
				CODE_SIGN_IDENTITY = "-";
				COMBINE_HIDPI_IMAGES = YES;
				COPY_PHASE_STRIP = NO;
				DEBUG_INFORMATION_FORMAT = "dwarf-with-dsym";
				ENABLE_NS_ASSERTIONS = NO;
				ENABLE_STRICT_OBJC_MSGSEND = YES;
				GCC_C_LANGUAGE_STANDARD = gnu99;
				GCC_NO_COMMON_BLOCKS = YES;
				GCC_WARN_64_TO_32_BIT_CONVERSION = YES;
				GCC_WARN_ABOUT_RETURN_TYPE = YES_ERROR;
				GCC_WARN_UNDECLARED_SELECTOR = YES;
				GCC_WARN_UNINITIALIZED_AUTOS = YES_AGGRESSIVE;
				GCC_WARN_UNUSED_FUNCTION = YES;
				GCC_WARN_UNUSED_VARIABLE = YES;
				INFOPLIST_FILE = macOS_Tests/Info.plist;
				LD_RUNPATH_SEARCH_PATHS = "$(inherited) @executable_path/../Frameworks @loader_path/../Frameworks";
				MTL_ENABLE_DEBUG_INFO = NO;
				PRODUCT_BUNDLE_IDENTIFIER = "io.jwt.macOS-Tests";
				PRODUCT_NAME = "$(TARGET_NAME)";
				SDKROOT = macosx;
				SWIFT_VERSION = 5.0;
			};
			name = Release;
		};
		0A883A91266D660500DAF016 /* Debug */ = {
			isa = XCBuildConfiguration;
			buildSettings = {
				ALWAYS_SEARCH_USER_PATHS = NO;
				CLANG_ANALYZER_NONNULL = YES;
				CLANG_ANALYZER_NUMBER_OBJECT_CONVERSION = YES_AGGRESSIVE;
				CLANG_CXX_LANGUAGE_STANDARD = "gnu++14";
				CLANG_CXX_LIBRARY = "libc++";
				CLANG_ENABLE_MODULES = YES;
				CLANG_ENABLE_OBJC_ARC = YES;
				CLANG_ENABLE_OBJC_WEAK = YES;
				CLANG_WARN_DIRECT_OBJC_ISA_USAGE = YES_ERROR;
				CLANG_WARN_DOCUMENTATION_COMMENTS = YES;
				CLANG_WARN_OBJC_ROOT_CLASS = YES_ERROR;
				CLANG_WARN_QUOTED_INCLUDE_IN_FRAMEWORK_HEADER = YES;
				CLANG_WARN_UNGUARDED_AVAILABILITY = YES_AGGRESSIVE;
				CODE_SIGN_STYLE = Automatic;
				COPY_PHASE_STRIP = NO;
				DEBUG_INFORMATION_FORMAT = dwarf;
				GCC_C_LANGUAGE_STANDARD = gnu11;
				GCC_DYNAMIC_NO_PIC = NO;
				GCC_OPTIMIZATION_LEVEL = 0;
				GCC_PREPROCESSOR_DEFINITIONS = (
					"DEBUG=1",
					"$(inherited)",
				);
				GCC_WARN_ABOUT_RETURN_TYPE = YES_ERROR;
				GCC_WARN_UNINITIALIZED_AUTOS = YES_AGGRESSIVE;
				INFOPLIST_FILE = watchOS_Tests/Info.plist;
				LD_RUNPATH_SEARCH_PATHS = "$(inherited) @executable_path/Frameworks @loader_path/Frameworks";
				MTL_ENABLE_DEBUG_INFO = INCLUDE_SOURCE;
				MTL_FAST_MATH = YES;
				PRODUCT_BUNDLE_IDENTIFIER = "org.opensource.watchOS-Tests";
				PRODUCT_NAME = "$(TARGET_NAME)";
				SDKROOT = watchos;
				SWIFT_OPTIMIZATION_LEVEL = "-Onone";
				SWIFT_VERSION = 5.0;
				TARGETED_DEVICE_FAMILY = 4;
				WATCHOS_DEPLOYMENT_TARGET = 7.4;
			};
			name = Debug;
		};
		0A883A92266D660500DAF016 /* Release */ = {
			isa = XCBuildConfiguration;
			buildSettings = {
				ALWAYS_SEARCH_USER_PATHS = NO;
				CLANG_ANALYZER_NONNULL = YES;
				CLANG_ANALYZER_NUMBER_OBJECT_CONVERSION = YES_AGGRESSIVE;
				CLANG_CXX_LANGUAGE_STANDARD = "gnu++14";
				CLANG_CXX_LIBRARY = "libc++";
				CLANG_ENABLE_MODULES = YES;
				CLANG_ENABLE_OBJC_ARC = YES;
				CLANG_ENABLE_OBJC_WEAK = YES;
				CLANG_WARN_DIRECT_OBJC_ISA_USAGE = YES_ERROR;
				CLANG_WARN_DOCUMENTATION_COMMENTS = YES;
				CLANG_WARN_OBJC_ROOT_CLASS = YES_ERROR;
				CLANG_WARN_QUOTED_INCLUDE_IN_FRAMEWORK_HEADER = YES;
				CLANG_WARN_UNGUARDED_AVAILABILITY = YES_AGGRESSIVE;
				CODE_SIGN_STYLE = Automatic;
				COPY_PHASE_STRIP = NO;
				DEBUG_INFORMATION_FORMAT = "dwarf-with-dsym";
				ENABLE_NS_ASSERTIONS = NO;
				GCC_C_LANGUAGE_STANDARD = gnu11;
				GCC_WARN_ABOUT_RETURN_TYPE = YES_ERROR;
				GCC_WARN_UNINITIALIZED_AUTOS = YES_AGGRESSIVE;
				INFOPLIST_FILE = watchOS_Tests/Info.plist;
				LD_RUNPATH_SEARCH_PATHS = "$(inherited) @executable_path/Frameworks @loader_path/Frameworks";
				MTL_ENABLE_DEBUG_INFO = NO;
				MTL_FAST_MATH = YES;
				PRODUCT_BUNDLE_IDENTIFIER = "org.opensource.watchOS-Tests";
				PRODUCT_NAME = "$(TARGET_NAME)";
				SDKROOT = watchos;
				SWIFT_VERSION = 5.0;
				TARGETED_DEVICE_FAMILY = 4;
				VALIDATE_PRODUCT = YES;
				WATCHOS_DEPLOYMENT_TARGET = 7.4;
			};
			name = Release;
		};
		EC0B56912358C9FC002EB309 /* Debug */ = {
			isa = XCBuildConfiguration;
			buildSettings = {
				ALWAYS_SEARCH_USER_PATHS = NO;
				CLANG_ANALYZER_NONNULL = YES;
				CLANG_CXX_LANGUAGE_STANDARD = "gnu++0x";
				CLANG_CXX_LIBRARY = "libc++";
				CLANG_ENABLE_MODULES = YES;
				CLANG_ENABLE_OBJC_ARC = YES;
				CLANG_WARN_BOOL_CONVERSION = YES;
				CLANG_WARN_CONSTANT_CONVERSION = YES;
				CLANG_WARN_DIRECT_OBJC_ISA_USAGE = YES_ERROR;
				CLANG_WARN_EMPTY_BODY = YES;
				CLANG_WARN_ENUM_CONVERSION = YES;
				CLANG_WARN_INT_CONVERSION = YES;
				CLANG_WARN_OBJC_ROOT_CLASS = YES_ERROR;
				CLANG_WARN_UNREACHABLE_CODE = YES;
				CLANG_WARN__DUPLICATE_METHOD_MATCH = YES;
				CODE_SIGN_IDENTITY = "iPhone Developer";
				"CODE_SIGN_IDENTITY[sdk=iphoneos*]" = "iPhone Developer";
				CODE_SIGN_STYLE = Automatic;
				COPY_PHASE_STRIP = NO;
				DEBUG_INFORMATION_FORMAT = dwarf;
				DEVELOPMENT_TEAM = "";
				ENABLE_STRICT_OBJC_MSGSEND = YES;
				ENABLE_TESTABILITY = YES;
				GCC_C_LANGUAGE_STANDARD = gnu99;
				GCC_DYNAMIC_NO_PIC = NO;
				GCC_NO_COMMON_BLOCKS = YES;
				GCC_OPTIMIZATION_LEVEL = 0;
				GCC_PREPROCESSOR_DEFINITIONS = (
					"DEBUG=1",
					"$(inherited)",
				);
				GCC_WARN_64_TO_32_BIT_CONVERSION = YES;
				GCC_WARN_ABOUT_RETURN_TYPE = YES_ERROR;
				GCC_WARN_UNDECLARED_SELECTOR = YES;
				GCC_WARN_UNINITIALIZED_AUTOS = YES_AGGRESSIVE;
				GCC_WARN_UNUSED_FUNCTION = YES;
				GCC_WARN_UNUSED_VARIABLE = YES;
				INFOPLIST_FILE = tvOS_Tests/Info.plist;
				LD_RUNPATH_SEARCH_PATHS = "$(inherited) @executable_path/Frameworks @loader_path/Frameworks";
				MTL_ENABLE_DEBUG_INFO = YES;
				ONLY_ACTIVE_ARCH = YES;
				PRODUCT_BUNDLE_IDENTIFIER = "io.jwt.tvOS-Tests";
				PRODUCT_NAME = "$(TARGET_NAME)";
				PROVISIONING_PROFILE_SPECIFIER = "";
				SDKROOT = appletvos;
				SWIFT_OPTIMIZATION_LEVEL = "-Onone";
				SWIFT_VERSION = 5.0;
			};
			name = Debug;
		};
		EC0B56922358C9FC002EB309 /* Release */ = {
			isa = XCBuildConfiguration;
			buildSettings = {
				ALWAYS_SEARCH_USER_PATHS = NO;
				CLANG_ANALYZER_NONNULL = YES;
				CLANG_CXX_LANGUAGE_STANDARD = "gnu++0x";
				CLANG_CXX_LIBRARY = "libc++";
				CLANG_ENABLE_MODULES = YES;
				CLANG_ENABLE_OBJC_ARC = YES;
				CLANG_WARN_BOOL_CONVERSION = YES;
				CLANG_WARN_CONSTANT_CONVERSION = YES;
				CLANG_WARN_DIRECT_OBJC_ISA_USAGE = YES_ERROR;
				CLANG_WARN_EMPTY_BODY = YES;
				CLANG_WARN_ENUM_CONVERSION = YES;
				CLANG_WARN_INT_CONVERSION = YES;
				CLANG_WARN_OBJC_ROOT_CLASS = YES_ERROR;
				CLANG_WARN_UNREACHABLE_CODE = YES;
				CLANG_WARN__DUPLICATE_METHOD_MATCH = YES;
				CODE_SIGN_IDENTITY = "iPhone Developer";
				"CODE_SIGN_IDENTITY[sdk=iphoneos*]" = "iPhone Developer";
				CODE_SIGN_STYLE = Automatic;
				COPY_PHASE_STRIP = NO;
				DEBUG_INFORMATION_FORMAT = "dwarf-with-dsym";
				DEVELOPMENT_TEAM = "";
				ENABLE_NS_ASSERTIONS = NO;
				ENABLE_STRICT_OBJC_MSGSEND = YES;
				GCC_C_LANGUAGE_STANDARD = gnu99;
				GCC_NO_COMMON_BLOCKS = YES;
				GCC_WARN_64_TO_32_BIT_CONVERSION = YES;
				GCC_WARN_ABOUT_RETURN_TYPE = YES_ERROR;
				GCC_WARN_UNDECLARED_SELECTOR = YES;
				GCC_WARN_UNINITIALIZED_AUTOS = YES_AGGRESSIVE;
				GCC_WARN_UNUSED_FUNCTION = YES;
				GCC_WARN_UNUSED_VARIABLE = YES;
				INFOPLIST_FILE = tvOS_Tests/Info.plist;
				LD_RUNPATH_SEARCH_PATHS = "$(inherited) @executable_path/Frameworks @loader_path/Frameworks";
				MTL_ENABLE_DEBUG_INFO = NO;
				PRODUCT_BUNDLE_IDENTIFIER = "io.jwt.tvOS-Tests";
				PRODUCT_NAME = "$(TARGET_NAME)";
				PROVISIONING_PROFILE_SPECIFIER = "";
				SDKROOT = appletvos;
				SWIFT_VERSION = 5.0;
				VALIDATE_PRODUCT = YES;
			};
			name = Release;
		};
/* End XCBuildConfiguration section */

/* Begin XCConfigurationList section */
		0451472C1D5E2F93007B1D7A /* Build configuration list for PBXProject "Tests" */ = {
			isa = XCConfigurationList;
			buildConfigurations = (
				0451472D1D5E2F93007B1D7A /* Debug */,
				0451472E1D5E2F93007B1D7A /* Release */,
			);
			defaultConfigurationIsVisible = 0;
			defaultConfigurationName = Release;
		};
		045147391D5E2FF0007B1D7A /* Build configuration list for PBXNativeTarget "iOS_Tests" */ = {
			isa = XCConfigurationList;
			buildConfigurations = (
				0451473A1D5E2FF0007B1D7A /* Debug */,
				0451473B1D5E2FF0007B1D7A /* Release */,
			);
			defaultConfigurationIsVisible = 0;
			defaultConfigurationName = Release;
		};
		045147451D5E3004007B1D7A /* Build configuration list for PBXNativeTarget "macOS_Tests" */ = {
			isa = XCConfigurationList;
			buildConfigurations = (
				045147461D5E3004007B1D7A /* Debug */,
				045147471D5E3004007B1D7A /* Release */,
			);
			defaultConfigurationIsVisible = 0;
			defaultConfigurationName = Release;
		};
		0A883A90266D660500DAF016 /* Build configuration list for PBXNativeTarget "watchOS_Tests" */ = {
			isa = XCConfigurationList;
			buildConfigurations = (
				0A883A91266D660500DAF016 /* Debug */,
				0A883A92266D660500DAF016 /* Release */,
			);
			defaultConfigurationIsVisible = 0;
			defaultConfigurationName = Release;
		};
		EC0B56902358C9FC002EB309 /* Build configuration list for PBXNativeTarget "tvOS_Tests" */ = {
			isa = XCConfigurationList;
			buildConfigurations = (
				EC0B56912358C9FC002EB309 /* Debug */,
				EC0B56922358C9FC002EB309 /* Release */,
			);
			defaultConfigurationIsVisible = 0;
			defaultConfigurationName = Release;
		};
/* End XCConfigurationList section */
	};
	rootObject = 045147291D5E2F93007B1D7A /* Project object */;
}
